
Microsoft Visual Studio Solution File, Format Version 12.00
# Visual Studio 14
VisualStudioVersion = 14.0.24720.0
MinimumVisualStudioVersion = 10.0.40219.1
Project("{2150E333-8FDC-42A3-9474-1A3956D46DE8}") = "NET", "NET", "{DC6AA69C-A27C-4FE5-96E7-5D9B1575F52D}"
EndProject
Project("{2150E333-8FDC-42A3-9474-1A3956D46DE8}") = "MATLAB", "MATLAB", "{2FF8142F-1D57-4C65-8B92-FDC05B1807A4}"
EndProject
Project("{2150E333-8FDC-42A3-9474-1A3956D46DE8}") = "API", "API", "{C8E8A7CF-DE33-4726-9A4D-EDD44B2E21AC}"
EndProject
Project("{8BC9CEB8-8B4A-11D0-8D11-00A0C91BC942}") = "Treehopper", "MATLAB\API\Treehopper\Treehopper.vcxproj", "{A0972348-87D1-4799-8320-EAEE2A8C757E}"
EndProject
Project("{2150E333-8FDC-42A3-9474-1A3956D46DE8}") = "C++", "C++", "{14C61884-5954-4927-BF72-FE5242166E82}"
EndProject
Project("{2150E333-8FDC-42A3-9474-1A3956D46DE8}") = "API", "API", "{5E3C7568-0F30-49C6-988C-8A5BC079FEDA}"
EndProject
Project("{2150E333-8FDC-42A3-9474-1A3956D46DE8}") = "Demos", "Demos", "{D335D125-3FFD-4DF4-98D1-ADA577E84DBB}"
EndProject
Project("{8BC9CEB8-8B4A-11D0-8D11-00A0C91BC942}") = "Blink", "C++\Demos\Blink\Blink.vcxproj", "{94B38DC9-ECC0-4FA3-9E69-5BA5F57C7851}"
EndProject
Project("{8BC9CEB8-8B4A-11D0-8D11-00A0C91BC942}") = "BlinkStaticLink", "C++\Demos\BlinkStaticLink\BlinkStaticLink.vcxproj", "{6985D545-2E56-4F48-8839-A2BC66B6FCCA}"
EndProject
Project("{2150E333-8FDC-42A3-9474-1A3956D46DE8}") = "Documentation", "Documentation", "{6AAACE9F-DE36-40A6-97B0-91324D931CF3}"
EndProject
Project("{7CF6DF6D-3B04-46F8-A40B-537D21BCA0B4}") = "TreehopperDocumentation", "Documentation\TreehopperDocumentation.shfbproj", "{EB069DCA-B097-4240-9E50-3880ECCACEB2}"
EndProject
Project("{2150E333-8FDC-42A3-9474-1A3956D46DE8}") = "API", "API", "{837CBB0D-9706-4DDC-B190-B33315035A1A}"
EndProject
Project("{FAE04EC0-301F-11D3-BF4B-00C04F79EFBC}") = "Treehopper.Win32", "NET\API\Treehopper.Win32\Treehopper.Win32.csproj", "{BEDE3A84-FD3A-4EA8-A14A-FB856A157CCD}"
EndProject
Project("{FAE04EC0-301F-11D3-BF4B-00C04F79EFBC}") = "Treehopper.MVVM", "NET\API\Treehopper.MVVM\Treehopper.MVVM.csproj", "{41E80DEE-6FCA-4EDA-B7C4-40EA5F829DAD}"
EndProject
Project("{2150E333-8FDC-42A3-9474-1A3956D46DE8}") = "Demos", "Demos", "{70EC5198-6773-4934-B90A-C4E47C9B6DAE}"
EndProject
Project("{2150E333-8FDC-42A3-9474-1A3956D46DE8}") = "UWP", "UWP", "{9ADE14EB-1EFC-486C-833C-B08D3BEDA4E5}"
EndProject
Project("{2150E333-8FDC-42A3-9474-1A3956D46DE8}") = "Console", "Console", "{AD4D3601-528E-42B9-B3DE-D28D88C0B325}"
EndProject
Project("{2150E333-8FDC-42A3-9474-1A3956D46DE8}") = "WPF", "WPF", "{39EBBCA8-1435-455B-B8C5-2D823203FB8E}"
EndProject
Project("{2150E333-8FDC-42A3-9474-1A3956D46DE8}") = "Android", "Android", "{1DE6BF69-B056-4216-AF01-CCCE8DCEED17}"
EndProject
Project("{FAE04EC0-301F-11D3-BF4B-00C04F79EFBC}") = "SoftPwm", "NET\Demos\Console\SoftPwm\SoftPwm.csproj", "{3F2FE187-564C-452F-A3B5-55DAC3A0937F}"
EndProject
Project("{FAE04EC0-301F-11D3-BF4B-00C04F79EFBC}") = "AnalogRead", "NET\Demos\Console\AnalogRead\AnalogRead.csproj", "{B1618CC5-A581-42BB-ADBB-C6245FC91664}"
EndProject
Project("{FAE04EC0-301F-11D3-BF4B-00C04F79EFBC}") = "Blink", "NET\Demos\Console\Blink\Blink.csproj", "{0B31B46E-F378-42D6-9BD2-2D288E3EE7F4}"
EndProject
Project("{FAE04EC0-301F-11D3-BF4B-00C04F79EFBC}") = "Pwm", "NET\Demos\Console\PwmFade\Pwm.csproj", "{A9DAA73D-FE45-4DD0-9CB7-B7892A3DB024}"
EndProject
Project("{FAE04EC0-301F-11D3-BF4B-00C04F79EFBC}") = "HobbyServo", "NET\Demos\Console\HobbyServo\HobbyServo.csproj", "{F3A41641-6FC8-43FD-939F-1A8B8BBCBE55}"
EndProject
Project("{FAE04EC0-301F-11D3-BF4B-00C04F79EFBC}") = "TreehopperShowcase", "NET\Demos\UWP\TreehopperShowcase\TreehopperShowcase.csproj", "{72CE629F-EC54-48EA-ABCC-27C6BB590AFB}"
EndProject
Project("{FAE04EC0-301F-11D3-BF4B-00C04F79EFBC}") = "Treehopper.WPF", "NET\API\Treehopper.WPF\Treehopper.WPF.csproj", "{B9FA9617-FFAF-45E0-95FF-96FF5CDAFBFA}"
EndProject
Project("{FAE04EC0-301F-11D3-BF4B-00C04F79EFBC}") = "Treehopper", "NET\API\Treehopper\Treehopper.csproj", "{BFE6AF54-94ED-4808-827D-64A54612D8AD}"
EndProject
Project("{FAE04EC0-301F-11D3-BF4B-00C04F79EFBC}") = "Treehopper.UWP", "NET\API\Treehopper.UWP\Treehopper.UWP.csproj", "{F85FFD61-CEC5-420E-A521-31C475580CAD}"
EndProject
Project("{2150E333-8FDC-42A3-9474-1A3956D46DE8}") = "NuGet", "NuGet", "{0BA70C99-DE78-4E51-8159-12CC3C9E8656}"
EndProject
Project("{FF286327-C783-4F7A-AB73-9BCBAD0D4460}") = "Treehopper.UWP", "NuGet\Treehopper.UWP\Treehopper.UWP.nuproj", "{BF47946E-5F0C-4B62-B9A7-F6F984570E33}"
EndProject
Project("{FF286327-C783-4F7A-AB73-9BCBAD0D4460}") = "Treehopper", "NuGet\Treehopper\Treehopper.nuproj", "{F89549A7-34E9-4B53-8446-B8BA48A8C1E2}"
EndProject
Global
	GlobalSection(SolutionConfigurationPlatforms) = preSolution
		CD_ROM|Any CPU = CD_ROM|Any CPU
		CD_ROM|ARM = CD_ROM|ARM
		CD_ROM|Mixed Platforms = CD_ROM|Mixed Platforms
		CD_ROM|Win32 = CD_ROM|Win32
		CD_ROM|x64 = CD_ROM|x64
		CD_ROM|x86 = CD_ROM|x86
		Debug|Any CPU = Debug|Any CPU
		Debug|ARM = Debug|ARM
		Debug|Mixed Platforms = Debug|Mixed Platforms
		Debug|Win32 = Debug|Win32
		Debug|x64 = Debug|x64
		Debug|x86 = Debug|x86
		DVD-5|Any CPU = DVD-5|Any CPU
		DVD-5|ARM = DVD-5|ARM
		DVD-5|Mixed Platforms = DVD-5|Mixed Platforms
		DVD-5|Win32 = DVD-5|Win32
		DVD-5|x64 = DVD-5|x64
		DVD-5|x86 = DVD-5|x86
		Release|Any CPU = Release|Any CPU
		Release|ARM = Release|ARM
		Release|Mixed Platforms = Release|Mixed Platforms
		Release|Win32 = Release|Win32
		Release|x64 = Release|x64
		Release|x86 = Release|x86
		SingleImage|Any CPU = SingleImage|Any CPU
		SingleImage|ARM = SingleImage|ARM
		SingleImage|Mixed Platforms = SingleImage|Mixed Platforms
		SingleImage|Win32 = SingleImage|Win32
		SingleImage|x64 = SingleImage|x64
		SingleImage|x86 = SingleImage|x86
	EndGlobalSection
	GlobalSection(ProjectConfigurationPlatforms) = postSolution
		{A0972348-87D1-4799-8320-EAEE2A8C757E}.CD_ROM|Any CPU.ActiveCfg = Release|Win32
		{A0972348-87D1-4799-8320-EAEE2A8C757E}.CD_ROM|ARM.ActiveCfg = Release|x64
		{A0972348-87D1-4799-8320-EAEE2A8C757E}.CD_ROM|ARM.Build.0 = Release|x64
		{A0972348-87D1-4799-8320-EAEE2A8C757E}.CD_ROM|Mixed Platforms.ActiveCfg = Release|Win32
		{A0972348-87D1-4799-8320-EAEE2A8C757E}.CD_ROM|Mixed Platforms.Build.0 = Release|Win32
		{A0972348-87D1-4799-8320-EAEE2A8C757E}.CD_ROM|Win32.ActiveCfg = Release|Win32
		{A0972348-87D1-4799-8320-EAEE2A8C757E}.CD_ROM|Win32.Build.0 = Release|Win32
		{A0972348-87D1-4799-8320-EAEE2A8C757E}.CD_ROM|x64.ActiveCfg = Release|Win32
		{A0972348-87D1-4799-8320-EAEE2A8C757E}.CD_ROM|x86.ActiveCfg = Release|Win32
		{A0972348-87D1-4799-8320-EAEE2A8C757E}.CD_ROM|x86.Build.0 = Release|Win32
		{A0972348-87D1-4799-8320-EAEE2A8C757E}.Debug|Any CPU.ActiveCfg = Debug|Win32
		{A0972348-87D1-4799-8320-EAEE2A8C757E}.Debug|ARM.ActiveCfg = Debug|Win32
		{A0972348-87D1-4799-8320-EAEE2A8C757E}.Debug|Mixed Platforms.ActiveCfg = Debug|Win32
		{A0972348-87D1-4799-8320-EAEE2A8C757E}.Debug|Win32.ActiveCfg = Debug|Win32
		{A0972348-87D1-4799-8320-EAEE2A8C757E}.Debug|Win32.Build.0 = Debug|Win32
		{A0972348-87D1-4799-8320-EAEE2A8C757E}.Debug|x64.ActiveCfg = Debug|x64
		{A0972348-87D1-4799-8320-EAEE2A8C757E}.Debug|x64.Build.0 = Debug|x64
		{A0972348-87D1-4799-8320-EAEE2A8C757E}.Debug|x86.ActiveCfg = Debug|Win32
		{A0972348-87D1-4799-8320-EAEE2A8C757E}.Debug|x86.Build.0 = Debug|Win32
		{A0972348-87D1-4799-8320-EAEE2A8C757E}.DVD-5|Any CPU.ActiveCfg = Debug|Win32
		{A0972348-87D1-4799-8320-EAEE2A8C757E}.DVD-5|ARM.ActiveCfg = Release|x64
		{A0972348-87D1-4799-8320-EAEE2A8C757E}.DVD-5|ARM.Build.0 = Release|x64
		{A0972348-87D1-4799-8320-EAEE2A8C757E}.DVD-5|Mixed Platforms.ActiveCfg = Debug|Win32
		{A0972348-87D1-4799-8320-EAEE2A8C757E}.DVD-5|Mixed Platforms.Build.0 = Debug|Win32
		{A0972348-87D1-4799-8320-EAEE2A8C757E}.DVD-5|Win32.ActiveCfg = Debug|Win32
		{A0972348-87D1-4799-8320-EAEE2A8C757E}.DVD-5|Win32.Build.0 = Debug|Win32
		{A0972348-87D1-4799-8320-EAEE2A8C757E}.DVD-5|x64.ActiveCfg = Debug|Win32
		{A0972348-87D1-4799-8320-EAEE2A8C757E}.DVD-5|x86.ActiveCfg = Debug|Win32
		{A0972348-87D1-4799-8320-EAEE2A8C757E}.DVD-5|x86.Build.0 = Debug|Win32
		{A0972348-87D1-4799-8320-EAEE2A8C757E}.Release|Any CPU.ActiveCfg = Release|Win32
		{A0972348-87D1-4799-8320-EAEE2A8C757E}.Release|ARM.ActiveCfg = Release|Win32
		{A0972348-87D1-4799-8320-EAEE2A8C757E}.Release|Mixed Platforms.ActiveCfg = Release|Win32
		{A0972348-87D1-4799-8320-EAEE2A8C757E}.Release|Mixed Platforms.Build.0 = Release|Win32
		{A0972348-87D1-4799-8320-EAEE2A8C757E}.Release|Win32.ActiveCfg = Release|Win32
		{A0972348-87D1-4799-8320-EAEE2A8C757E}.Release|Win32.Build.0 = Release|Win32
		{A0972348-87D1-4799-8320-EAEE2A8C757E}.Release|x64.ActiveCfg = Release|Win32
		{A0972348-87D1-4799-8320-EAEE2A8C757E}.Release|x86.ActiveCfg = Release|Win32
		{A0972348-87D1-4799-8320-EAEE2A8C757E}.Release|x86.Build.0 = Release|Win32
		{A0972348-87D1-4799-8320-EAEE2A8C757E}.SingleImage|Any CPU.ActiveCfg = Release|Win32
		{A0972348-87D1-4799-8320-EAEE2A8C757E}.SingleImage|ARM.ActiveCfg = Release|x64
		{A0972348-87D1-4799-8320-EAEE2A8C757E}.SingleImage|ARM.Build.0 = Release|x64
		{A0972348-87D1-4799-8320-EAEE2A8C757E}.SingleImage|Mixed Platforms.ActiveCfg = Release|Win32
		{A0972348-87D1-4799-8320-EAEE2A8C757E}.SingleImage|Mixed Platforms.Build.0 = Release|Win32
		{A0972348-87D1-4799-8320-EAEE2A8C757E}.SingleImage|Win32.ActiveCfg = Release|Win32
		{A0972348-87D1-4799-8320-EAEE2A8C757E}.SingleImage|Win32.Build.0 = Release|Win32
		{A0972348-87D1-4799-8320-EAEE2A8C757E}.SingleImage|x64.ActiveCfg = Release|Win32
		{A0972348-87D1-4799-8320-EAEE2A8C757E}.SingleImage|x86.ActiveCfg = Release|Win32
		{A0972348-87D1-4799-8320-EAEE2A8C757E}.SingleImage|x86.Build.0 = Release|Win32
		{94B38DC9-ECC0-4FA3-9E69-5BA5F57C7851}.CD_ROM|Any CPU.ActiveCfg = Release|Win32
		{94B38DC9-ECC0-4FA3-9E69-5BA5F57C7851}.CD_ROM|ARM.ActiveCfg = Debug|x64
		{94B38DC9-ECC0-4FA3-9E69-5BA5F57C7851}.CD_ROM|ARM.Build.0 = Debug|x64
		{94B38DC9-ECC0-4FA3-9E69-5BA5F57C7851}.CD_ROM|Mixed Platforms.ActiveCfg = Release|Win32
		{94B38DC9-ECC0-4FA3-9E69-5BA5F57C7851}.CD_ROM|Mixed Platforms.Build.0 = Release|Win32
		{94B38DC9-ECC0-4FA3-9E69-5BA5F57C7851}.CD_ROM|Win32.ActiveCfg = Release|Win32
		{94B38DC9-ECC0-4FA3-9E69-5BA5F57C7851}.CD_ROM|Win32.Build.0 = Release|Win32
		{94B38DC9-ECC0-4FA3-9E69-5BA5F57C7851}.CD_ROM|x64.ActiveCfg = Release|x64
		{94B38DC9-ECC0-4FA3-9E69-5BA5F57C7851}.CD_ROM|x64.Build.0 = Release|x64
		{94B38DC9-ECC0-4FA3-9E69-5BA5F57C7851}.CD_ROM|x86.ActiveCfg = Release|Win32
		{94B38DC9-ECC0-4FA3-9E69-5BA5F57C7851}.CD_ROM|x86.Build.0 = Release|Win32
		{94B38DC9-ECC0-4FA3-9E69-5BA5F57C7851}.Debug|Any CPU.ActiveCfg = Debug|Win32
		{94B38DC9-ECC0-4FA3-9E69-5BA5F57C7851}.Debug|ARM.ActiveCfg = Debug|Win32
		{94B38DC9-ECC0-4FA3-9E69-5BA5F57C7851}.Debug|Mixed Platforms.ActiveCfg = Debug|Win32
		{94B38DC9-ECC0-4FA3-9E69-5BA5F57C7851}.Debug|Win32.ActiveCfg = Debug|Win32
		{94B38DC9-ECC0-4FA3-9E69-5BA5F57C7851}.Debug|Win32.Build.0 = Debug|Win32
		{94B38DC9-ECC0-4FA3-9E69-5BA5F57C7851}.Debug|x64.ActiveCfg = Debug|x64
		{94B38DC9-ECC0-4FA3-9E69-5BA5F57C7851}.Debug|x64.Build.0 = Debug|x64
		{94B38DC9-ECC0-4FA3-9E69-5BA5F57C7851}.Debug|x86.ActiveCfg = Debug|Win32
		{94B38DC9-ECC0-4FA3-9E69-5BA5F57C7851}.Debug|x86.Build.0 = Debug|Win32
		{94B38DC9-ECC0-4FA3-9E69-5BA5F57C7851}.DVD-5|Any CPU.ActiveCfg = Debug|Win32
		{94B38DC9-ECC0-4FA3-9E69-5BA5F57C7851}.DVD-5|ARM.ActiveCfg = Debug|x64
		{94B38DC9-ECC0-4FA3-9E69-5BA5F57C7851}.DVD-5|ARM.Build.0 = Debug|x64
		{94B38DC9-ECC0-4FA3-9E69-5BA5F57C7851}.DVD-5|Mixed Platforms.ActiveCfg = Debug|Win32
		{94B38DC9-ECC0-4FA3-9E69-5BA5F57C7851}.DVD-5|Mixed Platforms.Build.0 = Debug|Win32
		{94B38DC9-ECC0-4FA3-9E69-5BA5F57C7851}.DVD-5|Win32.ActiveCfg = Debug|Win32
		{94B38DC9-ECC0-4FA3-9E69-5BA5F57C7851}.DVD-5|Win32.Build.0 = Debug|Win32
		{94B38DC9-ECC0-4FA3-9E69-5BA5F57C7851}.DVD-5|x64.ActiveCfg = Debug|x64
		{94B38DC9-ECC0-4FA3-9E69-5BA5F57C7851}.DVD-5|x64.Build.0 = Debug|x64
		{94B38DC9-ECC0-4FA3-9E69-5BA5F57C7851}.DVD-5|x86.ActiveCfg = Debug|Win32
		{94B38DC9-ECC0-4FA3-9E69-5BA5F57C7851}.DVD-5|x86.Build.0 = Debug|Win32
		{94B38DC9-ECC0-4FA3-9E69-5BA5F57C7851}.Release|Any CPU.ActiveCfg = Release|Win32
		{94B38DC9-ECC0-4FA3-9E69-5BA5F57C7851}.Release|ARM.ActiveCfg = Release|Win32
		{94B38DC9-ECC0-4FA3-9E69-5BA5F57C7851}.Release|Mixed Platforms.ActiveCfg = Release|Win32
		{94B38DC9-ECC0-4FA3-9E69-5BA5F57C7851}.Release|Mixed Platforms.Build.0 = Release|Win32
		{94B38DC9-ECC0-4FA3-9E69-5BA5F57C7851}.Release|Win32.ActiveCfg = Release|Win32
		{94B38DC9-ECC0-4FA3-9E69-5BA5F57C7851}.Release|Win32.Build.0 = Release|Win32
		{94B38DC9-ECC0-4FA3-9E69-5BA5F57C7851}.Release|x64.ActiveCfg = Release|x64
		{94B38DC9-ECC0-4FA3-9E69-5BA5F57C7851}.Release|x64.Build.0 = Release|x64
		{94B38DC9-ECC0-4FA3-9E69-5BA5F57C7851}.Release|x86.ActiveCfg = Release|Win32
		{94B38DC9-ECC0-4FA3-9E69-5BA5F57C7851}.Release|x86.Build.0 = Release|Win32
		{94B38DC9-ECC0-4FA3-9E69-5BA5F57C7851}.SingleImage|Any CPU.ActiveCfg = Release|Win32
		{94B38DC9-ECC0-4FA3-9E69-5BA5F57C7851}.SingleImage|ARM.ActiveCfg = Debug|x64
		{94B38DC9-ECC0-4FA3-9E69-5BA5F57C7851}.SingleImage|ARM.Build.0 = Debug|x64
		{94B38DC9-ECC0-4FA3-9E69-5BA5F57C7851}.SingleImage|Mixed Platforms.ActiveCfg = Release|Win32
		{94B38DC9-ECC0-4FA3-9E69-5BA5F57C7851}.SingleImage|Mixed Platforms.Build.0 = Release|Win32
		{94B38DC9-ECC0-4FA3-9E69-5BA5F57C7851}.SingleImage|Win32.ActiveCfg = Release|Win32
		{94B38DC9-ECC0-4FA3-9E69-5BA5F57C7851}.SingleImage|Win32.Build.0 = Release|Win32
		{94B38DC9-ECC0-4FA3-9E69-5BA5F57C7851}.SingleImage|x64.ActiveCfg = Release|x64
		{94B38DC9-ECC0-4FA3-9E69-5BA5F57C7851}.SingleImage|x64.Build.0 = Release|x64
		{94B38DC9-ECC0-4FA3-9E69-5BA5F57C7851}.SingleImage|x86.ActiveCfg = Release|Win32
		{94B38DC9-ECC0-4FA3-9E69-5BA5F57C7851}.SingleImage|x86.Build.0 = Release|Win32
		{6985D545-2E56-4F48-8839-A2BC66B6FCCA}.CD_ROM|Any CPU.ActiveCfg = Release|Win32
		{6985D545-2E56-4F48-8839-A2BC66B6FCCA}.CD_ROM|ARM.ActiveCfg = Debug|x64
		{6985D545-2E56-4F48-8839-A2BC66B6FCCA}.CD_ROM|ARM.Build.0 = Debug|x64
		{6985D545-2E56-4F48-8839-A2BC66B6FCCA}.CD_ROM|Mixed Platforms.ActiveCfg = Release|Win32
		{6985D545-2E56-4F48-8839-A2BC66B6FCCA}.CD_ROM|Mixed Platforms.Build.0 = Release|Win32
		{6985D545-2E56-4F48-8839-A2BC66B6FCCA}.CD_ROM|Win32.ActiveCfg = Release|Win32
		{6985D545-2E56-4F48-8839-A2BC66B6FCCA}.CD_ROM|Win32.Build.0 = Release|Win32
		{6985D545-2E56-4F48-8839-A2BC66B6FCCA}.CD_ROM|x64.ActiveCfg = Release|x64
		{6985D545-2E56-4F48-8839-A2BC66B6FCCA}.CD_ROM|x64.Build.0 = Release|x64
		{6985D545-2E56-4F48-8839-A2BC66B6FCCA}.CD_ROM|x86.ActiveCfg = Release|Win32
		{6985D545-2E56-4F48-8839-A2BC66B6FCCA}.CD_ROM|x86.Build.0 = Release|Win32
		{6985D545-2E56-4F48-8839-A2BC66B6FCCA}.Debug|Any CPU.ActiveCfg = Debug|Win32
		{6985D545-2E56-4F48-8839-A2BC66B6FCCA}.Debug|ARM.ActiveCfg = Debug|Win32
		{6985D545-2E56-4F48-8839-A2BC66B6FCCA}.Debug|Mixed Platforms.ActiveCfg = Debug|Win32
		{6985D545-2E56-4F48-8839-A2BC66B6FCCA}.Debug|Win32.ActiveCfg = Debug|Win32
		{6985D545-2E56-4F48-8839-A2BC66B6FCCA}.Debug|Win32.Build.0 = Debug|Win32
		{6985D545-2E56-4F48-8839-A2BC66B6FCCA}.Debug|x64.ActiveCfg = Debug|x64
		{6985D545-2E56-4F48-8839-A2BC66B6FCCA}.Debug|x64.Build.0 = Debug|x64
		{6985D545-2E56-4F48-8839-A2BC66B6FCCA}.Debug|x86.ActiveCfg = Debug|Win32
		{6985D545-2E56-4F48-8839-A2BC66B6FCCA}.Debug|x86.Build.0 = Debug|Win32
		{6985D545-2E56-4F48-8839-A2BC66B6FCCA}.DVD-5|Any CPU.ActiveCfg = Debug|Win32
		{6985D545-2E56-4F48-8839-A2BC66B6FCCA}.DVD-5|ARM.ActiveCfg = Debug|x64
		{6985D545-2E56-4F48-8839-A2BC66B6FCCA}.DVD-5|ARM.Build.0 = Debug|x64
		{6985D545-2E56-4F48-8839-A2BC66B6FCCA}.DVD-5|Mixed Platforms.ActiveCfg = Debug|Win32
		{6985D545-2E56-4F48-8839-A2BC66B6FCCA}.DVD-5|Mixed Platforms.Build.0 = Debug|Win32
		{6985D545-2E56-4F48-8839-A2BC66B6FCCA}.DVD-5|Win32.ActiveCfg = Debug|Win32
		{6985D545-2E56-4F48-8839-A2BC66B6FCCA}.DVD-5|Win32.Build.0 = Debug|Win32
		{6985D545-2E56-4F48-8839-A2BC66B6FCCA}.DVD-5|x64.ActiveCfg = Debug|x64
		{6985D545-2E56-4F48-8839-A2BC66B6FCCA}.DVD-5|x64.Build.0 = Debug|x64
		{6985D545-2E56-4F48-8839-A2BC66B6FCCA}.DVD-5|x86.ActiveCfg = Debug|Win32
		{6985D545-2E56-4F48-8839-A2BC66B6FCCA}.DVD-5|x86.Build.0 = Debug|Win32
		{6985D545-2E56-4F48-8839-A2BC66B6FCCA}.Release|Any CPU.ActiveCfg = Release|Win32
		{6985D545-2E56-4F48-8839-A2BC66B6FCCA}.Release|ARM.ActiveCfg = Release|Win32
		{6985D545-2E56-4F48-8839-A2BC66B6FCCA}.Release|Mixed Platforms.ActiveCfg = Release|Win32
		{6985D545-2E56-4F48-8839-A2BC66B6FCCA}.Release|Mixed Platforms.Build.0 = Release|Win32
		{6985D545-2E56-4F48-8839-A2BC66B6FCCA}.Release|Win32.ActiveCfg = Release|Win32
		{6985D545-2E56-4F48-8839-A2BC66B6FCCA}.Release|Win32.Build.0 = Release|Win32
		{6985D545-2E56-4F48-8839-A2BC66B6FCCA}.Release|x64.ActiveCfg = Release|x64
		{6985D545-2E56-4F48-8839-A2BC66B6FCCA}.Release|x64.Build.0 = Release|x64
		{6985D545-2E56-4F48-8839-A2BC66B6FCCA}.Release|x86.ActiveCfg = Release|Win32
		{6985D545-2E56-4F48-8839-A2BC66B6FCCA}.Release|x86.Build.0 = Release|Win32
		{6985D545-2E56-4F48-8839-A2BC66B6FCCA}.SingleImage|Any CPU.ActiveCfg = Release|Win32
		{6985D545-2E56-4F48-8839-A2BC66B6FCCA}.SingleImage|ARM.ActiveCfg = Debug|x64
		{6985D545-2E56-4F48-8839-A2BC66B6FCCA}.SingleImage|ARM.Build.0 = Debug|x64
		{6985D545-2E56-4F48-8839-A2BC66B6FCCA}.SingleImage|Mixed Platforms.ActiveCfg = Release|Win32
		{6985D545-2E56-4F48-8839-A2BC66B6FCCA}.SingleImage|Mixed Platforms.Build.0 = Release|Win32
		{6985D545-2E56-4F48-8839-A2BC66B6FCCA}.SingleImage|Win32.ActiveCfg = Release|Win32
		{6985D545-2E56-4F48-8839-A2BC66B6FCCA}.SingleImage|Win32.Build.0 = Release|Win32
		{6985D545-2E56-4F48-8839-A2BC66B6FCCA}.SingleImage|x64.ActiveCfg = Release|x64
		{6985D545-2E56-4F48-8839-A2BC66B6FCCA}.SingleImage|x64.Build.0 = Release|x64
		{6985D545-2E56-4F48-8839-A2BC66B6FCCA}.SingleImage|x86.ActiveCfg = Release|Win32
		{6985D545-2E56-4F48-8839-A2BC66B6FCCA}.SingleImage|x86.Build.0 = Release|Win32
		{EB069DCA-B097-4240-9E50-3880ECCACEB2}.CD_ROM|Any CPU.ActiveCfg = Release|Any CPU
		{EB069DCA-B097-4240-9E50-3880ECCACEB2}.CD_ROM|Any CPU.Build.0 = Release|Any CPU
		{EB069DCA-B097-4240-9E50-3880ECCACEB2}.CD_ROM|ARM.ActiveCfg = Debug|Any CPU
		{EB069DCA-B097-4240-9E50-3880ECCACEB2}.CD_ROM|Mixed Platforms.ActiveCfg = Release|Any CPU
		{EB069DCA-B097-4240-9E50-3880ECCACEB2}.CD_ROM|Mixed Platforms.Build.0 = Release|Any CPU
		{EB069DCA-B097-4240-9E50-3880ECCACEB2}.CD_ROM|Win32.ActiveCfg = Release|Any CPU
		{EB069DCA-B097-4240-9E50-3880ECCACEB2}.CD_ROM|x64.ActiveCfg = Release|Any CPU
		{EB069DCA-B097-4240-9E50-3880ECCACEB2}.CD_ROM|x86.ActiveCfg = Release|Any CPU
		{EB069DCA-B097-4240-9E50-3880ECCACEB2}.Debug|Any CPU.ActiveCfg = Debug|Any CPU
		{EB069DCA-B097-4240-9E50-3880ECCACEB2}.Debug|Any CPU.Build.0 = Debug|Any CPU
		{EB069DCA-B097-4240-9E50-3880ECCACEB2}.Debug|ARM.ActiveCfg = Debug|Any CPU
		{EB069DCA-B097-4240-9E50-3880ECCACEB2}.Debug|Mixed Platforms.ActiveCfg = Debug|Any CPU
		{EB069DCA-B097-4240-9E50-3880ECCACEB2}.Debug|Mixed Platforms.Build.0 = Debug|Any CPU
		{EB069DCA-B097-4240-9E50-3880ECCACEB2}.Debug|Win32.ActiveCfg = Debug|Any CPU
		{EB069DCA-B097-4240-9E50-3880ECCACEB2}.Debug|x64.ActiveCfg = Debug|Any CPU
		{EB069DCA-B097-4240-9E50-3880ECCACEB2}.Debug|x86.ActiveCfg = Debug|Any CPU
		{EB069DCA-B097-4240-9E50-3880ECCACEB2}.DVD-5|Any CPU.ActiveCfg = Debug|Any CPU
		{EB069DCA-B097-4240-9E50-3880ECCACEB2}.DVD-5|Any CPU.Build.0 = Debug|Any CPU
		{EB069DCA-B097-4240-9E50-3880ECCACEB2}.DVD-5|ARM.ActiveCfg = Debug|Any CPU
		{EB069DCA-B097-4240-9E50-3880ECCACEB2}.DVD-5|Mixed Platforms.ActiveCfg = Debug|Any CPU
		{EB069DCA-B097-4240-9E50-3880ECCACEB2}.DVD-5|Mixed Platforms.Build.0 = Debug|Any CPU
		{EB069DCA-B097-4240-9E50-3880ECCACEB2}.DVD-5|Win32.ActiveCfg = Debug|Any CPU
		{EB069DCA-B097-4240-9E50-3880ECCACEB2}.DVD-5|x64.ActiveCfg = Debug|Any CPU
		{EB069DCA-B097-4240-9E50-3880ECCACEB2}.DVD-5|x86.ActiveCfg = Debug|Any CPU
		{EB069DCA-B097-4240-9E50-3880ECCACEB2}.Release|Any CPU.ActiveCfg = Release|Any CPU
		{EB069DCA-B097-4240-9E50-3880ECCACEB2}.Release|Any CPU.Build.0 = Release|Any CPU
		{EB069DCA-B097-4240-9E50-3880ECCACEB2}.Release|ARM.ActiveCfg = Release|Any CPU
		{EB069DCA-B097-4240-9E50-3880ECCACEB2}.Release|Mixed Platforms.ActiveCfg = Release|Any CPU
		{EB069DCA-B097-4240-9E50-3880ECCACEB2}.Release|Mixed Platforms.Build.0 = Release|Any CPU
		{EB069DCA-B097-4240-9E50-3880ECCACEB2}.Release|Win32.ActiveCfg = Release|Any CPU
		{EB069DCA-B097-4240-9E50-3880ECCACEB2}.Release|x64.ActiveCfg = Release|Any CPU
		{EB069DCA-B097-4240-9E50-3880ECCACEB2}.Release|x86.ActiveCfg = Release|Any CPU
		{EB069DCA-B097-4240-9E50-3880ECCACEB2}.SingleImage|Any CPU.ActiveCfg = Release|Any CPU
		{EB069DCA-B097-4240-9E50-3880ECCACEB2}.SingleImage|Any CPU.Build.0 = Release|Any CPU
		{EB069DCA-B097-4240-9E50-3880ECCACEB2}.SingleImage|ARM.ActiveCfg = Debug|Any CPU
		{EB069DCA-B097-4240-9E50-3880ECCACEB2}.SingleImage|Mixed Platforms.ActiveCfg = Release|Any CPU
		{EB069DCA-B097-4240-9E50-3880ECCACEB2}.SingleImage|Mixed Platforms.Build.0 = Release|Any CPU
		{EB069DCA-B097-4240-9E50-3880ECCACEB2}.SingleImage|Win32.ActiveCfg = Release|Any CPU
		{EB069DCA-B097-4240-9E50-3880ECCACEB2}.SingleImage|x64.ActiveCfg = Release|Any CPU
		{EB069DCA-B097-4240-9E50-3880ECCACEB2}.SingleImage|x86.ActiveCfg = Release|Any CPU
		{BEDE3A84-FD3A-4EA8-A14A-FB856A157CCD}.CD_ROM|Any CPU.ActiveCfg = Release|Any CPU
		{BEDE3A84-FD3A-4EA8-A14A-FB856A157CCD}.CD_ROM|Any CPU.Build.0 = Release|Any CPU
		{BEDE3A84-FD3A-4EA8-A14A-FB856A157CCD}.CD_ROM|ARM.ActiveCfg = Release|Any CPU
		{BEDE3A84-FD3A-4EA8-A14A-FB856A157CCD}.CD_ROM|ARM.Build.0 = Release|Any CPU
		{BEDE3A84-FD3A-4EA8-A14A-FB856A157CCD}.CD_ROM|Mixed Platforms.ActiveCfg = Release|Any CPU
		{BEDE3A84-FD3A-4EA8-A14A-FB856A157CCD}.CD_ROM|Mixed Platforms.Build.0 = Release|Any CPU
		{BEDE3A84-FD3A-4EA8-A14A-FB856A157CCD}.CD_ROM|Win32.ActiveCfg = Release|Any CPU
		{BEDE3A84-FD3A-4EA8-A14A-FB856A157CCD}.CD_ROM|Win32.Build.0 = Release|Any CPU
		{BEDE3A84-FD3A-4EA8-A14A-FB856A157CCD}.CD_ROM|x64.ActiveCfg = Release|Any CPU
		{BEDE3A84-FD3A-4EA8-A14A-FB856A157CCD}.CD_ROM|x64.Build.0 = Release|Any CPU
		{BEDE3A84-FD3A-4EA8-A14A-FB856A157CCD}.CD_ROM|x86.ActiveCfg = Release|Any CPU
		{BEDE3A84-FD3A-4EA8-A14A-FB856A157CCD}.CD_ROM|x86.Build.0 = Release|Any CPU
		{BEDE3A84-FD3A-4EA8-A14A-FB856A157CCD}.Debug|Any CPU.ActiveCfg = Debug|Any CPU
		{BEDE3A84-FD3A-4EA8-A14A-FB856A157CCD}.Debug|Any CPU.Build.0 = Debug|Any CPU
		{BEDE3A84-FD3A-4EA8-A14A-FB856A157CCD}.Debug|ARM.ActiveCfg = Debug|Any CPU
		{BEDE3A84-FD3A-4EA8-A14A-FB856A157CCD}.Debug|ARM.Build.0 = Debug|Any CPU
		{BEDE3A84-FD3A-4EA8-A14A-FB856A157CCD}.Debug|Mixed Platforms.ActiveCfg = Debug|Any CPU
		{BEDE3A84-FD3A-4EA8-A14A-FB856A157CCD}.Debug|Mixed Platforms.Build.0 = Debug|Any CPU
		{BEDE3A84-FD3A-4EA8-A14A-FB856A157CCD}.Debug|Win32.ActiveCfg = Debug|Any CPU
		{BEDE3A84-FD3A-4EA8-A14A-FB856A157CCD}.Debug|Win32.Build.0 = Debug|Any CPU
		{BEDE3A84-FD3A-4EA8-A14A-FB856A157CCD}.Debug|x64.ActiveCfg = Debug|Any CPU
		{BEDE3A84-FD3A-4EA8-A14A-FB856A157CCD}.Debug|x64.Build.0 = Debug|Any CPU
		{BEDE3A84-FD3A-4EA8-A14A-FB856A157CCD}.Debug|x86.ActiveCfg = Debug|Any CPU
		{BEDE3A84-FD3A-4EA8-A14A-FB856A157CCD}.Debug|x86.Build.0 = Debug|Any CPU
		{BEDE3A84-FD3A-4EA8-A14A-FB856A157CCD}.DVD-5|Any CPU.ActiveCfg = Debug|Any CPU
		{BEDE3A84-FD3A-4EA8-A14A-FB856A157CCD}.DVD-5|Any CPU.Build.0 = Debug|Any CPU
		{BEDE3A84-FD3A-4EA8-A14A-FB856A157CCD}.DVD-5|ARM.ActiveCfg = Debug|Any CPU
		{BEDE3A84-FD3A-4EA8-A14A-FB856A157CCD}.DVD-5|ARM.Build.0 = Debug|Any CPU
		{BEDE3A84-FD3A-4EA8-A14A-FB856A157CCD}.DVD-5|Mixed Platforms.ActiveCfg = Debug|Any CPU
		{BEDE3A84-FD3A-4EA8-A14A-FB856A157CCD}.DVD-5|Mixed Platforms.Build.0 = Debug|Any CPU
		{BEDE3A84-FD3A-4EA8-A14A-FB856A157CCD}.DVD-5|Win32.ActiveCfg = Debug|Any CPU
		{BEDE3A84-FD3A-4EA8-A14A-FB856A157CCD}.DVD-5|Win32.Build.0 = Debug|Any CPU
		{BEDE3A84-FD3A-4EA8-A14A-FB856A157CCD}.DVD-5|x64.ActiveCfg = Debug|Any CPU
		{BEDE3A84-FD3A-4EA8-A14A-FB856A157CCD}.DVD-5|x64.Build.0 = Debug|Any CPU
		{BEDE3A84-FD3A-4EA8-A14A-FB856A157CCD}.DVD-5|x86.ActiveCfg = Debug|Any CPU
		{BEDE3A84-FD3A-4EA8-A14A-FB856A157CCD}.DVD-5|x86.Build.0 = Debug|Any CPU
		{BEDE3A84-FD3A-4EA8-A14A-FB856A157CCD}.Release|Any CPU.ActiveCfg = Release|Any CPU
		{BEDE3A84-FD3A-4EA8-A14A-FB856A157CCD}.Release|Any CPU.Build.0 = Release|Any CPU
		{BEDE3A84-FD3A-4EA8-A14A-FB856A157CCD}.Release|ARM.ActiveCfg = Release|Any CPU
		{BEDE3A84-FD3A-4EA8-A14A-FB856A157CCD}.Release|ARM.Build.0 = Release|Any CPU
		{BEDE3A84-FD3A-4EA8-A14A-FB856A157CCD}.Release|Mixed Platforms.ActiveCfg = Release|Any CPU
		{BEDE3A84-FD3A-4EA8-A14A-FB856A157CCD}.Release|Mixed Platforms.Build.0 = Release|Any CPU
		{BEDE3A84-FD3A-4EA8-A14A-FB856A157CCD}.Release|Win32.ActiveCfg = Release|Any CPU
		{BEDE3A84-FD3A-4EA8-A14A-FB856A157CCD}.Release|Win32.Build.0 = Release|Any CPU
		{BEDE3A84-FD3A-4EA8-A14A-FB856A157CCD}.Release|x64.ActiveCfg = Release|Any CPU
		{BEDE3A84-FD3A-4EA8-A14A-FB856A157CCD}.Release|x64.Build.0 = Release|Any CPU
		{BEDE3A84-FD3A-4EA8-A14A-FB856A157CCD}.Release|x86.ActiveCfg = Release|Any CPU
		{BEDE3A84-FD3A-4EA8-A14A-FB856A157CCD}.Release|x86.Build.0 = Release|Any CPU
		{BEDE3A84-FD3A-4EA8-A14A-FB856A157CCD}.SingleImage|Any CPU.ActiveCfg = Release|Any CPU
		{BEDE3A84-FD3A-4EA8-A14A-FB856A157CCD}.SingleImage|Any CPU.Build.0 = Release|Any CPU
		{BEDE3A84-FD3A-4EA8-A14A-FB856A157CCD}.SingleImage|ARM.ActiveCfg = Release|Any CPU
		{BEDE3A84-FD3A-4EA8-A14A-FB856A157CCD}.SingleImage|ARM.Build.0 = Release|Any CPU
		{BEDE3A84-FD3A-4EA8-A14A-FB856A157CCD}.SingleImage|Mixed Platforms.ActiveCfg = Release|Any CPU
		{BEDE3A84-FD3A-4EA8-A14A-FB856A157CCD}.SingleImage|Mixed Platforms.Build.0 = Release|Any CPU
		{BEDE3A84-FD3A-4EA8-A14A-FB856A157CCD}.SingleImage|Win32.ActiveCfg = Release|Any CPU
		{BEDE3A84-FD3A-4EA8-A14A-FB856A157CCD}.SingleImage|Win32.Build.0 = Release|Any CPU
		{BEDE3A84-FD3A-4EA8-A14A-FB856A157CCD}.SingleImage|x64.ActiveCfg = Release|Any CPU
		{BEDE3A84-FD3A-4EA8-A14A-FB856A157CCD}.SingleImage|x64.Build.0 = Release|Any CPU
		{BEDE3A84-FD3A-4EA8-A14A-FB856A157CCD}.SingleImage|x86.ActiveCfg = Release|Any CPU
		{BEDE3A84-FD3A-4EA8-A14A-FB856A157CCD}.SingleImage|x86.Build.0 = Release|Any CPU
		{41E80DEE-6FCA-4EDA-B7C4-40EA5F829DAD}.CD_ROM|Any CPU.ActiveCfg = Release|Any CPU
		{41E80DEE-6FCA-4EDA-B7C4-40EA5F829DAD}.CD_ROM|Any CPU.Build.0 = Release|Any CPU
		{41E80DEE-6FCA-4EDA-B7C4-40EA5F829DAD}.CD_ROM|ARM.ActiveCfg = Release|Any CPU
		{41E80DEE-6FCA-4EDA-B7C4-40EA5F829DAD}.CD_ROM|ARM.Build.0 = Release|Any CPU
		{41E80DEE-6FCA-4EDA-B7C4-40EA5F829DAD}.CD_ROM|Mixed Platforms.ActiveCfg = Release|Any CPU
		{41E80DEE-6FCA-4EDA-B7C4-40EA5F829DAD}.CD_ROM|Mixed Platforms.Build.0 = Release|Any CPU
		{41E80DEE-6FCA-4EDA-B7C4-40EA5F829DAD}.CD_ROM|Win32.ActiveCfg = Release|Any CPU
		{41E80DEE-6FCA-4EDA-B7C4-40EA5F829DAD}.CD_ROM|Win32.Build.0 = Release|Any CPU
		{41E80DEE-6FCA-4EDA-B7C4-40EA5F829DAD}.CD_ROM|x64.ActiveCfg = Release|Any CPU
		{41E80DEE-6FCA-4EDA-B7C4-40EA5F829DAD}.CD_ROM|x64.Build.0 = Release|Any CPU
		{41E80DEE-6FCA-4EDA-B7C4-40EA5F829DAD}.CD_ROM|x86.ActiveCfg = Release|Any CPU
		{41E80DEE-6FCA-4EDA-B7C4-40EA5F829DAD}.CD_ROM|x86.Build.0 = Release|Any CPU
		{41E80DEE-6FCA-4EDA-B7C4-40EA5F829DAD}.Debug|Any CPU.ActiveCfg = Debug|Any CPU
		{41E80DEE-6FCA-4EDA-B7C4-40EA5F829DAD}.Debug|Any CPU.Build.0 = Debug|Any CPU
		{41E80DEE-6FCA-4EDA-B7C4-40EA5F829DAD}.Debug|ARM.ActiveCfg = Debug|Any CPU
		{41E80DEE-6FCA-4EDA-B7C4-40EA5F829DAD}.Debug|ARM.Build.0 = Debug|Any CPU
		{41E80DEE-6FCA-4EDA-B7C4-40EA5F829DAD}.Debug|Mixed Platforms.ActiveCfg = Debug|Any CPU
		{41E80DEE-6FCA-4EDA-B7C4-40EA5F829DAD}.Debug|Mixed Platforms.Build.0 = Debug|Any CPU
		{41E80DEE-6FCA-4EDA-B7C4-40EA5F829DAD}.Debug|Win32.ActiveCfg = Debug|Any CPU
		{41E80DEE-6FCA-4EDA-B7C4-40EA5F829DAD}.Debug|Win32.Build.0 = Debug|Any CPU
		{41E80DEE-6FCA-4EDA-B7C4-40EA5F829DAD}.Debug|x64.ActiveCfg = Debug|Any CPU
		{41E80DEE-6FCA-4EDA-B7C4-40EA5F829DAD}.Debug|x64.Build.0 = Debug|Any CPU
		{41E80DEE-6FCA-4EDA-B7C4-40EA5F829DAD}.Debug|x86.ActiveCfg = Debug|Any CPU
		{41E80DEE-6FCA-4EDA-B7C4-40EA5F829DAD}.Debug|x86.Build.0 = Debug|Any CPU
		{41E80DEE-6FCA-4EDA-B7C4-40EA5F829DAD}.DVD-5|Any CPU.ActiveCfg = Debug|Any CPU
		{41E80DEE-6FCA-4EDA-B7C4-40EA5F829DAD}.DVD-5|Any CPU.Build.0 = Debug|Any CPU
		{41E80DEE-6FCA-4EDA-B7C4-40EA5F829DAD}.DVD-5|ARM.ActiveCfg = Debug|Any CPU
		{41E80DEE-6FCA-4EDA-B7C4-40EA5F829DAD}.DVD-5|ARM.Build.0 = Debug|Any CPU
		{41E80DEE-6FCA-4EDA-B7C4-40EA5F829DAD}.DVD-5|Mixed Platforms.ActiveCfg = Debug|Any CPU
		{41E80DEE-6FCA-4EDA-B7C4-40EA5F829DAD}.DVD-5|Mixed Platforms.Build.0 = Debug|Any CPU
		{41E80DEE-6FCA-4EDA-B7C4-40EA5F829DAD}.DVD-5|Win32.ActiveCfg = Debug|Any CPU
		{41E80DEE-6FCA-4EDA-B7C4-40EA5F829DAD}.DVD-5|Win32.Build.0 = Debug|Any CPU
		{41E80DEE-6FCA-4EDA-B7C4-40EA5F829DAD}.DVD-5|x64.ActiveCfg = Debug|Any CPU
		{41E80DEE-6FCA-4EDA-B7C4-40EA5F829DAD}.DVD-5|x64.Build.0 = Debug|Any CPU
		{41E80DEE-6FCA-4EDA-B7C4-40EA5F829DAD}.DVD-5|x86.ActiveCfg = Debug|Any CPU
		{41E80DEE-6FCA-4EDA-B7C4-40EA5F829DAD}.DVD-5|x86.Build.0 = Debug|Any CPU
		{41E80DEE-6FCA-4EDA-B7C4-40EA5F829DAD}.Release|Any CPU.ActiveCfg = Release|Any CPU
		{41E80DEE-6FCA-4EDA-B7C4-40EA5F829DAD}.Release|Any CPU.Build.0 = Release|Any CPU
		{41E80DEE-6FCA-4EDA-B7C4-40EA5F829DAD}.Release|ARM.ActiveCfg = Release|Any CPU
		{41E80DEE-6FCA-4EDA-B7C4-40EA5F829DAD}.Release|ARM.Build.0 = Release|Any CPU
		{41E80DEE-6FCA-4EDA-B7C4-40EA5F829DAD}.Release|Mixed Platforms.ActiveCfg = Release|Any CPU
		{41E80DEE-6FCA-4EDA-B7C4-40EA5F829DAD}.Release|Mixed Platforms.Build.0 = Release|Any CPU
		{41E80DEE-6FCA-4EDA-B7C4-40EA5F829DAD}.Release|Win32.ActiveCfg = Release|Any CPU
		{41E80DEE-6FCA-4EDA-B7C4-40EA5F829DAD}.Release|Win32.Build.0 = Release|Any CPU
		{41E80DEE-6FCA-4EDA-B7C4-40EA5F829DAD}.Release|x64.ActiveCfg = Release|Any CPU
		{41E80DEE-6FCA-4EDA-B7C4-40EA5F829DAD}.Release|x64.Build.0 = Release|Any CPU
		{41E80DEE-6FCA-4EDA-B7C4-40EA5F829DAD}.Release|x86.ActiveCfg = Release|Any CPU
		{41E80DEE-6FCA-4EDA-B7C4-40EA5F829DAD}.Release|x86.Build.0 = Release|Any CPU
		{41E80DEE-6FCA-4EDA-B7C4-40EA5F829DAD}.SingleImage|Any CPU.ActiveCfg = Release|Any CPU
		{41E80DEE-6FCA-4EDA-B7C4-40EA5F829DAD}.SingleImage|Any CPU.Build.0 = Release|Any CPU
		{41E80DEE-6FCA-4EDA-B7C4-40EA5F829DAD}.SingleImage|ARM.ActiveCfg = Release|Any CPU
		{41E80DEE-6FCA-4EDA-B7C4-40EA5F829DAD}.SingleImage|ARM.Build.0 = Release|Any CPU
		{41E80DEE-6FCA-4EDA-B7C4-40EA5F829DAD}.SingleImage|Mixed Platforms.ActiveCfg = Release|Any CPU
		{41E80DEE-6FCA-4EDA-B7C4-40EA5F829DAD}.SingleImage|Mixed Platforms.Build.0 = Release|Any CPU
		{41E80DEE-6FCA-4EDA-B7C4-40EA5F829DAD}.SingleImage|Win32.ActiveCfg = Release|Any CPU
		{41E80DEE-6FCA-4EDA-B7C4-40EA5F829DAD}.SingleImage|Win32.Build.0 = Release|Any CPU
		{41E80DEE-6FCA-4EDA-B7C4-40EA5F829DAD}.SingleImage|x64.ActiveCfg = Release|Any CPU
		{41E80DEE-6FCA-4EDA-B7C4-40EA5F829DAD}.SingleImage|x64.Build.0 = Release|Any CPU
		{41E80DEE-6FCA-4EDA-B7C4-40EA5F829DAD}.SingleImage|x86.ActiveCfg = Release|Any CPU
		{41E80DEE-6FCA-4EDA-B7C4-40EA5F829DAD}.SingleImage|x86.Build.0 = Release|Any CPU
		{3F2FE187-564C-452F-A3B5-55DAC3A0937F}.CD_ROM|Any CPU.ActiveCfg = Release|Any CPU
		{3F2FE187-564C-452F-A3B5-55DAC3A0937F}.CD_ROM|Any CPU.Build.0 = Release|Any CPU
		{3F2FE187-564C-452F-A3B5-55DAC3A0937F}.CD_ROM|ARM.ActiveCfg = Release|Any CPU
		{3F2FE187-564C-452F-A3B5-55DAC3A0937F}.CD_ROM|ARM.Build.0 = Release|Any CPU
		{3F2FE187-564C-452F-A3B5-55DAC3A0937F}.CD_ROM|Mixed Platforms.ActiveCfg = Release|Any CPU
		{3F2FE187-564C-452F-A3B5-55DAC3A0937F}.CD_ROM|Mixed Platforms.Build.0 = Release|Any CPU
		{3F2FE187-564C-452F-A3B5-55DAC3A0937F}.CD_ROM|Win32.ActiveCfg = Release|Any CPU
		{3F2FE187-564C-452F-A3B5-55DAC3A0937F}.CD_ROM|Win32.Build.0 = Release|Any CPU
		{3F2FE187-564C-452F-A3B5-55DAC3A0937F}.CD_ROM|x64.ActiveCfg = Release|Any CPU
		{3F2FE187-564C-452F-A3B5-55DAC3A0937F}.CD_ROM|x64.Build.0 = Release|Any CPU
		{3F2FE187-564C-452F-A3B5-55DAC3A0937F}.CD_ROM|x86.ActiveCfg = Release|Any CPU
		{3F2FE187-564C-452F-A3B5-55DAC3A0937F}.CD_ROM|x86.Build.0 = Release|Any CPU
		{3F2FE187-564C-452F-A3B5-55DAC3A0937F}.Debug|Any CPU.ActiveCfg = Debug|Any CPU
		{3F2FE187-564C-452F-A3B5-55DAC3A0937F}.Debug|Any CPU.Build.0 = Debug|Any CPU
		{3F2FE187-564C-452F-A3B5-55DAC3A0937F}.Debug|ARM.ActiveCfg = Debug|Any CPU
		{3F2FE187-564C-452F-A3B5-55DAC3A0937F}.Debug|ARM.Build.0 = Debug|Any CPU
		{3F2FE187-564C-452F-A3B5-55DAC3A0937F}.Debug|Mixed Platforms.ActiveCfg = Debug|Any CPU
		{3F2FE187-564C-452F-A3B5-55DAC3A0937F}.Debug|Mixed Platforms.Build.0 = Debug|Any CPU
		{3F2FE187-564C-452F-A3B5-55DAC3A0937F}.Debug|Win32.ActiveCfg = Debug|Any CPU
		{3F2FE187-564C-452F-A3B5-55DAC3A0937F}.Debug|Win32.Build.0 = Debug|Any CPU
		{3F2FE187-564C-452F-A3B5-55DAC3A0937F}.Debug|x64.ActiveCfg = Debug|Any CPU
		{3F2FE187-564C-452F-A3B5-55DAC3A0937F}.Debug|x64.Build.0 = Debug|Any CPU
		{3F2FE187-564C-452F-A3B5-55DAC3A0937F}.Debug|x86.ActiveCfg = Debug|Any CPU
		{3F2FE187-564C-452F-A3B5-55DAC3A0937F}.Debug|x86.Build.0 = Debug|Any CPU
		{3F2FE187-564C-452F-A3B5-55DAC3A0937F}.DVD-5|Any CPU.ActiveCfg = Debug|Any CPU
		{3F2FE187-564C-452F-A3B5-55DAC3A0937F}.DVD-5|Any CPU.Build.0 = Debug|Any CPU
		{3F2FE187-564C-452F-A3B5-55DAC3A0937F}.DVD-5|ARM.ActiveCfg = Debug|Any CPU
		{3F2FE187-564C-452F-A3B5-55DAC3A0937F}.DVD-5|ARM.Build.0 = Debug|Any CPU
		{3F2FE187-564C-452F-A3B5-55DAC3A0937F}.DVD-5|Mixed Platforms.ActiveCfg = Debug|Any CPU
		{3F2FE187-564C-452F-A3B5-55DAC3A0937F}.DVD-5|Mixed Platforms.Build.0 = Debug|Any CPU
		{3F2FE187-564C-452F-A3B5-55DAC3A0937F}.DVD-5|Win32.ActiveCfg = Debug|Any CPU
		{3F2FE187-564C-452F-A3B5-55DAC3A0937F}.DVD-5|Win32.Build.0 = Debug|Any CPU
		{3F2FE187-564C-452F-A3B5-55DAC3A0937F}.DVD-5|x64.ActiveCfg = Debug|Any CPU
		{3F2FE187-564C-452F-A3B5-55DAC3A0937F}.DVD-5|x64.Build.0 = Debug|Any CPU
		{3F2FE187-564C-452F-A3B5-55DAC3A0937F}.DVD-5|x86.ActiveCfg = Debug|Any CPU
		{3F2FE187-564C-452F-A3B5-55DAC3A0937F}.DVD-5|x86.Build.0 = Debug|Any CPU
		{3F2FE187-564C-452F-A3B5-55DAC3A0937F}.Release|Any CPU.ActiveCfg = Release|Any CPU
		{3F2FE187-564C-452F-A3B5-55DAC3A0937F}.Release|Any CPU.Build.0 = Release|Any CPU
		{3F2FE187-564C-452F-A3B5-55DAC3A0937F}.Release|ARM.ActiveCfg = Release|Any CPU
		{3F2FE187-564C-452F-A3B5-55DAC3A0937F}.Release|ARM.Build.0 = Release|Any CPU
		{3F2FE187-564C-452F-A3B5-55DAC3A0937F}.Release|Mixed Platforms.ActiveCfg = Release|Any CPU
		{3F2FE187-564C-452F-A3B5-55DAC3A0937F}.Release|Mixed Platforms.Build.0 = Release|Any CPU
		{3F2FE187-564C-452F-A3B5-55DAC3A0937F}.Release|Win32.ActiveCfg = Release|Any CPU
		{3F2FE187-564C-452F-A3B5-55DAC3A0937F}.Release|Win32.Build.0 = Release|Any CPU
		{3F2FE187-564C-452F-A3B5-55DAC3A0937F}.Release|x64.ActiveCfg = Release|Any CPU
		{3F2FE187-564C-452F-A3B5-55DAC3A0937F}.Release|x64.Build.0 = Release|Any CPU
		{3F2FE187-564C-452F-A3B5-55DAC3A0937F}.Release|x86.ActiveCfg = Release|Any CPU
		{3F2FE187-564C-452F-A3B5-55DAC3A0937F}.Release|x86.Build.0 = Release|Any CPU
		{3F2FE187-564C-452F-A3B5-55DAC3A0937F}.SingleImage|Any CPU.ActiveCfg = Release|Any CPU
		{3F2FE187-564C-452F-A3B5-55DAC3A0937F}.SingleImage|Any CPU.Build.0 = Release|Any CPU
		{3F2FE187-564C-452F-A3B5-55DAC3A0937F}.SingleImage|ARM.ActiveCfg = Release|Any CPU
		{3F2FE187-564C-452F-A3B5-55DAC3A0937F}.SingleImage|ARM.Build.0 = Release|Any CPU
		{3F2FE187-564C-452F-A3B5-55DAC3A0937F}.SingleImage|Mixed Platforms.ActiveCfg = Release|Any CPU
		{3F2FE187-564C-452F-A3B5-55DAC3A0937F}.SingleImage|Mixed Platforms.Build.0 = Release|Any CPU
		{3F2FE187-564C-452F-A3B5-55DAC3A0937F}.SingleImage|Win32.ActiveCfg = Release|Any CPU
		{3F2FE187-564C-452F-A3B5-55DAC3A0937F}.SingleImage|Win32.Build.0 = Release|Any CPU
		{3F2FE187-564C-452F-A3B5-55DAC3A0937F}.SingleImage|x64.ActiveCfg = Release|Any CPU
		{3F2FE187-564C-452F-A3B5-55DAC3A0937F}.SingleImage|x64.Build.0 = Release|Any CPU
		{3F2FE187-564C-452F-A3B5-55DAC3A0937F}.SingleImage|x86.ActiveCfg = Release|Any CPU
		{3F2FE187-564C-452F-A3B5-55DAC3A0937F}.SingleImage|x86.Build.0 = Release|Any CPU
		{B1618CC5-A581-42BB-ADBB-C6245FC91664}.CD_ROM|Any CPU.ActiveCfg = Release|Any CPU
		{B1618CC5-A581-42BB-ADBB-C6245FC91664}.CD_ROM|Any CPU.Build.0 = Release|Any CPU
		{B1618CC5-A581-42BB-ADBB-C6245FC91664}.CD_ROM|ARM.ActiveCfg = Release|Any CPU
		{B1618CC5-A581-42BB-ADBB-C6245FC91664}.CD_ROM|ARM.Build.0 = Release|Any CPU
		{B1618CC5-A581-42BB-ADBB-C6245FC91664}.CD_ROM|Mixed Platforms.ActiveCfg = Release|Any CPU
		{B1618CC5-A581-42BB-ADBB-C6245FC91664}.CD_ROM|Mixed Platforms.Build.0 = Release|Any CPU
		{B1618CC5-A581-42BB-ADBB-C6245FC91664}.CD_ROM|Win32.ActiveCfg = Release|Any CPU
		{B1618CC5-A581-42BB-ADBB-C6245FC91664}.CD_ROM|Win32.Build.0 = Release|Any CPU
		{B1618CC5-A581-42BB-ADBB-C6245FC91664}.CD_ROM|x64.ActiveCfg = Release|Any CPU
		{B1618CC5-A581-42BB-ADBB-C6245FC91664}.CD_ROM|x64.Build.0 = Release|Any CPU
		{B1618CC5-A581-42BB-ADBB-C6245FC91664}.CD_ROM|x86.ActiveCfg = Release|Any CPU
		{B1618CC5-A581-42BB-ADBB-C6245FC91664}.CD_ROM|x86.Build.0 = Release|Any CPU
		{B1618CC5-A581-42BB-ADBB-C6245FC91664}.Debug|Any CPU.ActiveCfg = Debug|Any CPU
		{B1618CC5-A581-42BB-ADBB-C6245FC91664}.Debug|Any CPU.Build.0 = Debug|Any CPU
		{B1618CC5-A581-42BB-ADBB-C6245FC91664}.Debug|ARM.ActiveCfg = Debug|Any CPU
		{B1618CC5-A581-42BB-ADBB-C6245FC91664}.Debug|ARM.Build.0 = Debug|Any CPU
		{B1618CC5-A581-42BB-ADBB-C6245FC91664}.Debug|Mixed Platforms.ActiveCfg = Debug|Any CPU
		{B1618CC5-A581-42BB-ADBB-C6245FC91664}.Debug|Mixed Platforms.Build.0 = Debug|Any CPU
		{B1618CC5-A581-42BB-ADBB-C6245FC91664}.Debug|Win32.ActiveCfg = Debug|Any CPU
		{B1618CC5-A581-42BB-ADBB-C6245FC91664}.Debug|Win32.Build.0 = Debug|Any CPU
		{B1618CC5-A581-42BB-ADBB-C6245FC91664}.Debug|x64.ActiveCfg = Debug|Any CPU
		{B1618CC5-A581-42BB-ADBB-C6245FC91664}.Debug|x64.Build.0 = Debug|Any CPU
		{B1618CC5-A581-42BB-ADBB-C6245FC91664}.Debug|x86.ActiveCfg = Debug|Any CPU
		{B1618CC5-A581-42BB-ADBB-C6245FC91664}.Debug|x86.Build.0 = Debug|Any CPU
		{B1618CC5-A581-42BB-ADBB-C6245FC91664}.DVD-5|Any CPU.ActiveCfg = Debug|Any CPU
		{B1618CC5-A581-42BB-ADBB-C6245FC91664}.DVD-5|Any CPU.Build.0 = Debug|Any CPU
		{B1618CC5-A581-42BB-ADBB-C6245FC91664}.DVD-5|ARM.ActiveCfg = Debug|Any CPU
		{B1618CC5-A581-42BB-ADBB-C6245FC91664}.DVD-5|ARM.Build.0 = Debug|Any CPU
		{B1618CC5-A581-42BB-ADBB-C6245FC91664}.DVD-5|Mixed Platforms.ActiveCfg = Debug|Any CPU
		{B1618CC5-A581-42BB-ADBB-C6245FC91664}.DVD-5|Mixed Platforms.Build.0 = Debug|Any CPU
		{B1618CC5-A581-42BB-ADBB-C6245FC91664}.DVD-5|Win32.ActiveCfg = Debug|Any CPU
		{B1618CC5-A581-42BB-ADBB-C6245FC91664}.DVD-5|Win32.Build.0 = Debug|Any CPU
		{B1618CC5-A581-42BB-ADBB-C6245FC91664}.DVD-5|x64.ActiveCfg = Debug|Any CPU
		{B1618CC5-A581-42BB-ADBB-C6245FC91664}.DVD-5|x64.Build.0 = Debug|Any CPU
		{B1618CC5-A581-42BB-ADBB-C6245FC91664}.DVD-5|x86.ActiveCfg = Debug|Any CPU
		{B1618CC5-A581-42BB-ADBB-C6245FC91664}.DVD-5|x86.Build.0 = Debug|Any CPU
		{B1618CC5-A581-42BB-ADBB-C6245FC91664}.Release|Any CPU.ActiveCfg = Release|Any CPU
		{B1618CC5-A581-42BB-ADBB-C6245FC91664}.Release|Any CPU.Build.0 = Release|Any CPU
		{B1618CC5-A581-42BB-ADBB-C6245FC91664}.Release|ARM.ActiveCfg = Release|Any CPU
		{B1618CC5-A581-42BB-ADBB-C6245FC91664}.Release|ARM.Build.0 = Release|Any CPU
		{B1618CC5-A581-42BB-ADBB-C6245FC91664}.Release|Mixed Platforms.ActiveCfg = Release|Any CPU
		{B1618CC5-A581-42BB-ADBB-C6245FC91664}.Release|Mixed Platforms.Build.0 = Release|Any CPU
		{B1618CC5-A581-42BB-ADBB-C6245FC91664}.Release|Win32.ActiveCfg = Release|Any CPU
		{B1618CC5-A581-42BB-ADBB-C6245FC91664}.Release|Win32.Build.0 = Release|Any CPU
		{B1618CC5-A581-42BB-ADBB-C6245FC91664}.Release|x64.ActiveCfg = Release|Any CPU
		{B1618CC5-A581-42BB-ADBB-C6245FC91664}.Release|x64.Build.0 = Release|Any CPU
		{B1618CC5-A581-42BB-ADBB-C6245FC91664}.Release|x86.ActiveCfg = Release|Any CPU
		{B1618CC5-A581-42BB-ADBB-C6245FC91664}.Release|x86.Build.0 = Release|Any CPU
		{B1618CC5-A581-42BB-ADBB-C6245FC91664}.SingleImage|Any CPU.ActiveCfg = Release|Any CPU
		{B1618CC5-A581-42BB-ADBB-C6245FC91664}.SingleImage|Any CPU.Build.0 = Release|Any CPU
		{B1618CC5-A581-42BB-ADBB-C6245FC91664}.SingleImage|ARM.ActiveCfg = Release|Any CPU
		{B1618CC5-A581-42BB-ADBB-C6245FC91664}.SingleImage|ARM.Build.0 = Release|Any CPU
		{B1618CC5-A581-42BB-ADBB-C6245FC91664}.SingleImage|Mixed Platforms.ActiveCfg = Release|Any CPU
		{B1618CC5-A581-42BB-ADBB-C6245FC91664}.SingleImage|Mixed Platforms.Build.0 = Release|Any CPU
		{B1618CC5-A581-42BB-ADBB-C6245FC91664}.SingleImage|Win32.ActiveCfg = Release|Any CPU
		{B1618CC5-A581-42BB-ADBB-C6245FC91664}.SingleImage|Win32.Build.0 = Release|Any CPU
		{B1618CC5-A581-42BB-ADBB-C6245FC91664}.SingleImage|x64.ActiveCfg = Release|Any CPU
		{B1618CC5-A581-42BB-ADBB-C6245FC91664}.SingleImage|x64.Build.0 = Release|Any CPU
		{B1618CC5-A581-42BB-ADBB-C6245FC91664}.SingleImage|x86.ActiveCfg = Release|Any CPU
		{B1618CC5-A581-42BB-ADBB-C6245FC91664}.SingleImage|x86.Build.0 = Release|Any CPU
		{0B31B46E-F378-42D6-9BD2-2D288E3EE7F4}.CD_ROM|Any CPU.ActiveCfg = Release|Any CPU
		{0B31B46E-F378-42D6-9BD2-2D288E3EE7F4}.CD_ROM|Any CPU.Build.0 = Release|Any CPU
		{0B31B46E-F378-42D6-9BD2-2D288E3EE7F4}.CD_ROM|ARM.ActiveCfg = Release|Any CPU
		{0B31B46E-F378-42D6-9BD2-2D288E3EE7F4}.CD_ROM|ARM.Build.0 = Release|Any CPU
		{0B31B46E-F378-42D6-9BD2-2D288E3EE7F4}.CD_ROM|Mixed Platforms.ActiveCfg = Release|Any CPU
		{0B31B46E-F378-42D6-9BD2-2D288E3EE7F4}.CD_ROM|Mixed Platforms.Build.0 = Release|Any CPU
		{0B31B46E-F378-42D6-9BD2-2D288E3EE7F4}.CD_ROM|Win32.ActiveCfg = Release|Any CPU
		{0B31B46E-F378-42D6-9BD2-2D288E3EE7F4}.CD_ROM|Win32.Build.0 = Release|Any CPU
		{0B31B46E-F378-42D6-9BD2-2D288E3EE7F4}.CD_ROM|x64.ActiveCfg = Release|Any CPU
		{0B31B46E-F378-42D6-9BD2-2D288E3EE7F4}.CD_ROM|x64.Build.0 = Release|Any CPU
		{0B31B46E-F378-42D6-9BD2-2D288E3EE7F4}.CD_ROM|x86.ActiveCfg = Release|Any CPU
		{0B31B46E-F378-42D6-9BD2-2D288E3EE7F4}.CD_ROM|x86.Build.0 = Release|Any CPU
		{0B31B46E-F378-42D6-9BD2-2D288E3EE7F4}.Debug|Any CPU.ActiveCfg = Debug|Any CPU
		{0B31B46E-F378-42D6-9BD2-2D288E3EE7F4}.Debug|Any CPU.Build.0 = Debug|Any CPU
		{0B31B46E-F378-42D6-9BD2-2D288E3EE7F4}.Debug|ARM.ActiveCfg = Debug|Any CPU
		{0B31B46E-F378-42D6-9BD2-2D288E3EE7F4}.Debug|ARM.Build.0 = Debug|Any CPU
		{0B31B46E-F378-42D6-9BD2-2D288E3EE7F4}.Debug|Mixed Platforms.ActiveCfg = Debug|Any CPU
		{0B31B46E-F378-42D6-9BD2-2D288E3EE7F4}.Debug|Mixed Platforms.Build.0 = Debug|Any CPU
		{0B31B46E-F378-42D6-9BD2-2D288E3EE7F4}.Debug|Win32.ActiveCfg = Debug|Any CPU
		{0B31B46E-F378-42D6-9BD2-2D288E3EE7F4}.Debug|Win32.Build.0 = Debug|Any CPU
		{0B31B46E-F378-42D6-9BD2-2D288E3EE7F4}.Debug|x64.ActiveCfg = Debug|Any CPU
		{0B31B46E-F378-42D6-9BD2-2D288E3EE7F4}.Debug|x64.Build.0 = Debug|Any CPU
		{0B31B46E-F378-42D6-9BD2-2D288E3EE7F4}.Debug|x86.ActiveCfg = Debug|Any CPU
		{0B31B46E-F378-42D6-9BD2-2D288E3EE7F4}.Debug|x86.Build.0 = Debug|Any CPU
		{0B31B46E-F378-42D6-9BD2-2D288E3EE7F4}.DVD-5|Any CPU.ActiveCfg = Debug|Any CPU
		{0B31B46E-F378-42D6-9BD2-2D288E3EE7F4}.DVD-5|Any CPU.Build.0 = Debug|Any CPU
		{0B31B46E-F378-42D6-9BD2-2D288E3EE7F4}.DVD-5|ARM.ActiveCfg = Debug|Any CPU
		{0B31B46E-F378-42D6-9BD2-2D288E3EE7F4}.DVD-5|ARM.Build.0 = Debug|Any CPU
		{0B31B46E-F378-42D6-9BD2-2D288E3EE7F4}.DVD-5|Mixed Platforms.ActiveCfg = Debug|Any CPU
		{0B31B46E-F378-42D6-9BD2-2D288E3EE7F4}.DVD-5|Mixed Platforms.Build.0 = Debug|Any CPU
		{0B31B46E-F378-42D6-9BD2-2D288E3EE7F4}.DVD-5|Win32.ActiveCfg = Debug|Any CPU
		{0B31B46E-F378-42D6-9BD2-2D288E3EE7F4}.DVD-5|Win32.Build.0 = Debug|Any CPU
		{0B31B46E-F378-42D6-9BD2-2D288E3EE7F4}.DVD-5|x64.ActiveCfg = Debug|Any CPU
		{0B31B46E-F378-42D6-9BD2-2D288E3EE7F4}.DVD-5|x64.Build.0 = Debug|Any CPU
		{0B31B46E-F378-42D6-9BD2-2D288E3EE7F4}.DVD-5|x86.ActiveCfg = Debug|Any CPU
		{0B31B46E-F378-42D6-9BD2-2D288E3EE7F4}.DVD-5|x86.Build.0 = Debug|Any CPU
		{0B31B46E-F378-42D6-9BD2-2D288E3EE7F4}.Release|Any CPU.ActiveCfg = Release|Any CPU
		{0B31B46E-F378-42D6-9BD2-2D288E3EE7F4}.Release|Any CPU.Build.0 = Release|Any CPU
		{0B31B46E-F378-42D6-9BD2-2D288E3EE7F4}.Release|ARM.ActiveCfg = Release|Any CPU
		{0B31B46E-F378-42D6-9BD2-2D288E3EE7F4}.Release|ARM.Build.0 = Release|Any CPU
		{0B31B46E-F378-42D6-9BD2-2D288E3EE7F4}.Release|Mixed Platforms.ActiveCfg = Release|Any CPU
		{0B31B46E-F378-42D6-9BD2-2D288E3EE7F4}.Release|Mixed Platforms.Build.0 = Release|Any CPU
		{0B31B46E-F378-42D6-9BD2-2D288E3EE7F4}.Release|Win32.ActiveCfg = Release|Any CPU
		{0B31B46E-F378-42D6-9BD2-2D288E3EE7F4}.Release|Win32.Build.0 = Release|Any CPU
		{0B31B46E-F378-42D6-9BD2-2D288E3EE7F4}.Release|x64.ActiveCfg = Release|Any CPU
		{0B31B46E-F378-42D6-9BD2-2D288E3EE7F4}.Release|x64.Build.0 = Release|Any CPU
		{0B31B46E-F378-42D6-9BD2-2D288E3EE7F4}.Release|x86.ActiveCfg = Release|Any CPU
		{0B31B46E-F378-42D6-9BD2-2D288E3EE7F4}.Release|x86.Build.0 = Release|Any CPU
		{0B31B46E-F378-42D6-9BD2-2D288E3EE7F4}.SingleImage|Any CPU.ActiveCfg = Release|Any CPU
		{0B31B46E-F378-42D6-9BD2-2D288E3EE7F4}.SingleImage|Any CPU.Build.0 = Release|Any CPU
		{0B31B46E-F378-42D6-9BD2-2D288E3EE7F4}.SingleImage|ARM.ActiveCfg = Release|Any CPU
		{0B31B46E-F378-42D6-9BD2-2D288E3EE7F4}.SingleImage|ARM.Build.0 = Release|Any CPU
		{0B31B46E-F378-42D6-9BD2-2D288E3EE7F4}.SingleImage|Mixed Platforms.ActiveCfg = Release|Any CPU
		{0B31B46E-F378-42D6-9BD2-2D288E3EE7F4}.SingleImage|Mixed Platforms.Build.0 = Release|Any CPU
		{0B31B46E-F378-42D6-9BD2-2D288E3EE7F4}.SingleImage|Win32.ActiveCfg = Release|Any CPU
		{0B31B46E-F378-42D6-9BD2-2D288E3EE7F4}.SingleImage|Win32.Build.0 = Release|Any CPU
		{0B31B46E-F378-42D6-9BD2-2D288E3EE7F4}.SingleImage|x64.ActiveCfg = Release|Any CPU
		{0B31B46E-F378-42D6-9BD2-2D288E3EE7F4}.SingleImage|x64.Build.0 = Release|Any CPU
		{0B31B46E-F378-42D6-9BD2-2D288E3EE7F4}.SingleImage|x86.ActiveCfg = Release|Any CPU
		{0B31B46E-F378-42D6-9BD2-2D288E3EE7F4}.SingleImage|x86.Build.0 = Release|Any CPU
		{A9DAA73D-FE45-4DD0-9CB7-B7892A3DB024}.CD_ROM|Any CPU.ActiveCfg = Release|Any CPU
		{A9DAA73D-FE45-4DD0-9CB7-B7892A3DB024}.CD_ROM|Any CPU.Build.0 = Release|Any CPU
		{A9DAA73D-FE45-4DD0-9CB7-B7892A3DB024}.CD_ROM|ARM.ActiveCfg = Release|Any CPU
		{A9DAA73D-FE45-4DD0-9CB7-B7892A3DB024}.CD_ROM|ARM.Build.0 = Release|Any CPU
		{A9DAA73D-FE45-4DD0-9CB7-B7892A3DB024}.CD_ROM|Mixed Platforms.ActiveCfg = Release|Any CPU
		{A9DAA73D-FE45-4DD0-9CB7-B7892A3DB024}.CD_ROM|Mixed Platforms.Build.0 = Release|Any CPU
		{A9DAA73D-FE45-4DD0-9CB7-B7892A3DB024}.CD_ROM|Win32.ActiveCfg = Release|Any CPU
		{A9DAA73D-FE45-4DD0-9CB7-B7892A3DB024}.CD_ROM|Win32.Build.0 = Release|Any CPU
		{A9DAA73D-FE45-4DD0-9CB7-B7892A3DB024}.CD_ROM|x64.ActiveCfg = Release|Any CPU
		{A9DAA73D-FE45-4DD0-9CB7-B7892A3DB024}.CD_ROM|x64.Build.0 = Release|Any CPU
		{A9DAA73D-FE45-4DD0-9CB7-B7892A3DB024}.CD_ROM|x86.ActiveCfg = Release|Any CPU
		{A9DAA73D-FE45-4DD0-9CB7-B7892A3DB024}.CD_ROM|x86.Build.0 = Release|Any CPU
		{A9DAA73D-FE45-4DD0-9CB7-B7892A3DB024}.Debug|Any CPU.ActiveCfg = Debug|Any CPU
		{A9DAA73D-FE45-4DD0-9CB7-B7892A3DB024}.Debug|Any CPU.Build.0 = Debug|Any CPU
		{A9DAA73D-FE45-4DD0-9CB7-B7892A3DB024}.Debug|ARM.ActiveCfg = Debug|Any CPU
		{A9DAA73D-FE45-4DD0-9CB7-B7892A3DB024}.Debug|ARM.Build.0 = Debug|Any CPU
		{A9DAA73D-FE45-4DD0-9CB7-B7892A3DB024}.Debug|Mixed Platforms.ActiveCfg = Debug|Any CPU
		{A9DAA73D-FE45-4DD0-9CB7-B7892A3DB024}.Debug|Mixed Platforms.Build.0 = Debug|Any CPU
		{A9DAA73D-FE45-4DD0-9CB7-B7892A3DB024}.Debug|Win32.ActiveCfg = Debug|Any CPU
		{A9DAA73D-FE45-4DD0-9CB7-B7892A3DB024}.Debug|Win32.Build.0 = Debug|Any CPU
		{A9DAA73D-FE45-4DD0-9CB7-B7892A3DB024}.Debug|x64.ActiveCfg = Debug|Any CPU
		{A9DAA73D-FE45-4DD0-9CB7-B7892A3DB024}.Debug|x64.Build.0 = Debug|Any CPU
		{A9DAA73D-FE45-4DD0-9CB7-B7892A3DB024}.Debug|x86.ActiveCfg = Debug|Any CPU
		{A9DAA73D-FE45-4DD0-9CB7-B7892A3DB024}.Debug|x86.Build.0 = Debug|Any CPU
		{A9DAA73D-FE45-4DD0-9CB7-B7892A3DB024}.DVD-5|Any CPU.ActiveCfg = Debug|Any CPU
		{A9DAA73D-FE45-4DD0-9CB7-B7892A3DB024}.DVD-5|Any CPU.Build.0 = Debug|Any CPU
		{A9DAA73D-FE45-4DD0-9CB7-B7892A3DB024}.DVD-5|ARM.ActiveCfg = Debug|Any CPU
		{A9DAA73D-FE45-4DD0-9CB7-B7892A3DB024}.DVD-5|ARM.Build.0 = Debug|Any CPU
		{A9DAA73D-FE45-4DD0-9CB7-B7892A3DB024}.DVD-5|Mixed Platforms.ActiveCfg = Debug|Any CPU
		{A9DAA73D-FE45-4DD0-9CB7-B7892A3DB024}.DVD-5|Mixed Platforms.Build.0 = Debug|Any CPU
		{A9DAA73D-FE45-4DD0-9CB7-B7892A3DB024}.DVD-5|Win32.ActiveCfg = Debug|Any CPU
		{A9DAA73D-FE45-4DD0-9CB7-B7892A3DB024}.DVD-5|Win32.Build.0 = Debug|Any CPU
		{A9DAA73D-FE45-4DD0-9CB7-B7892A3DB024}.DVD-5|x64.ActiveCfg = Debug|Any CPU
		{A9DAA73D-FE45-4DD0-9CB7-B7892A3DB024}.DVD-5|x64.Build.0 = Debug|Any CPU
		{A9DAA73D-FE45-4DD0-9CB7-B7892A3DB024}.DVD-5|x86.ActiveCfg = Debug|Any CPU
		{A9DAA73D-FE45-4DD0-9CB7-B7892A3DB024}.DVD-5|x86.Build.0 = Debug|Any CPU
		{A9DAA73D-FE45-4DD0-9CB7-B7892A3DB024}.Release|Any CPU.ActiveCfg = Release|Any CPU
		{A9DAA73D-FE45-4DD0-9CB7-B7892A3DB024}.Release|Any CPU.Build.0 = Release|Any CPU
		{A9DAA73D-FE45-4DD0-9CB7-B7892A3DB024}.Release|ARM.ActiveCfg = Release|Any CPU
		{A9DAA73D-FE45-4DD0-9CB7-B7892A3DB024}.Release|ARM.Build.0 = Release|Any CPU
		{A9DAA73D-FE45-4DD0-9CB7-B7892A3DB024}.Release|Mixed Platforms.ActiveCfg = Release|Any CPU
		{A9DAA73D-FE45-4DD0-9CB7-B7892A3DB024}.Release|Mixed Platforms.Build.0 = Release|Any CPU
		{A9DAA73D-FE45-4DD0-9CB7-B7892A3DB024}.Release|Win32.ActiveCfg = Release|Any CPU
		{A9DAA73D-FE45-4DD0-9CB7-B7892A3DB024}.Release|Win32.Build.0 = Release|Any CPU
		{A9DAA73D-FE45-4DD0-9CB7-B7892A3DB024}.Release|x64.ActiveCfg = Release|Any CPU
		{A9DAA73D-FE45-4DD0-9CB7-B7892A3DB024}.Release|x64.Build.0 = Release|Any CPU
		{A9DAA73D-FE45-4DD0-9CB7-B7892A3DB024}.Release|x86.ActiveCfg = Release|Any CPU
		{A9DAA73D-FE45-4DD0-9CB7-B7892A3DB024}.Release|x86.Build.0 = Release|Any CPU
		{A9DAA73D-FE45-4DD0-9CB7-B7892A3DB024}.SingleImage|Any CPU.ActiveCfg = Release|Any CPU
		{A9DAA73D-FE45-4DD0-9CB7-B7892A3DB024}.SingleImage|Any CPU.Build.0 = Release|Any CPU
		{A9DAA73D-FE45-4DD0-9CB7-B7892A3DB024}.SingleImage|ARM.ActiveCfg = Release|Any CPU
		{A9DAA73D-FE45-4DD0-9CB7-B7892A3DB024}.SingleImage|ARM.Build.0 = Release|Any CPU
		{A9DAA73D-FE45-4DD0-9CB7-B7892A3DB024}.SingleImage|Mixed Platforms.ActiveCfg = Release|Any CPU
		{A9DAA73D-FE45-4DD0-9CB7-B7892A3DB024}.SingleImage|Mixed Platforms.Build.0 = Release|Any CPU
		{A9DAA73D-FE45-4DD0-9CB7-B7892A3DB024}.SingleImage|Win32.ActiveCfg = Release|Any CPU
		{A9DAA73D-FE45-4DD0-9CB7-B7892A3DB024}.SingleImage|Win32.Build.0 = Release|Any CPU
		{A9DAA73D-FE45-4DD0-9CB7-B7892A3DB024}.SingleImage|x64.ActiveCfg = Release|Any CPU
		{A9DAA73D-FE45-4DD0-9CB7-B7892A3DB024}.SingleImage|x64.Build.0 = Release|Any CPU
		{A9DAA73D-FE45-4DD0-9CB7-B7892A3DB024}.SingleImage|x86.ActiveCfg = Release|Any CPU
		{A9DAA73D-FE45-4DD0-9CB7-B7892A3DB024}.SingleImage|x86.Build.0 = Release|Any CPU
		{F3A41641-6FC8-43FD-939F-1A8B8BBCBE55}.CD_ROM|Any CPU.ActiveCfg = Release|Any CPU
		{F3A41641-6FC8-43FD-939F-1A8B8BBCBE55}.CD_ROM|Any CPU.Build.0 = Release|Any CPU
		{F3A41641-6FC8-43FD-939F-1A8B8BBCBE55}.CD_ROM|ARM.ActiveCfg = Release|Any CPU
		{F3A41641-6FC8-43FD-939F-1A8B8BBCBE55}.CD_ROM|ARM.Build.0 = Release|Any CPU
		{F3A41641-6FC8-43FD-939F-1A8B8BBCBE55}.CD_ROM|Mixed Platforms.ActiveCfg = Release|Any CPU
		{F3A41641-6FC8-43FD-939F-1A8B8BBCBE55}.CD_ROM|Mixed Platforms.Build.0 = Release|Any CPU
		{F3A41641-6FC8-43FD-939F-1A8B8BBCBE55}.CD_ROM|Win32.ActiveCfg = Release|Any CPU
		{F3A41641-6FC8-43FD-939F-1A8B8BBCBE55}.CD_ROM|Win32.Build.0 = Release|Any CPU
		{F3A41641-6FC8-43FD-939F-1A8B8BBCBE55}.CD_ROM|x64.ActiveCfg = Release|Any CPU
		{F3A41641-6FC8-43FD-939F-1A8B8BBCBE55}.CD_ROM|x64.Build.0 = Release|Any CPU
		{F3A41641-6FC8-43FD-939F-1A8B8BBCBE55}.CD_ROM|x86.ActiveCfg = Release|Any CPU
		{F3A41641-6FC8-43FD-939F-1A8B8BBCBE55}.CD_ROM|x86.Build.0 = Release|Any CPU
		{F3A41641-6FC8-43FD-939F-1A8B8BBCBE55}.Debug|Any CPU.ActiveCfg = Debug|Any CPU
		{F3A41641-6FC8-43FD-939F-1A8B8BBCBE55}.Debug|Any CPU.Build.0 = Debug|Any CPU
		{F3A41641-6FC8-43FD-939F-1A8B8BBCBE55}.Debug|ARM.ActiveCfg = Debug|Any CPU
		{F3A41641-6FC8-43FD-939F-1A8B8BBCBE55}.Debug|ARM.Build.0 = Debug|Any CPU
		{F3A41641-6FC8-43FD-939F-1A8B8BBCBE55}.Debug|Mixed Platforms.ActiveCfg = Debug|Any CPU
		{F3A41641-6FC8-43FD-939F-1A8B8BBCBE55}.Debug|Mixed Platforms.Build.0 = Debug|Any CPU
		{F3A41641-6FC8-43FD-939F-1A8B8BBCBE55}.Debug|Win32.ActiveCfg = Debug|Any CPU
		{F3A41641-6FC8-43FD-939F-1A8B8BBCBE55}.Debug|Win32.Build.0 = Debug|Any CPU
		{F3A41641-6FC8-43FD-939F-1A8B8BBCBE55}.Debug|x64.ActiveCfg = Debug|Any CPU
		{F3A41641-6FC8-43FD-939F-1A8B8BBCBE55}.Debug|x64.Build.0 = Debug|Any CPU
		{F3A41641-6FC8-43FD-939F-1A8B8BBCBE55}.Debug|x86.ActiveCfg = Debug|Any CPU
		{F3A41641-6FC8-43FD-939F-1A8B8BBCBE55}.Debug|x86.Build.0 = Debug|Any CPU
		{F3A41641-6FC8-43FD-939F-1A8B8BBCBE55}.DVD-5|Any CPU.ActiveCfg = Debug|Any CPU
		{F3A41641-6FC8-43FD-939F-1A8B8BBCBE55}.DVD-5|Any CPU.Build.0 = Debug|Any CPU
		{F3A41641-6FC8-43FD-939F-1A8B8BBCBE55}.DVD-5|ARM.ActiveCfg = Debug|Any CPU
		{F3A41641-6FC8-43FD-939F-1A8B8BBCBE55}.DVD-5|ARM.Build.0 = Debug|Any CPU
		{F3A41641-6FC8-43FD-939F-1A8B8BBCBE55}.DVD-5|Mixed Platforms.ActiveCfg = Debug|Any CPU
		{F3A41641-6FC8-43FD-939F-1A8B8BBCBE55}.DVD-5|Mixed Platforms.Build.0 = Debug|Any CPU
		{F3A41641-6FC8-43FD-939F-1A8B8BBCBE55}.DVD-5|Win32.ActiveCfg = Debug|Any CPU
		{F3A41641-6FC8-43FD-939F-1A8B8BBCBE55}.DVD-5|Win32.Build.0 = Debug|Any CPU
		{F3A41641-6FC8-43FD-939F-1A8B8BBCBE55}.DVD-5|x64.ActiveCfg = Debug|Any CPU
		{F3A41641-6FC8-43FD-939F-1A8B8BBCBE55}.DVD-5|x64.Build.0 = Debug|Any CPU
		{F3A41641-6FC8-43FD-939F-1A8B8BBCBE55}.DVD-5|x86.ActiveCfg = Debug|Any CPU
		{F3A41641-6FC8-43FD-939F-1A8B8BBCBE55}.DVD-5|x86.Build.0 = Debug|Any CPU
		{F3A41641-6FC8-43FD-939F-1A8B8BBCBE55}.Release|Any CPU.ActiveCfg = Release|Any CPU
		{F3A41641-6FC8-43FD-939F-1A8B8BBCBE55}.Release|Any CPU.Build.0 = Release|Any CPU
		{F3A41641-6FC8-43FD-939F-1A8B8BBCBE55}.Release|ARM.ActiveCfg = Release|Any CPU
		{F3A41641-6FC8-43FD-939F-1A8B8BBCBE55}.Release|ARM.Build.0 = Release|Any CPU
		{F3A41641-6FC8-43FD-939F-1A8B8BBCBE55}.Release|Mixed Platforms.ActiveCfg = Release|Any CPU
		{F3A41641-6FC8-43FD-939F-1A8B8BBCBE55}.Release|Mixed Platforms.Build.0 = Release|Any CPU
		{F3A41641-6FC8-43FD-939F-1A8B8BBCBE55}.Release|Win32.ActiveCfg = Release|Any CPU
		{F3A41641-6FC8-43FD-939F-1A8B8BBCBE55}.Release|Win32.Build.0 = Release|Any CPU
		{F3A41641-6FC8-43FD-939F-1A8B8BBCBE55}.Release|x64.ActiveCfg = Release|Any CPU
		{F3A41641-6FC8-43FD-939F-1A8B8BBCBE55}.Release|x64.Build.0 = Release|Any CPU
		{F3A41641-6FC8-43FD-939F-1A8B8BBCBE55}.Release|x86.ActiveCfg = Release|Any CPU
		{F3A41641-6FC8-43FD-939F-1A8B8BBCBE55}.Release|x86.Build.0 = Release|Any CPU
		{F3A41641-6FC8-43FD-939F-1A8B8BBCBE55}.SingleImage|Any CPU.ActiveCfg = Release|Any CPU
		{F3A41641-6FC8-43FD-939F-1A8B8BBCBE55}.SingleImage|Any CPU.Build.0 = Release|Any CPU
		{F3A41641-6FC8-43FD-939F-1A8B8BBCBE55}.SingleImage|ARM.ActiveCfg = Release|Any CPU
		{F3A41641-6FC8-43FD-939F-1A8B8BBCBE55}.SingleImage|ARM.Build.0 = Release|Any CPU
		{F3A41641-6FC8-43FD-939F-1A8B8BBCBE55}.SingleImage|Mixed Platforms.ActiveCfg = Release|Any CPU
		{F3A41641-6FC8-43FD-939F-1A8B8BBCBE55}.SingleImage|Mixed Platforms.Build.0 = Release|Any CPU
		{F3A41641-6FC8-43FD-939F-1A8B8BBCBE55}.SingleImage|Win32.ActiveCfg = Release|Any CPU
		{F3A41641-6FC8-43FD-939F-1A8B8BBCBE55}.SingleImage|Win32.Build.0 = Release|Any CPU
		{F3A41641-6FC8-43FD-939F-1A8B8BBCBE55}.SingleImage|x64.ActiveCfg = Release|Any CPU
		{F3A41641-6FC8-43FD-939F-1A8B8BBCBE55}.SingleImage|x64.Build.0 = Release|Any CPU
		{F3A41641-6FC8-43FD-939F-1A8B8BBCBE55}.SingleImage|x86.ActiveCfg = Release|Any CPU
		{F3A41641-6FC8-43FD-939F-1A8B8BBCBE55}.SingleImage|x86.Build.0 = Release|Any CPU
		{72CE629F-EC54-48EA-ABCC-27C6BB590AFB}.CD_ROM|Any CPU.ActiveCfg = Release|x86
		{72CE629F-EC54-48EA-ABCC-27C6BB590AFB}.CD_ROM|Any CPU.Build.0 = Release|x86
		{72CE629F-EC54-48EA-ABCC-27C6BB590AFB}.CD_ROM|Any CPU.Deploy.0 = Release|x86
		{72CE629F-EC54-48EA-ABCC-27C6BB590AFB}.CD_ROM|ARM.ActiveCfg = Release|ARM
		{72CE629F-EC54-48EA-ABCC-27C6BB590AFB}.CD_ROM|ARM.Build.0 = Release|ARM
		{72CE629F-EC54-48EA-ABCC-27C6BB590AFB}.CD_ROM|ARM.Deploy.0 = Release|ARM
		{72CE629F-EC54-48EA-ABCC-27C6BB590AFB}.CD_ROM|Mixed Platforms.ActiveCfg = Release|x86
		{72CE629F-EC54-48EA-ABCC-27C6BB590AFB}.CD_ROM|Mixed Platforms.Build.0 = Release|x86
		{72CE629F-EC54-48EA-ABCC-27C6BB590AFB}.CD_ROM|Mixed Platforms.Deploy.0 = Release|x86
		{72CE629F-EC54-48EA-ABCC-27C6BB590AFB}.CD_ROM|Win32.ActiveCfg = Release|x86
		{72CE629F-EC54-48EA-ABCC-27C6BB590AFB}.CD_ROM|Win32.Build.0 = Release|x86
		{72CE629F-EC54-48EA-ABCC-27C6BB590AFB}.CD_ROM|Win32.Deploy.0 = Release|x86
		{72CE629F-EC54-48EA-ABCC-27C6BB590AFB}.CD_ROM|x64.ActiveCfg = Release|x64
		{72CE629F-EC54-48EA-ABCC-27C6BB590AFB}.CD_ROM|x64.Build.0 = Release|x64
		{72CE629F-EC54-48EA-ABCC-27C6BB590AFB}.CD_ROM|x64.Deploy.0 = Release|x64
		{72CE629F-EC54-48EA-ABCC-27C6BB590AFB}.CD_ROM|x86.ActiveCfg = Release|x86
		{72CE629F-EC54-48EA-ABCC-27C6BB590AFB}.CD_ROM|x86.Build.0 = Release|x86
		{72CE629F-EC54-48EA-ABCC-27C6BB590AFB}.CD_ROM|x86.Deploy.0 = Release|x86
		{72CE629F-EC54-48EA-ABCC-27C6BB590AFB}.Debug|Any CPU.ActiveCfg = Debug|x86
		{72CE629F-EC54-48EA-ABCC-27C6BB590AFB}.Debug|ARM.ActiveCfg = Debug|ARM
		{72CE629F-EC54-48EA-ABCC-27C6BB590AFB}.Debug|ARM.Build.0 = Debug|ARM
		{72CE629F-EC54-48EA-ABCC-27C6BB590AFB}.Debug|ARM.Deploy.0 = Debug|ARM
		{72CE629F-EC54-48EA-ABCC-27C6BB590AFB}.Debug|Mixed Platforms.ActiveCfg = Debug|x86
		{72CE629F-EC54-48EA-ABCC-27C6BB590AFB}.Debug|Mixed Platforms.Build.0 = Debug|x86
		{72CE629F-EC54-48EA-ABCC-27C6BB590AFB}.Debug|Mixed Platforms.Deploy.0 = Debug|x86
		{72CE629F-EC54-48EA-ABCC-27C6BB590AFB}.Debug|Win32.ActiveCfg = Debug|x86
		{72CE629F-EC54-48EA-ABCC-27C6BB590AFB}.Debug|Win32.Build.0 = Debug|x86
		{72CE629F-EC54-48EA-ABCC-27C6BB590AFB}.Debug|Win32.Deploy.0 = Debug|x86
		{72CE629F-EC54-48EA-ABCC-27C6BB590AFB}.Debug|x64.ActiveCfg = Debug|x64
		{72CE629F-EC54-48EA-ABCC-27C6BB590AFB}.Debug|x64.Build.0 = Debug|x64
		{72CE629F-EC54-48EA-ABCC-27C6BB590AFB}.Debug|x64.Deploy.0 = Debug|x64
		{72CE629F-EC54-48EA-ABCC-27C6BB590AFB}.Debug|x86.ActiveCfg = Debug|x86
		{72CE629F-EC54-48EA-ABCC-27C6BB590AFB}.Debug|x86.Build.0 = Debug|x86
		{72CE629F-EC54-48EA-ABCC-27C6BB590AFB}.Debug|x86.Deploy.0 = Debug|x86
		{72CE629F-EC54-48EA-ABCC-27C6BB590AFB}.DVD-5|Any CPU.ActiveCfg = Release|x86
		{72CE629F-EC54-48EA-ABCC-27C6BB590AFB}.DVD-5|Any CPU.Build.0 = Release|x86
		{72CE629F-EC54-48EA-ABCC-27C6BB590AFB}.DVD-5|Any CPU.Deploy.0 = Release|x86
		{72CE629F-EC54-48EA-ABCC-27C6BB590AFB}.DVD-5|ARM.ActiveCfg = Debug|ARM
		{72CE629F-EC54-48EA-ABCC-27C6BB590AFB}.DVD-5|ARM.Build.0 = Debug|ARM
		{72CE629F-EC54-48EA-ABCC-27C6BB590AFB}.DVD-5|ARM.Deploy.0 = Debug|ARM
		{72CE629F-EC54-48EA-ABCC-27C6BB590AFB}.DVD-5|Mixed Platforms.ActiveCfg = Debug|x86
		{72CE629F-EC54-48EA-ABCC-27C6BB590AFB}.DVD-5|Mixed Platforms.Build.0 = Debug|x86
		{72CE629F-EC54-48EA-ABCC-27C6BB590AFB}.DVD-5|Mixed Platforms.Deploy.0 = Debug|x86
		{72CE629F-EC54-48EA-ABCC-27C6BB590AFB}.DVD-5|Win32.ActiveCfg = Debug|x86
		{72CE629F-EC54-48EA-ABCC-27C6BB590AFB}.DVD-5|Win32.Build.0 = Debug|x86
		{72CE629F-EC54-48EA-ABCC-27C6BB590AFB}.DVD-5|Win32.Deploy.0 = Debug|x86
		{72CE629F-EC54-48EA-ABCC-27C6BB590AFB}.DVD-5|x64.ActiveCfg = Debug|x64
		{72CE629F-EC54-48EA-ABCC-27C6BB590AFB}.DVD-5|x64.Build.0 = Debug|x64
		{72CE629F-EC54-48EA-ABCC-27C6BB590AFB}.DVD-5|x64.Deploy.0 = Debug|x64
		{72CE629F-EC54-48EA-ABCC-27C6BB590AFB}.DVD-5|x86.ActiveCfg = Debug|x86
		{72CE629F-EC54-48EA-ABCC-27C6BB590AFB}.DVD-5|x86.Build.0 = Debug|x86
		{72CE629F-EC54-48EA-ABCC-27C6BB590AFB}.DVD-5|x86.Deploy.0 = Debug|x86
		{72CE629F-EC54-48EA-ABCC-27C6BB590AFB}.Release|Any CPU.ActiveCfg = Release|x86
		{72CE629F-EC54-48EA-ABCC-27C6BB590AFB}.Release|ARM.ActiveCfg = Release|ARM
		{72CE629F-EC54-48EA-ABCC-27C6BB590AFB}.Release|ARM.Build.0 = Release|ARM
		{72CE629F-EC54-48EA-ABCC-27C6BB590AFB}.Release|ARM.Deploy.0 = Release|ARM
		{72CE629F-EC54-48EA-ABCC-27C6BB590AFB}.Release|Mixed Platforms.ActiveCfg = Release|x86
		{72CE629F-EC54-48EA-ABCC-27C6BB590AFB}.Release|Mixed Platforms.Build.0 = Release|x86
		{72CE629F-EC54-48EA-ABCC-27C6BB590AFB}.Release|Mixed Platforms.Deploy.0 = Release|x86
		{72CE629F-EC54-48EA-ABCC-27C6BB590AFB}.Release|Win32.ActiveCfg = Release|x86
		{72CE629F-EC54-48EA-ABCC-27C6BB590AFB}.Release|Win32.Build.0 = Release|x86
		{72CE629F-EC54-48EA-ABCC-27C6BB590AFB}.Release|Win32.Deploy.0 = Release|x86
		{72CE629F-EC54-48EA-ABCC-27C6BB590AFB}.Release|x64.ActiveCfg = Release|x64
		{72CE629F-EC54-48EA-ABCC-27C6BB590AFB}.Release|x64.Build.0 = Release|x64
		{72CE629F-EC54-48EA-ABCC-27C6BB590AFB}.Release|x64.Deploy.0 = Release|x64
		{72CE629F-EC54-48EA-ABCC-27C6BB590AFB}.Release|x86.ActiveCfg = Release|x86
		{72CE629F-EC54-48EA-ABCC-27C6BB590AFB}.Release|x86.Build.0 = Release|x86
		{72CE629F-EC54-48EA-ABCC-27C6BB590AFB}.Release|x86.Deploy.0 = Release|x86
		{72CE629F-EC54-48EA-ABCC-27C6BB590AFB}.SingleImage|Any CPU.ActiveCfg = Release|x86
		{72CE629F-EC54-48EA-ABCC-27C6BB590AFB}.SingleImage|Any CPU.Build.0 = Release|x86
		{72CE629F-EC54-48EA-ABCC-27C6BB590AFB}.SingleImage|Any CPU.Deploy.0 = Release|x86
		{72CE629F-EC54-48EA-ABCC-27C6BB590AFB}.SingleImage|ARM.ActiveCfg = Release|ARM
		{72CE629F-EC54-48EA-ABCC-27C6BB590AFB}.SingleImage|ARM.Build.0 = Release|ARM
		{72CE629F-EC54-48EA-ABCC-27C6BB590AFB}.SingleImage|ARM.Deploy.0 = Release|ARM
		{72CE629F-EC54-48EA-ABCC-27C6BB590AFB}.SingleImage|Mixed Platforms.ActiveCfg = Release|x86
		{72CE629F-EC54-48EA-ABCC-27C6BB590AFB}.SingleImage|Mixed Platforms.Build.0 = Release|x86
		{72CE629F-EC54-48EA-ABCC-27C6BB590AFB}.SingleImage|Mixed Platforms.Deploy.0 = Release|x86
		{72CE629F-EC54-48EA-ABCC-27C6BB590AFB}.SingleImage|Win32.ActiveCfg = Release|x86
		{72CE629F-EC54-48EA-ABCC-27C6BB590AFB}.SingleImage|Win32.Build.0 = Release|x86
		{72CE629F-EC54-48EA-ABCC-27C6BB590AFB}.SingleImage|Win32.Deploy.0 = Release|x86
		{72CE629F-EC54-48EA-ABCC-27C6BB590AFB}.SingleImage|x64.ActiveCfg = Release|x64
		{72CE629F-EC54-48EA-ABCC-27C6BB590AFB}.SingleImage|x64.Build.0 = Release|x64
		{72CE629F-EC54-48EA-ABCC-27C6BB590AFB}.SingleImage|x64.Deploy.0 = Release|x64
		{72CE629F-EC54-48EA-ABCC-27C6BB590AFB}.SingleImage|x86.ActiveCfg = Release|x86
		{72CE629F-EC54-48EA-ABCC-27C6BB590AFB}.SingleImage|x86.Build.0 = Release|x86
		{72CE629F-EC54-48EA-ABCC-27C6BB590AFB}.SingleImage|x86.Deploy.0 = Release|x86
		{B9FA9617-FFAF-45E0-95FF-96FF5CDAFBFA}.CD_ROM|Any CPU.ActiveCfg = Debug|Any CPU
		{B9FA9617-FFAF-45E0-95FF-96FF5CDAFBFA}.CD_ROM|Any CPU.Build.0 = Debug|Any CPU
		{B9FA9617-FFAF-45E0-95FF-96FF5CDAFBFA}.CD_ROM|ARM.ActiveCfg = Debug|Any CPU
		{B9FA9617-FFAF-45E0-95FF-96FF5CDAFBFA}.CD_ROM|ARM.Build.0 = Debug|Any CPU
		{B9FA9617-FFAF-45E0-95FF-96FF5CDAFBFA}.CD_ROM|Mixed Platforms.ActiveCfg = Debug|Any CPU
		{B9FA9617-FFAF-45E0-95FF-96FF5CDAFBFA}.CD_ROM|Mixed Platforms.Build.0 = Debug|Any CPU
		{B9FA9617-FFAF-45E0-95FF-96FF5CDAFBFA}.CD_ROM|Win32.ActiveCfg = Debug|Any CPU
		{B9FA9617-FFAF-45E0-95FF-96FF5CDAFBFA}.CD_ROM|Win32.Build.0 = Debug|Any CPU
		{B9FA9617-FFAF-45E0-95FF-96FF5CDAFBFA}.CD_ROM|x64.ActiveCfg = Debug|Any CPU
		{B9FA9617-FFAF-45E0-95FF-96FF5CDAFBFA}.CD_ROM|x64.Build.0 = Debug|Any CPU
		{B9FA9617-FFAF-45E0-95FF-96FF5CDAFBFA}.CD_ROM|x86.ActiveCfg = Debug|Any CPU
		{B9FA9617-FFAF-45E0-95FF-96FF5CDAFBFA}.CD_ROM|x86.Build.0 = Debug|Any CPU
		{B9FA9617-FFAF-45E0-95FF-96FF5CDAFBFA}.Debug|Any CPU.ActiveCfg = Debug|Any CPU
		{B9FA9617-FFAF-45E0-95FF-96FF5CDAFBFA}.Debug|Any CPU.Build.0 = Debug|Any CPU
		{B9FA9617-FFAF-45E0-95FF-96FF5CDAFBFA}.Debug|ARM.ActiveCfg = Debug|Any CPU
		{B9FA9617-FFAF-45E0-95FF-96FF5CDAFBFA}.Debug|ARM.Build.0 = Debug|Any CPU
		{B9FA9617-FFAF-45E0-95FF-96FF5CDAFBFA}.Debug|Mixed Platforms.ActiveCfg = Debug|Any CPU
		{B9FA9617-FFAF-45E0-95FF-96FF5CDAFBFA}.Debug|Mixed Platforms.Build.0 = Debug|Any CPU
		{B9FA9617-FFAF-45E0-95FF-96FF5CDAFBFA}.Debug|Win32.ActiveCfg = Debug|Any CPU
		{B9FA9617-FFAF-45E0-95FF-96FF5CDAFBFA}.Debug|Win32.Build.0 = Debug|Any CPU
		{B9FA9617-FFAF-45E0-95FF-96FF5CDAFBFA}.Debug|x64.ActiveCfg = Debug|Any CPU
		{B9FA9617-FFAF-45E0-95FF-96FF5CDAFBFA}.Debug|x64.Build.0 = Debug|Any CPU
		{B9FA9617-FFAF-45E0-95FF-96FF5CDAFBFA}.Debug|x86.ActiveCfg = Debug|Any CPU
		{B9FA9617-FFAF-45E0-95FF-96FF5CDAFBFA}.Debug|x86.Build.0 = Debug|Any CPU
		{B9FA9617-FFAF-45E0-95FF-96FF5CDAFBFA}.DVD-5|Any CPU.ActiveCfg = Debug|Any CPU
		{B9FA9617-FFAF-45E0-95FF-96FF5CDAFBFA}.DVD-5|Any CPU.Build.0 = Debug|Any CPU
		{B9FA9617-FFAF-45E0-95FF-96FF5CDAFBFA}.DVD-5|ARM.ActiveCfg = Debug|Any CPU
		{B9FA9617-FFAF-45E0-95FF-96FF5CDAFBFA}.DVD-5|ARM.Build.0 = Debug|Any CPU
		{B9FA9617-FFAF-45E0-95FF-96FF5CDAFBFA}.DVD-5|Mixed Platforms.ActiveCfg = Debug|Any CPU
		{B9FA9617-FFAF-45E0-95FF-96FF5CDAFBFA}.DVD-5|Mixed Platforms.Build.0 = Debug|Any CPU
		{B9FA9617-FFAF-45E0-95FF-96FF5CDAFBFA}.DVD-5|Win32.ActiveCfg = Debug|Any CPU
		{B9FA9617-FFAF-45E0-95FF-96FF5CDAFBFA}.DVD-5|Win32.Build.0 = Debug|Any CPU
		{B9FA9617-FFAF-45E0-95FF-96FF5CDAFBFA}.DVD-5|x64.ActiveCfg = Debug|Any CPU
		{B9FA9617-FFAF-45E0-95FF-96FF5CDAFBFA}.DVD-5|x64.Build.0 = Debug|Any CPU
		{B9FA9617-FFAF-45E0-95FF-96FF5CDAFBFA}.DVD-5|x86.ActiveCfg = Debug|Any CPU
		{B9FA9617-FFAF-45E0-95FF-96FF5CDAFBFA}.DVD-5|x86.Build.0 = Debug|Any CPU
		{B9FA9617-FFAF-45E0-95FF-96FF5CDAFBFA}.Release|Any CPU.ActiveCfg = Release|Any CPU
		{B9FA9617-FFAF-45E0-95FF-96FF5CDAFBFA}.Release|Any CPU.Build.0 = Release|Any CPU
		{B9FA9617-FFAF-45E0-95FF-96FF5CDAFBFA}.Release|ARM.ActiveCfg = Release|Any CPU
		{B9FA9617-FFAF-45E0-95FF-96FF5CDAFBFA}.Release|ARM.Build.0 = Release|Any CPU
		{B9FA9617-FFAF-45E0-95FF-96FF5CDAFBFA}.Release|Mixed Platforms.ActiveCfg = Release|Any CPU
		{B9FA9617-FFAF-45E0-95FF-96FF5CDAFBFA}.Release|Mixed Platforms.Build.0 = Release|Any CPU
		{B9FA9617-FFAF-45E0-95FF-96FF5CDAFBFA}.Release|Win32.ActiveCfg = Release|Any CPU
		{B9FA9617-FFAF-45E0-95FF-96FF5CDAFBFA}.Release|Win32.Build.0 = Release|Any CPU
		{B9FA9617-FFAF-45E0-95FF-96FF5CDAFBFA}.Release|x64.ActiveCfg = Release|Any CPU
		{B9FA9617-FFAF-45E0-95FF-96FF5CDAFBFA}.Release|x64.Build.0 = Release|Any CPU
		{B9FA9617-FFAF-45E0-95FF-96FF5CDAFBFA}.Release|x86.ActiveCfg = Release|Any CPU
		{B9FA9617-FFAF-45E0-95FF-96FF5CDAFBFA}.Release|x86.Build.0 = Release|Any CPU
		{B9FA9617-FFAF-45E0-95FF-96FF5CDAFBFA}.SingleImage|Any CPU.ActiveCfg = Debug|Any CPU
		{B9FA9617-FFAF-45E0-95FF-96FF5CDAFBFA}.SingleImage|Any CPU.Build.0 = Debug|Any CPU
		{B9FA9617-FFAF-45E0-95FF-96FF5CDAFBFA}.SingleImage|ARM.ActiveCfg = Debug|Any CPU
		{B9FA9617-FFAF-45E0-95FF-96FF5CDAFBFA}.SingleImage|ARM.Build.0 = Debug|Any CPU
		{B9FA9617-FFAF-45E0-95FF-96FF5CDAFBFA}.SingleImage|Mixed Platforms.ActiveCfg = Debug|Any CPU
		{B9FA9617-FFAF-45E0-95FF-96FF5CDAFBFA}.SingleImage|Mixed Platforms.Build.0 = Debug|Any CPU
		{B9FA9617-FFAF-45E0-95FF-96FF5CDAFBFA}.SingleImage|Win32.ActiveCfg = Debug|Any CPU
		{B9FA9617-FFAF-45E0-95FF-96FF5CDAFBFA}.SingleImage|Win32.Build.0 = Debug|Any CPU
		{B9FA9617-FFAF-45E0-95FF-96FF5CDAFBFA}.SingleImage|x64.ActiveCfg = Debug|Any CPU
		{B9FA9617-FFAF-45E0-95FF-96FF5CDAFBFA}.SingleImage|x64.Build.0 = Debug|Any CPU
		{B9FA9617-FFAF-45E0-95FF-96FF5CDAFBFA}.SingleImage|x86.ActiveCfg = Debug|Any CPU
		{B9FA9617-FFAF-45E0-95FF-96FF5CDAFBFA}.SingleImage|x86.Build.0 = Debug|Any CPU
		{BFE6AF54-94ED-4808-827D-64A54612D8AD}.CD_ROM|Any CPU.ActiveCfg = Release|Any CPU
		{BFE6AF54-94ED-4808-827D-64A54612D8AD}.CD_ROM|Any CPU.Build.0 = Release|Any CPU
		{BFE6AF54-94ED-4808-827D-64A54612D8AD}.CD_ROM|ARM.ActiveCfg = Release|Any CPU
		{BFE6AF54-94ED-4808-827D-64A54612D8AD}.CD_ROM|ARM.Build.0 = Release|Any CPU
		{BFE6AF54-94ED-4808-827D-64A54612D8AD}.CD_ROM|Mixed Platforms.ActiveCfg = Release|Any CPU
		{BFE6AF54-94ED-4808-827D-64A54612D8AD}.CD_ROM|Mixed Platforms.Build.0 = Release|Any CPU
		{BFE6AF54-94ED-4808-827D-64A54612D8AD}.CD_ROM|Win32.ActiveCfg = Release|Any CPU
		{BFE6AF54-94ED-4808-827D-64A54612D8AD}.CD_ROM|Win32.Build.0 = Release|Any CPU
		{BFE6AF54-94ED-4808-827D-64A54612D8AD}.CD_ROM|x64.ActiveCfg = Release|Any CPU
		{BFE6AF54-94ED-4808-827D-64A54612D8AD}.CD_ROM|x64.Build.0 = Release|Any CPU
		{BFE6AF54-94ED-4808-827D-64A54612D8AD}.CD_ROM|x86.ActiveCfg = Release|Any CPU
		{BFE6AF54-94ED-4808-827D-64A54612D8AD}.CD_ROM|x86.Build.0 = Release|Any CPU
		{BFE6AF54-94ED-4808-827D-64A54612D8AD}.Debug|Any CPU.ActiveCfg = Debug|Any CPU
		{BFE6AF54-94ED-4808-827D-64A54612D8AD}.Debug|Any CPU.Build.0 = Debug|Any CPU
		{BFE6AF54-94ED-4808-827D-64A54612D8AD}.Debug|ARM.ActiveCfg = Debug|Any CPU
		{BFE6AF54-94ED-4808-827D-64A54612D8AD}.Debug|ARM.Build.0 = Debug|Any CPU
		{BFE6AF54-94ED-4808-827D-64A54612D8AD}.Debug|Mixed Platforms.ActiveCfg = Debug|Any CPU
		{BFE6AF54-94ED-4808-827D-64A54612D8AD}.Debug|Mixed Platforms.Build.0 = Debug|Any CPU
		{BFE6AF54-94ED-4808-827D-64A54612D8AD}.Debug|Win32.ActiveCfg = Debug|Any CPU
		{BFE6AF54-94ED-4808-827D-64A54612D8AD}.Debug|Win32.Build.0 = Debug|Any CPU
		{BFE6AF54-94ED-4808-827D-64A54612D8AD}.Debug|x64.ActiveCfg = Debug|Any CPU
		{BFE6AF54-94ED-4808-827D-64A54612D8AD}.Debug|x64.Build.0 = Debug|Any CPU
		{BFE6AF54-94ED-4808-827D-64A54612D8AD}.Debug|x86.ActiveCfg = Debug|Any CPU
		{BFE6AF54-94ED-4808-827D-64A54612D8AD}.Debug|x86.Build.0 = Debug|Any CPU
		{BFE6AF54-94ED-4808-827D-64A54612D8AD}.DVD-5|Any CPU.ActiveCfg = Debug|Any CPU
		{BFE6AF54-94ED-4808-827D-64A54612D8AD}.DVD-5|Any CPU.Build.0 = Debug|Any CPU
		{BFE6AF54-94ED-4808-827D-64A54612D8AD}.DVD-5|ARM.ActiveCfg = Debug|Any CPU
		{BFE6AF54-94ED-4808-827D-64A54612D8AD}.DVD-5|ARM.Build.0 = Debug|Any CPU
		{BFE6AF54-94ED-4808-827D-64A54612D8AD}.DVD-5|Mixed Platforms.ActiveCfg = Debug|Any CPU
		{BFE6AF54-94ED-4808-827D-64A54612D8AD}.DVD-5|Mixed Platforms.Build.0 = Debug|Any CPU
		{BFE6AF54-94ED-4808-827D-64A54612D8AD}.DVD-5|Win32.ActiveCfg = Debug|Any CPU
		{BFE6AF54-94ED-4808-827D-64A54612D8AD}.DVD-5|Win32.Build.0 = Debug|Any CPU
		{BFE6AF54-94ED-4808-827D-64A54612D8AD}.DVD-5|x64.ActiveCfg = Debug|Any CPU
		{BFE6AF54-94ED-4808-827D-64A54612D8AD}.DVD-5|x64.Build.0 = Debug|Any CPU
		{BFE6AF54-94ED-4808-827D-64A54612D8AD}.DVD-5|x86.ActiveCfg = Debug|Any CPU
		{BFE6AF54-94ED-4808-827D-64A54612D8AD}.DVD-5|x86.Build.0 = Debug|Any CPU
		{BFE6AF54-94ED-4808-827D-64A54612D8AD}.Release|Any CPU.ActiveCfg = Release|Any CPU
		{BFE6AF54-94ED-4808-827D-64A54612D8AD}.Release|Any CPU.Build.0 = Release|Any CPU
		{BFE6AF54-94ED-4808-827D-64A54612D8AD}.Release|ARM.ActiveCfg = Release|Any CPU
		{BFE6AF54-94ED-4808-827D-64A54612D8AD}.Release|ARM.Build.0 = Release|Any CPU
		{BFE6AF54-94ED-4808-827D-64A54612D8AD}.Release|Mixed Platforms.ActiveCfg = Release|Any CPU
		{BFE6AF54-94ED-4808-827D-64A54612D8AD}.Release|Mixed Platforms.Build.0 = Release|Any CPU
		{BFE6AF54-94ED-4808-827D-64A54612D8AD}.Release|Win32.ActiveCfg = Release|Any CPU
		{BFE6AF54-94ED-4808-827D-64A54612D8AD}.Release|Win32.Build.0 = Release|Any CPU
		{BFE6AF54-94ED-4808-827D-64A54612D8AD}.Release|x64.ActiveCfg = Release|Any CPU
		{BFE6AF54-94ED-4808-827D-64A54612D8AD}.Release|x64.Build.0 = Release|Any CPU
		{BFE6AF54-94ED-4808-827D-64A54612D8AD}.Release|x86.ActiveCfg = Release|Any CPU
		{BFE6AF54-94ED-4808-827D-64A54612D8AD}.Release|x86.Build.0 = Release|Any CPU
		{BFE6AF54-94ED-4808-827D-64A54612D8AD}.SingleImage|Any CPU.ActiveCfg = Release|Any CPU
		{BFE6AF54-94ED-4808-827D-64A54612D8AD}.SingleImage|Any CPU.Build.0 = Release|Any CPU
		{BFE6AF54-94ED-4808-827D-64A54612D8AD}.SingleImage|ARM.ActiveCfg = Release|Any CPU
		{BFE6AF54-94ED-4808-827D-64A54612D8AD}.SingleImage|ARM.Build.0 = Release|Any CPU
		{BFE6AF54-94ED-4808-827D-64A54612D8AD}.SingleImage|Mixed Platforms.ActiveCfg = Release|Any CPU
		{BFE6AF54-94ED-4808-827D-64A54612D8AD}.SingleImage|Mixed Platforms.Build.0 = Release|Any CPU
		{BFE6AF54-94ED-4808-827D-64A54612D8AD}.SingleImage|Win32.ActiveCfg = Release|Any CPU
		{BFE6AF54-94ED-4808-827D-64A54612D8AD}.SingleImage|Win32.Build.0 = Release|Any CPU
		{BFE6AF54-94ED-4808-827D-64A54612D8AD}.SingleImage|x64.ActiveCfg = Release|Any CPU
		{BFE6AF54-94ED-4808-827D-64A54612D8AD}.SingleImage|x64.Build.0 = Release|Any CPU
		{BFE6AF54-94ED-4808-827D-64A54612D8AD}.SingleImage|x86.ActiveCfg = Release|Any CPU
		{BFE6AF54-94ED-4808-827D-64A54612D8AD}.SingleImage|x86.Build.0 = Release|Any CPU
		{F85FFD61-CEC5-420E-A521-31C475580CAD}.CD_ROM|Any CPU.ActiveCfg = Release|Any CPU
		{F85FFD61-CEC5-420E-A521-31C475580CAD}.CD_ROM|Any CPU.Build.0 = Release|Any CPU
		{F85FFD61-CEC5-420E-A521-31C475580CAD}.CD_ROM|ARM.ActiveCfg = Release|ARM
		{F85FFD61-CEC5-420E-A521-31C475580CAD}.CD_ROM|ARM.Build.0 = Release|ARM
		{F85FFD61-CEC5-420E-A521-31C475580CAD}.CD_ROM|Mixed Platforms.ActiveCfg = Release|x86
		{F85FFD61-CEC5-420E-A521-31C475580CAD}.CD_ROM|Mixed Platforms.Build.0 = Release|x86
		{F85FFD61-CEC5-420E-A521-31C475580CAD}.CD_ROM|Win32.ActiveCfg = Release|x86
		{F85FFD61-CEC5-420E-A521-31C475580CAD}.CD_ROM|Win32.Build.0 = Release|x86
		{F85FFD61-CEC5-420E-A521-31C475580CAD}.CD_ROM|x64.ActiveCfg = Release|x64
		{F85FFD61-CEC5-420E-A521-31C475580CAD}.CD_ROM|x64.Build.0 = Release|x64
		{F85FFD61-CEC5-420E-A521-31C475580CAD}.CD_ROM|x86.ActiveCfg = Release|x86
		{F85FFD61-CEC5-420E-A521-31C475580CAD}.CD_ROM|x86.Build.0 = Release|x86
		{F85FFD61-CEC5-420E-A521-31C475580CAD}.Debug|Any CPU.ActiveCfg = Debug|Any CPU
		{F85FFD61-CEC5-420E-A521-31C475580CAD}.Debug|Any CPU.Build.0 = Debug|Any CPU
		{F85FFD61-CEC5-420E-A521-31C475580CAD}.Debug|ARM.ActiveCfg = Debug|ARM
		{F85FFD61-CEC5-420E-A521-31C475580CAD}.Debug|ARM.Build.0 = Debug|ARM
		{F85FFD61-CEC5-420E-A521-31C475580CAD}.Debug|Mixed Platforms.ActiveCfg = Debug|x86
		{F85FFD61-CEC5-420E-A521-31C475580CAD}.Debug|Mixed Platforms.Build.0 = Debug|x86
		{F85FFD61-CEC5-420E-A521-31C475580CAD}.Debug|Win32.ActiveCfg = Debug|x86
		{F85FFD61-CEC5-420E-A521-31C475580CAD}.Debug|Win32.Build.0 = Debug|x86
		{F85FFD61-CEC5-420E-A521-31C475580CAD}.Debug|x64.ActiveCfg = Debug|x64
		{F85FFD61-CEC5-420E-A521-31C475580CAD}.Debug|x64.Build.0 = Debug|x64
		{F85FFD61-CEC5-420E-A521-31C475580CAD}.Debug|x86.ActiveCfg = Debug|x86
		{F85FFD61-CEC5-420E-A521-31C475580CAD}.Debug|x86.Build.0 = Debug|x86
		{F85FFD61-CEC5-420E-A521-31C475580CAD}.DVD-5|Any CPU.ActiveCfg = Debug|Any CPU
		{F85FFD61-CEC5-420E-A521-31C475580CAD}.DVD-5|Any CPU.Build.0 = Debug|Any CPU
		{F85FFD61-CEC5-420E-A521-31C475580CAD}.DVD-5|ARM.ActiveCfg = Debug|ARM
		{F85FFD61-CEC5-420E-A521-31C475580CAD}.DVD-5|ARM.Build.0 = Debug|ARM
		{F85FFD61-CEC5-420E-A521-31C475580CAD}.DVD-5|Mixed Platforms.ActiveCfg = Debug|x86
		{F85FFD61-CEC5-420E-A521-31C475580CAD}.DVD-5|Mixed Platforms.Build.0 = Debug|x86
		{F85FFD61-CEC5-420E-A521-31C475580CAD}.DVD-5|Win32.ActiveCfg = Debug|x86
		{F85FFD61-CEC5-420E-A521-31C475580CAD}.DVD-5|Win32.Build.0 = Debug|x86
		{F85FFD61-CEC5-420E-A521-31C475580CAD}.DVD-5|x64.ActiveCfg = Debug|x64
		{F85FFD61-CEC5-420E-A521-31C475580CAD}.DVD-5|x64.Build.0 = Debug|x64
		{F85FFD61-CEC5-420E-A521-31C475580CAD}.DVD-5|x86.ActiveCfg = Debug|x86
		{F85FFD61-CEC5-420E-A521-31C475580CAD}.DVD-5|x86.Build.0 = Debug|x86
		{F85FFD61-CEC5-420E-A521-31C475580CAD}.Release|Any CPU.ActiveCfg = Release|Any CPU
		{F85FFD61-CEC5-420E-A521-31C475580CAD}.Release|Any CPU.Build.0 = Release|Any CPU
		{F85FFD61-CEC5-420E-A521-31C475580CAD}.Release|ARM.ActiveCfg = Release|ARM
		{F85FFD61-CEC5-420E-A521-31C475580CAD}.Release|ARM.Build.0 = Release|ARM
		{F85FFD61-CEC5-420E-A521-31C475580CAD}.Release|Mixed Platforms.ActiveCfg = Release|x86
		{F85FFD61-CEC5-420E-A521-31C475580CAD}.Release|Mixed Platforms.Build.0 = Release|x86
		{F85FFD61-CEC5-420E-A521-31C475580CAD}.Release|Win32.ActiveCfg = Release|x86
		{F85FFD61-CEC5-420E-A521-31C475580CAD}.Release|Win32.Build.0 = Release|x86
		{F85FFD61-CEC5-420E-A521-31C475580CAD}.Release|x64.ActiveCfg = Release|x64
		{F85FFD61-CEC5-420E-A521-31C475580CAD}.Release|x64.Build.0 = Release|x64
		{F85FFD61-CEC5-420E-A521-31C475580CAD}.Release|x86.ActiveCfg = Release|x86
		{F85FFD61-CEC5-420E-A521-31C475580CAD}.Release|x86.Build.0 = Release|x86
		{F85FFD61-CEC5-420E-A521-31C475580CAD}.SingleImage|Any CPU.ActiveCfg = Release|Any CPU
		{F85FFD61-CEC5-420E-A521-31C475580CAD}.SingleImage|Any CPU.Build.0 = Release|Any CPU
		{F85FFD61-CEC5-420E-A521-31C475580CAD}.SingleImage|ARM.ActiveCfg = Release|ARM
		{F85FFD61-CEC5-420E-A521-31C475580CAD}.SingleImage|ARM.Build.0 = Release|ARM
		{F85FFD61-CEC5-420E-A521-31C475580CAD}.SingleImage|Mixed Platforms.ActiveCfg = Release|x86
		{F85FFD61-CEC5-420E-A521-31C475580CAD}.SingleImage|Mixed Platforms.Build.0 = Release|x86
		{F85FFD61-CEC5-420E-A521-31C475580CAD}.SingleImage|Win32.ActiveCfg = Release|x86
		{F85FFD61-CEC5-420E-A521-31C475580CAD}.SingleImage|Win32.Build.0 = Release|x86
		{F85FFD61-CEC5-420E-A521-31C475580CAD}.SingleImage|x64.ActiveCfg = Release|x64
		{F85FFD61-CEC5-420E-A521-31C475580CAD}.SingleImage|x64.Build.0 = Release|x64
		{F85FFD61-CEC5-420E-A521-31C475580CAD}.SingleImage|x86.ActiveCfg = Release|x86
		{F85FFD61-CEC5-420E-A521-31C475580CAD}.SingleImage|x86.Build.0 = Release|x86
		{BF47946E-5F0C-4B62-B9A7-F6F984570E33}.CD_ROM|Any CPU.ActiveCfg = Debug|Any CPU
		{BF47946E-5F0C-4B62-B9A7-F6F984570E33}.CD_ROM|Any CPU.Build.0 = Debug|Any CPU
		{BF47946E-5F0C-4B62-B9A7-F6F984570E33}.CD_ROM|ARM.ActiveCfg = Debug|Any CPU
		{BF47946E-5F0C-4B62-B9A7-F6F984570E33}.CD_ROM|ARM.Build.0 = Debug|Any CPU
		{BF47946E-5F0C-4B62-B9A7-F6F984570E33}.CD_ROM|Mixed Platforms.ActiveCfg = Debug|Any CPU
		{BF47946E-5F0C-4B62-B9A7-F6F984570E33}.CD_ROM|Mixed Platforms.Build.0 = Debug|Any CPU
		{BF47946E-5F0C-4B62-B9A7-F6F984570E33}.CD_ROM|Win32.ActiveCfg = Debug|Any CPU
		{BF47946E-5F0C-4B62-B9A7-F6F984570E33}.CD_ROM|Win32.Build.0 = Debug|Any CPU
		{BF47946E-5F0C-4B62-B9A7-F6F984570E33}.CD_ROM|x64.ActiveCfg = Debug|Any CPU
		{BF47946E-5F0C-4B62-B9A7-F6F984570E33}.CD_ROM|x64.Build.0 = Debug|Any CPU
		{BF47946E-5F0C-4B62-B9A7-F6F984570E33}.CD_ROM|x86.ActiveCfg = Debug|Any CPU
		{BF47946E-5F0C-4B62-B9A7-F6F984570E33}.CD_ROM|x86.Build.0 = Debug|Any CPU
		{BF47946E-5F0C-4B62-B9A7-F6F984570E33}.Debug|Any CPU.ActiveCfg = Debug|Any CPU
		{BF47946E-5F0C-4B62-B9A7-F6F984570E33}.Debug|Any CPU.Build.0 = Debug|Any CPU
		{BF47946E-5F0C-4B62-B9A7-F6F984570E33}.Debug|ARM.ActiveCfg = Debug|Any CPU
		{BF47946E-5F0C-4B62-B9A7-F6F984570E33}.Debug|ARM.Build.0 = Debug|Any CPU
		{BF47946E-5F0C-4B62-B9A7-F6F984570E33}.Debug|Mixed Platforms.ActiveCfg = Debug|Any CPU
		{BF47946E-5F0C-4B62-B9A7-F6F984570E33}.Debug|Mixed Platforms.Build.0 = Debug|Any CPU
		{BF47946E-5F0C-4B62-B9A7-F6F984570E33}.Debug|Win32.ActiveCfg = Debug|Any CPU
		{BF47946E-5F0C-4B62-B9A7-F6F984570E33}.Debug|Win32.Build.0 = Debug|Any CPU
		{BF47946E-5F0C-4B62-B9A7-F6F984570E33}.Debug|x64.ActiveCfg = Debug|Any CPU
		{BF47946E-5F0C-4B62-B9A7-F6F984570E33}.Debug|x64.Build.0 = Debug|Any CPU
		{BF47946E-5F0C-4B62-B9A7-F6F984570E33}.Debug|x86.ActiveCfg = Debug|Any CPU
		{BF47946E-5F0C-4B62-B9A7-F6F984570E33}.Debug|x86.Build.0 = Debug|Any CPU
		{BF47946E-5F0C-4B62-B9A7-F6F984570E33}.DVD-5|Any CPU.ActiveCfg = Debug|Any CPU
		{BF47946E-5F0C-4B62-B9A7-F6F984570E33}.DVD-5|Any CPU.Build.0 = Debug|Any CPU
		{BF47946E-5F0C-4B62-B9A7-F6F984570E33}.DVD-5|ARM.ActiveCfg = Debug|Any CPU
		{BF47946E-5F0C-4B62-B9A7-F6F984570E33}.DVD-5|ARM.Build.0 = Debug|Any CPU
		{BF47946E-5F0C-4B62-B9A7-F6F984570E33}.DVD-5|Mixed Platforms.ActiveCfg = Debug|Any CPU
		{BF47946E-5F0C-4B62-B9A7-F6F984570E33}.DVD-5|Mixed Platforms.Build.0 = Debug|Any CPU
		{BF47946E-5F0C-4B62-B9A7-F6F984570E33}.DVD-5|Win32.ActiveCfg = Debug|Any CPU
		{BF47946E-5F0C-4B62-B9A7-F6F984570E33}.DVD-5|Win32.Build.0 = Debug|Any CPU
		{BF47946E-5F0C-4B62-B9A7-F6F984570E33}.DVD-5|x64.ActiveCfg = Debug|Any CPU
		{BF47946E-5F0C-4B62-B9A7-F6F984570E33}.DVD-5|x64.Build.0 = Debug|Any CPU
		{BF47946E-5F0C-4B62-B9A7-F6F984570E33}.DVD-5|x86.ActiveCfg = Debug|Any CPU
		{BF47946E-5F0C-4B62-B9A7-F6F984570E33}.DVD-5|x86.Build.0 = Debug|Any CPU
		{BF47946E-5F0C-4B62-B9A7-F6F984570E33}.Release|Any CPU.ActiveCfg = Release|Any CPU
		{BF47946E-5F0C-4B62-B9A7-F6F984570E33}.Release|Any CPU.Build.0 = Release|Any CPU
		{BF47946E-5F0C-4B62-B9A7-F6F984570E33}.Release|ARM.ActiveCfg = Release|Any CPU
		{BF47946E-5F0C-4B62-B9A7-F6F984570E33}.Release|ARM.Build.0 = Release|Any CPU
		{BF47946E-5F0C-4B62-B9A7-F6F984570E33}.Release|Mixed Platforms.ActiveCfg = Release|Any CPU
		{BF47946E-5F0C-4B62-B9A7-F6F984570E33}.Release|Mixed Platforms.Build.0 = Release|Any CPU
		{BF47946E-5F0C-4B62-B9A7-F6F984570E33}.Release|Win32.ActiveCfg = Release|Any CPU
		{BF47946E-5F0C-4B62-B9A7-F6F984570E33}.Release|Win32.Build.0 = Release|Any CPU
		{BF47946E-5F0C-4B62-B9A7-F6F984570E33}.Release|x64.ActiveCfg = Release|Any CPU
		{BF47946E-5F0C-4B62-B9A7-F6F984570E33}.Release|x64.Build.0 = Release|Any CPU
		{BF47946E-5F0C-4B62-B9A7-F6F984570E33}.Release|x86.ActiveCfg = Release|Any CPU
		{BF47946E-5F0C-4B62-B9A7-F6F984570E33}.Release|x86.Build.0 = Release|Any CPU
		{BF47946E-5F0C-4B62-B9A7-F6F984570E33}.SingleImage|Any CPU.ActiveCfg = Debug|Any CPU
		{BF47946E-5F0C-4B62-B9A7-F6F984570E33}.SingleImage|Any CPU.Build.0 = Debug|Any CPU
		{BF47946E-5F0C-4B62-B9A7-F6F984570E33}.SingleImage|ARM.ActiveCfg = Debug|Any CPU
		{BF47946E-5F0C-4B62-B9A7-F6F984570E33}.SingleImage|ARM.Build.0 = Debug|Any CPU
		{BF47946E-5F0C-4B62-B9A7-F6F984570E33}.SingleImage|Mixed Platforms.ActiveCfg = Debug|Any CPU
		{BF47946E-5F0C-4B62-B9A7-F6F984570E33}.SingleImage|Mixed Platforms.Build.0 = Debug|Any CPU
		{BF47946E-5F0C-4B62-B9A7-F6F984570E33}.SingleImage|Win32.ActiveCfg = Debug|Any CPU
		{BF47946E-5F0C-4B62-B9A7-F6F984570E33}.SingleImage|Win32.Build.0 = Debug|Any CPU
		{BF47946E-5F0C-4B62-B9A7-F6F984570E33}.SingleImage|x64.ActiveCfg = Debug|Any CPU
		{BF47946E-5F0C-4B62-B9A7-F6F984570E33}.SingleImage|x64.Build.0 = Debug|Any CPU
		{BF47946E-5F0C-4B62-B9A7-F6F984570E33}.SingleImage|x86.ActiveCfg = Debug|Any CPU
		{BF47946E-5F0C-4B62-B9A7-F6F984570E33}.SingleImage|x86.Build.0 = Debug|Any CPU
		{F89549A7-34E9-4B53-8446-B8BA48A8C1E2}.CD_ROM|Any CPU.ActiveCfg = Debug|Any CPU
		{F89549A7-34E9-4B53-8446-B8BA48A8C1E2}.CD_ROM|Any CPU.Build.0 = Debug|Any CPU
		{F89549A7-34E9-4B53-8446-B8BA48A8C1E2}.CD_ROM|ARM.ActiveCfg = Debug|Any CPU
		{F89549A7-34E9-4B53-8446-B8BA48A8C1E2}.CD_ROM|ARM.Build.0 = Debug|Any CPU
		{F89549A7-34E9-4B53-8446-B8BA48A8C1E2}.CD_ROM|Mixed Platforms.ActiveCfg = Debug|Any CPU
		{F89549A7-34E9-4B53-8446-B8BA48A8C1E2}.CD_ROM|Mixed Platforms.Build.0 = Debug|Any CPU
		{F89549A7-34E9-4B53-8446-B8BA48A8C1E2}.CD_ROM|Win32.ActiveCfg = Debug|Any CPU
		{F89549A7-34E9-4B53-8446-B8BA48A8C1E2}.CD_ROM|Win32.Build.0 = Debug|Any CPU
		{F89549A7-34E9-4B53-8446-B8BA48A8C1E2}.CD_ROM|x64.ActiveCfg = Debug|Any CPU
		{F89549A7-34E9-4B53-8446-B8BA48A8C1E2}.CD_ROM|x64.Build.0 = Debug|Any CPU
		{F89549A7-34E9-4B53-8446-B8BA48A8C1E2}.CD_ROM|x86.ActiveCfg = Debug|Any CPU
		{F89549A7-34E9-4B53-8446-B8BA48A8C1E2}.CD_ROM|x86.Build.0 = Debug|Any CPU
		{F89549A7-34E9-4B53-8446-B8BA48A8C1E2}.Debug|Any CPU.ActiveCfg = Debug|Any CPU
		{F89549A7-34E9-4B53-8446-B8BA48A8C1E2}.Debug|Any CPU.Build.0 = Debug|Any CPU
		{F89549A7-34E9-4B53-8446-B8BA48A8C1E2}.Debug|ARM.ActiveCfg = Debug|Any CPU
		{F89549A7-34E9-4B53-8446-B8BA48A8C1E2}.Debug|ARM.Build.0 = Debug|Any CPU
		{F89549A7-34E9-4B53-8446-B8BA48A8C1E2}.Debug|Mixed Platforms.ActiveCfg = Debug|Any CPU
		{F89549A7-34E9-4B53-8446-B8BA48A8C1E2}.Debug|Mixed Platforms.Build.0 = Debug|Any CPU
		{F89549A7-34E9-4B53-8446-B8BA48A8C1E2}.Debug|Win32.ActiveCfg = Debug|Any CPU
		{F89549A7-34E9-4B53-8446-B8BA48A8C1E2}.Debug|Win32.Build.0 = Debug|Any CPU
		{F89549A7-34E9-4B53-8446-B8BA48A8C1E2}.Debug|x64.ActiveCfg = Debug|Any CPU
		{F89549A7-34E9-4B53-8446-B8BA48A8C1E2}.Debug|x64.Build.0 = Debug|Any CPU
		{F89549A7-34E9-4B53-8446-B8BA48A8C1E2}.Debug|x86.ActiveCfg = Debug|Any CPU
		{F89549A7-34E9-4B53-8446-B8BA48A8C1E2}.Debug|x86.Build.0 = Debug|Any CPU
		{F89549A7-34E9-4B53-8446-B8BA48A8C1E2}.DVD-5|Any CPU.ActiveCfg = Debug|Any CPU
		{F89549A7-34E9-4B53-8446-B8BA48A8C1E2}.DVD-5|Any CPU.Build.0 = Debug|Any CPU
		{F89549A7-34E9-4B53-8446-B8BA48A8C1E2}.DVD-5|ARM.ActiveCfg = Debug|Any CPU
		{F89549A7-34E9-4B53-8446-B8BA48A8C1E2}.DVD-5|ARM.Build.0 = Debug|Any CPU
		{F89549A7-34E9-4B53-8446-B8BA48A8C1E2}.DVD-5|Mixed Platforms.ActiveCfg = Debug|Any CPU
		{F89549A7-34E9-4B53-8446-B8BA48A8C1E2}.DVD-5|Mixed Platforms.Build.0 = Debug|Any CPU
		{F89549A7-34E9-4B53-8446-B8BA48A8C1E2}.DVD-5|Win32.ActiveCfg = Debug|Any CPU
		{F89549A7-34E9-4B53-8446-B8BA48A8C1E2}.DVD-5|Win32.Build.0 = Debug|Any CPU
		{F89549A7-34E9-4B53-8446-B8BA48A8C1E2}.DVD-5|x64.ActiveCfg = Debug|Any CPU
		{F89549A7-34E9-4B53-8446-B8BA48A8C1E2}.DVD-5|x64.Build.0 = Debug|Any CPU
		{F89549A7-34E9-4B53-8446-B8BA48A8C1E2}.DVD-5|x86.ActiveCfg = Debug|Any CPU
		{F89549A7-34E9-4B53-8446-B8BA48A8C1E2}.DVD-5|x86.Build.0 = Debug|Any CPU
		{F89549A7-34E9-4B53-8446-B8BA48A8C1E2}.Release|Any CPU.ActiveCfg = Release|Any CPU
		{F89549A7-34E9-4B53-8446-B8BA48A8C1E2}.Release|Any CPU.Build.0 = Release|Any CPU
		{F89549A7-34E9-4B53-8446-B8BA48A8C1E2}.Release|ARM.ActiveCfg = Release|Any CPU
		{F89549A7-34E9-4B53-8446-B8BA48A8C1E2}.Release|ARM.Build.0 = Release|Any CPU
		{F89549A7-34E9-4B53-8446-B8BA48A8C1E2}.Release|Mixed Platforms.ActiveCfg = Release|Any CPU
		{F89549A7-34E9-4B53-8446-B8BA48A8C1E2}.Release|Mixed Platforms.Build.0 = Release|Any CPU
		{F89549A7-34E9-4B53-8446-B8BA48A8C1E2}.Release|Win32.ActiveCfg = Release|Any CPU
		{F89549A7-34E9-4B53-8446-B8BA48A8C1E2}.Release|Win32.Build.0 = Release|Any CPU
		{F89549A7-34E9-4B53-8446-B8BA48A8C1E2}.Release|x64.ActiveCfg = Release|Any CPU
		{F89549A7-34E9-4B53-8446-B8BA48A8C1E2}.Release|x64.Build.0 = Release|Any CPU
		{F89549A7-34E9-4B53-8446-B8BA48A8C1E2}.Release|x86.ActiveCfg = Release|Any CPU
		{F89549A7-34E9-4B53-8446-B8BA48A8C1E2}.Release|x86.Build.0 = Release|Any CPU
		{F89549A7-34E9-4B53-8446-B8BA48A8C1E2}.SingleImage|Any CPU.ActiveCfg = Debug|Any CPU
		{F89549A7-34E9-4B53-8446-B8BA48A8C1E2}.SingleImage|Any CPU.Build.0 = Debug|Any CPU
		{F89549A7-34E9-4B53-8446-B8BA48A8C1E2}.SingleImage|ARM.ActiveCfg = Debug|Any CPU
		{F89549A7-34E9-4B53-8446-B8BA48A8C1E2}.SingleImage|ARM.Build.0 = Debug|Any CPU
		{F89549A7-34E9-4B53-8446-B8BA48A8C1E2}.SingleImage|Mixed Platforms.ActiveCfg = Debug|Any CPU
		{F89549A7-34E9-4B53-8446-B8BA48A8C1E2}.SingleImage|Mixed Platforms.Build.0 = Debug|Any CPU
		{F89549A7-34E9-4B53-8446-B8BA48A8C1E2}.SingleImage|Win32.ActiveCfg = Debug|Any CPU
		{F89549A7-34E9-4B53-8446-B8BA48A8C1E2}.SingleImage|Win32.Build.0 = Debug|Any CPU
		{F89549A7-34E9-4B53-8446-B8BA48A8C1E2}.SingleImage|x64.ActiveCfg = Debug|Any CPU
		{F89549A7-34E9-4B53-8446-B8BA48A8C1E2}.SingleImage|x64.Build.0 = Debug|Any CPU
		{F89549A7-34E9-4B53-8446-B8BA48A8C1E2}.SingleImage|x86.ActiveCfg = Debug|Any CPU
		{F89549A7-34E9-4B53-8446-B8BA48A8C1E2}.SingleImage|x86.Build.0 = Debug|Any CPU
	EndGlobalSection
	GlobalSection(SolutionProperties) = preSolution
		HideSolutionNode = FALSE
	EndGlobalSection
	GlobalSection(NestedProjects) = preSolution
		{C8E8A7CF-DE33-4726-9A4D-EDD44B2E21AC} = {2FF8142F-1D57-4C65-8B92-FDC05B1807A4}
		{A0972348-87D1-4799-8320-EAEE2A8C757E} = {C8E8A7CF-DE33-4726-9A4D-EDD44B2E21AC}
		{5E3C7568-0F30-49C6-988C-8A5BC079FEDA} = {14C61884-5954-4927-BF72-FE5242166E82}
		{D335D125-3FFD-4DF4-98D1-ADA577E84DBB} = {14C61884-5954-4927-BF72-FE5242166E82}
		{94B38DC9-ECC0-4FA3-9E69-5BA5F57C7851} = {D335D125-3FFD-4DF4-98D1-ADA577E84DBB}
		{6985D545-2E56-4F48-8839-A2BC66B6FCCA} = {D335D125-3FFD-4DF4-98D1-ADA577E84DBB}
		{EB069DCA-B097-4240-9E50-3880ECCACEB2} = {6AAACE9F-DE36-40A6-97B0-91324D931CF3}
		{837CBB0D-9706-4DDC-B190-B33315035A1A} = {DC6AA69C-A27C-4FE5-96E7-5D9B1575F52D}
		{BEDE3A84-FD3A-4EA8-A14A-FB856A157CCD} = {837CBB0D-9706-4DDC-B190-B33315035A1A}
		{41E80DEE-6FCA-4EDA-B7C4-40EA5F829DAD} = {837CBB0D-9706-4DDC-B190-B33315035A1A}
		{70EC5198-6773-4934-B90A-C4E47C9B6DAE} = {DC6AA69C-A27C-4FE5-96E7-5D9B1575F52D}
		{9ADE14EB-1EFC-486C-833C-B08D3BEDA4E5} = {70EC5198-6773-4934-B90A-C4E47C9B6DAE}
		{AD4D3601-528E-42B9-B3DE-D28D88C0B325} = {70EC5198-6773-4934-B90A-C4E47C9B6DAE}
		{39EBBCA8-1435-455B-B8C5-2D823203FB8E} = {70EC5198-6773-4934-B90A-C4E47C9B6DAE}
		{1DE6BF69-B056-4216-AF01-CCCE8DCEED17} = {70EC5198-6773-4934-B90A-C4E47C9B6DAE}
		{3F2FE187-564C-452F-A3B5-55DAC3A0937F} = {AD4D3601-528E-42B9-B3DE-D28D88C0B325}
		{B1618CC5-A581-42BB-ADBB-C6245FC91664} = {AD4D3601-528E-42B9-B3DE-D28D88C0B325}
		{0B31B46E-F378-42D6-9BD2-2D288E3EE7F4} = {AD4D3601-528E-42B9-B3DE-D28D88C0B325}
		{A9DAA73D-FE45-4DD0-9CB7-B7892A3DB024} = {AD4D3601-528E-42B9-B3DE-D28D88C0B325}
		{F3A41641-6FC8-43FD-939F-1A8B8BBCBE55} = {AD4D3601-528E-42B9-B3DE-D28D88C0B325}
		{72CE629F-EC54-48EA-ABCC-27C6BB590AFB} = {9ADE14EB-1EFC-486C-833C-B08D3BEDA4E5}
		{B9FA9617-FFAF-45E0-95FF-96FF5CDAFBFA} = {837CBB0D-9706-4DDC-B190-B33315035A1A}
		{BFE6AF54-94ED-4808-827D-64A54612D8AD} = {837CBB0D-9706-4DDC-B190-B33315035A1A}
		{F85FFD61-CEC5-420E-A521-31C475580CAD} = {837CBB0D-9706-4DDC-B190-B33315035A1A}
		{BF47946E-5F0C-4B62-B9A7-F6F984570E33} = {0BA70C99-DE78-4E51-8159-12CC3C9E8656}
		{F89549A7-34E9-4B53-8446-B8BA48A8C1E2} = {0BA70C99-DE78-4E51-8159-12CC3C9E8656}
	EndGlobalSection
EndGlobal
