
Microsoft Visual Studio Solution File, Format Version 12.00
# Visual Studio 14
VisualStudioVersion = 14.0.23107.0
MinimumVisualStudioVersion = 10.0.40219.1
Project("{2150E333-8FDC-42A3-9474-1A3956D46DE8}") = "API", "API", "{446AFD09-2F7D-4294-8BC0-203F9917D168}"
EndProject
Project("{2150E333-8FDC-42A3-9474-1A3956D46DE8}") = "Demos", "Demos", "{6631ED9A-E797-4345-9EDC-3640E278CEBA}"
EndProject
Project("{FAE04EC0-301F-11D3-BF4B-00C04F79EFBC}") = "Treehopper.Win32", "NET\Platform\Win32\API\Treehopper.Win32\Treehopper.Win32.csproj", "{F95AE191-C4CA-4A18-88FB-15880D644862}"
EndProject
Global
	GlobalSection(SolutionConfigurationPlatforms) = preSolution
		Debug|Any CPU = Debug|Any CPU
		Release|Any CPU = Release|Any CPU
	EndGlobalSection
	GlobalSection(ProjectConfigurationPlatforms) = postSolution
		{F95AE191-C4CA-4A18-88FB-15880D644862}.Debug|Any CPU.ActiveCfg = Debug|Any CPU
		{F95AE191-C4CA-4A18-88FB-15880D644862}.Debug|Any CPU.Build.0 = Debug|Any CPU
		{F95AE191-C4CA-4A18-88FB-15880D644862}.Release|Any CPU.ActiveCfg = Release|Any CPU
		{F95AE191-C4CA-4A18-88FB-15880D644862}.Release|Any CPU.Build.0 = Release|Any CPU
	EndGlobalSection
	GlobalSection(SolutionProperties) = preSolution
		HideSolutionNode = FALSE
	EndGlobalSection
	GlobalSection(NestedProjects) = preSolution
		{F95AE191-C4CA-4A18-88FB-15880D644862} = {446AFD09-2F7D-4294-8BC0-203F9917D168}
	EndGlobalSection
EndGlobal
