#MicroXplorer Configuration settings - do not modify
ADC1.Channel-0\#ChannelRegularConversion=ADC_CHANNEL_0
ADC1.IPParameters=Rank-0\#ChannelRegularConversion,Channel-0\#ChannelRegularConversion,SamplingTime-0\#ChannelRegularConversion,NbrOfConversionFlag,master
ADC1.NbrOfConversionFlag=1
ADC1.Rank-0\#ChannelRegularConversion=1
ADC1.SamplingTime-0\#ChannelRegularConversion=ADC_SAMPLETIME_3CYCLES
ADC1.master=1
ADC2.Channel-18\#ChannelRegularConversion=ADC_CHANNEL_0
ADC2.IPParameters=Rank-18\#ChannelRegularConversion,Channel-18\#ChannelRegularConversion,SamplingTime-18\#ChannelRegularConversion,NbrOfConversionFlag
ADC2.NbrOfConversionFlag=1
ADC2.Rank-18\#ChannelRegularConversion=1
ADC2.SamplingTime-18\#ChannelRegularConversion=ADC_SAMPLETIME_3CYCLES
ADC3.Channel-16\#ChannelRegularConversion=ADC_CHANNEL_0
ADC3.IPParameters=Rank-16\#ChannelRegularConversion,Channel-16\#ChannelRegularConversion,SamplingTime-16\#ChannelRegularConversion,NbrOfConversionFlag
ADC3.NbrOfConversionFlag=1
ADC3.Rank-16\#ChannelRegularConversion=1
ADC3.SamplingTime-16\#ChannelRegularConversion=ADC_SAMPLETIME_3CYCLES
CAN1.CalculateTimeQuantum=1000.0
CAN1.IPParameters=CalculateTimeQuantum
ETH.IPParameters=MediaInterface
ETH.MediaInterface=ETH_MEDIA_INTERFACE_RMII
File.Version=6
I2S3.ErrorAudioFreq=-0.27 %
I2S3.FullDuplexMode=I2S_FULLDUPLEXMODE_ENABLE
I2S3.IPParameters=Instance,VirtualMode,FullDuplexMode,RealAudioFreq,ErrorAudioFreq
I2S3.Instance=SPI$Index
I2S3.RealAudioFreq=7.978 KHz
I2S3.VirtualMode=I2S_MODE_MASTER
KeepUserPlacement=false
Mcu.Family=STM32F4
Mcu.IP0=ADC1
Mcu.IP1=ADC2
Mcu.IP10=RCC
Mcu.IP11=RNG
Mcu.IP12=SPI1
Mcu.IP13=SYS
Mcu.IP14=TIM1
Mcu.IP15=TIM3
Mcu.IP16=TIM4
Mcu.IP17=TIM9
Mcu.IP18=TIM10
Mcu.IP19=TIM11
Mcu.IP2=ADC3
Mcu.IP20=USART1
Mcu.IP21=USART2
Mcu.IP22=USART3
Mcu.IP23=USB_OTG_HS
Mcu.IP3=CAN1
Mcu.IP4=DAC
Mcu.IP5=ETH
Mcu.IP6=I2C1
Mcu.IP7=I2C3
Mcu.IP8=I2S3
Mcu.IP9=NVIC
Mcu.IPNb=24
Mcu.Name=STM32F407V(E-G)Tx
Mcu.Package=LQFP100
Mcu.Pin0=PE5
Mcu.Pin1=PE6
Mcu.Pin10=PA4
Mcu.Pin11=PA5
Mcu.Pin12=PA6
Mcu.Pin13=PA7
Mcu.Pin14=PC4
Mcu.Pin15=PC5
Mcu.Pin16=PB0
Mcu.Pin17=PB1
Mcu.Pin18=PE9
Mcu.Pin19=PE11
Mcu.Pin2=PC0
Mcu.Pin20=PE13
Mcu.Pin21=PE14
Mcu.Pin22=PB11
Mcu.Pin23=PB12
Mcu.Pin24=PB13
Mcu.Pin25=PB14
Mcu.Pin26=PB15
Mcu.Pin27=PD8
Mcu.Pin28=PD9
Mcu.Pin29=PD12
Mcu.Pin3=PC1
Mcu.Pin30=PD13
Mcu.Pin31=PD14
Mcu.Pin32=PD15
Mcu.Pin33=PC6
Mcu.Pin34=PC7
Mcu.Pin35=PC8
Mcu.Pin36=PC9
Mcu.Pin37=PA8
Mcu.Pin38=PA9
Mcu.Pin39=PA10
Mcu.Pin4=PC2
Mcu.Pin40=PA11
Mcu.Pin41=PA12
Mcu.Pin42=PA15
Mcu.Pin43=PC10
Mcu.Pin44=PC11
Mcu.Pin45=PC12
Mcu.Pin46=PD5
Mcu.Pin47=PD6
Mcu.Pin48=PB3
Mcu.Pin49=PB4
Mcu.Pin5=PC3
Mcu.Pin50=PB5
Mcu.Pin51=PB6
Mcu.Pin52=PB7
Mcu.Pin53=PB8
Mcu.Pin54=PB9
Mcu.Pin55=VP_RNG_VS_RNG
Mcu.Pin56=VP_SYS_VS_Systick
Mcu.Pin57=VP_TIM10_VS_ClockSourceINT
Mcu.Pin58=VP_TIM11_VS_ClockSourceINT
Mcu.Pin6=PA0-WKUP
Mcu.Pin7=PA1
Mcu.Pin8=PA2
Mcu.Pin9=PA3
Mcu.PinsNb=59
Mcu.ThirdPartyNb=0
Mcu.UserConstants=
Mcu.UserName=STM32F407VETx
MxCube.Version=4.25.0
MxDb.Version=DB.4.0.250
NVIC.BusFault_IRQn=true\:0\:0\:false\:false\:true\:false
NVIC.DebugMonitor_IRQn=true\:0\:0\:false\:false\:true\:false
NVIC.HardFault_IRQn=true\:0\:0\:false\:false\:true\:false
NVIC.MemoryManagement_IRQn=true\:0\:0\:false\:false\:true\:false
NVIC.NonMaskableInt_IRQn=true\:0\:0\:false\:false\:true\:false
NVIC.PendSV_IRQn=true\:0\:0\:false\:false\:true\:false
NVIC.PriorityGroup=NVIC_PRIORITYGROUP_4
NVIC.SVCall_IRQn=true\:0\:0\:false\:false\:true\:false
NVIC.SysTick_IRQn=true\:0\:0\:false\:false\:true\:false
NVIC.UsageFault_IRQn=true\:0\:0\:false\:false\:true\:false
PA0-WKUP.Signal=ADCx_IN0
PA1.Mode=RMII
PA1.Signal=ETH_REF_CLK
PA10.Mode=Asynchronous
PA10.Signal=USART1_RX
PA11.Mode=Master
PA11.Signal=CAN1_RX
PA12.Mode=Master
PA12.Signal=CAN1_TX
PA15.Mode=Full_Duplex_Master
PA15.Signal=I2S3_WS
PA2.Mode=RMII
PA2.Signal=ETH_MDIO
PA3.Signal=ADCx_IN3
PA4.Signal=COMP_DAC1_group
PA5.Signal=COMP_DAC2_group
PA6.Signal=ADCx_IN6
PA7.Mode=RMII
PA7.Signal=ETH_CRS_DV
PA8.Mode=SMBus-two-wire-Interface
PA8.Signal=I2C3_SCL
PA9.Mode=Asynchronous
PA9.Signal=USART1_TX
PB0.Signal=ADCx_IN8
PB1.Signal=ADCx_IN9
PB11.Mode=RMII
PB11.Signal=ETH_TX_EN
PB12.Mode=RMII
PB12.Signal=ETH_TXD0
PB13.Mode=RMII
PB13.Signal=ETH_TXD1
PB14.Mode=Device_Only_FS
PB14.Signal=USB_OTG_HS_DM
PB15.Mode=Device_Only_FS
PB15.Signal=USB_OTG_HS_DP
PB3.Mode=Full_Duplex_Master
PB3.Signal=SPI1_SCK
PB4.Mode=Full_Duplex_Master
PB4.Signal=SPI1_MISO
PB5.Mode=Full_Duplex_Master
PB5.Signal=SPI1_MOSI
PB6.Mode=SMBus-two-wire-Interface
PB6.Signal=I2C1_SCL
PB7.Mode=SMBus-two-wire-Interface
PB7.Signal=I2C1_SDA
PB8.Signal=S_TIM10_CH1
PB9.Signal=S_TIM11_CH1
PC0.Signal=ADCx_IN10
PC1.Mode=RMII
PC1.Signal=ETH_MDC
PC10.Mode=Full_Duplex_Master
PC10.Signal=I2S3_CK
PC11.Mode=Full_Duplex_Master
PC11.Signal=I2S3_ext_SD
PC12.Mode=Full_Duplex_Master
PC12.Signal=I2S3_SD
PC2.Signal=ADCx_IN12
PC3.Signal=ADCx_IN13
PC4.Mode=RMII
PC4.Signal=ETH_RXD0
PC5.Mode=RMII
PC5.Signal=ETH_RXD1
PC6.Signal=S_TIM3_CH1
PC7.Mode=Master_Clock_Activated
PC7.Signal=I2S3_MCK
PC8.Signal=S_TIM3_CH3
PC9.Mode=SMBus-two-wire-Interface
PC9.Signal=I2C3_SDA
PCC.Checker=false
PCC.Line=STM32F407/417
PCC.MCU=STM32F407V(E-G)Tx
PCC.PartNumber=STM32F407VETx
PCC.Seq0=0
PCC.Series=STM32F4
PCC.Temperature=25
PCC.Vdd=3.3
PD12.Signal=S_TIM4_CH1
PD13.Signal=S_TIM4_CH2
PD14.Signal=S_TIM4_CH3
PD15.Signal=S_TIM4_CH4
PD5.Mode=Asynchronous
PD5.Signal=USART2_TX
PD6.Mode=Asynchronous
PD6.Signal=USART2_RX
PD8.Mode=Asynchronous
PD8.Signal=USART3_TX
PD9.Mode=Asynchronous
PD9.Signal=USART3_RX
PE11.Signal=S_TIM1_CH2
PE13.Signal=S_TIM1_CH3
PE14.Signal=S_TIM1_CH4
PE5.Signal=S_TIM9_CH1
PE6.Signal=S_TIM9_CH2
PE9.Signal=S_TIM1_CH1
PinOutPanel.RotationAngle=0
RCC.AHBFreq_Value=16000000
RCC.APB1Freq_Value=16000000
RCC.APB2Freq_Value=16000000
RCC.CortexFreq_Value=16000000
RCC.FamilyName=M
RCC.HSE_VALUE=25000000
RCC.HSI_VALUE=16000000
RCC.I2SClocksFreq_Value=96000000
RCC.IPParameters=AHBFreq_Value,APB1Freq_Value,APB2Freq_Value,CortexFreq_Value,FamilyName,HSE_VALUE,HSI_VALUE,I2SClocksFreq_Value,LSE_VALUE,LSI_VALUE,PLLCLKFreq_Value,PLLQCLKFreq_Value,PLLSource,PLLSourceVirtualString,RTCFreq_Value,RTCHSEDivFreq_Value,SYSCLKFreq_VALUE,VCOI2SOutputFreq_Value,VCOInputFreq_Value,VCOOutputFreq_Value,VcooutputI2S
RCC.LSE_VALUE=32768
RCC.LSI_VALUE=32000
RCC.PLLCLKFreq_Value=96000000
RCC.PLLQCLKFreq_Value=48000000
RCC.PLLSource=RCC_PLLSOURCE_HSI
RCC.PLLSourceVirtualString=RCC_PLLSOURCE_HSI
RCC.RTCFreq_Value=32000
RCC.RTCHSEDivFreq_Value=12500000
RCC.SYSCLKFreq_VALUE=16000000
RCC.VCOI2SOutputFreq_Value=192000000
RCC.VCOInputFreq_Value=1000000
RCC.VCOOutputFreq_Value=192000000
RCC.VcooutputI2S=96000000
SH.ADCx_IN0.0=ADC1_IN0,IN0
SH.ADCx_IN0.1=ADC2_IN0,IN0
SH.ADCx_IN0.2=ADC3_IN0,IN0
SH.ADCx_IN0.ConfNb=3
SH.ADCx_IN10.0=ADC1_IN10,IN10
SH.ADCx_IN10.1=ADC3_IN10,IN10
SH.ADCx_IN10.2=ADC2_IN10,IN10
SH.ADCx_IN10.ConfNb=3
SH.ADCx_IN12.0=ADC1_IN12,IN12
SH.ADCx_IN12.1=ADC3_IN12,IN12
SH.ADCx_IN12.2=ADC2_IN12,IN12
SH.ADCx_IN12.ConfNb=3
SH.ADCx_IN13.0=ADC1_IN13,IN13
SH.ADCx_IN13.1=ADC3_IN13,IN13
SH.ADCx_IN13.2=ADC2_IN13,IN13
SH.ADCx_IN13.ConfNb=3
SH.ADCx_IN3.0=ADC1_IN3,IN3
SH.ADCx_IN3.1=ADC2_IN3,IN3
SH.ADCx_IN3.2=ADC3_IN3,IN3
SH.ADCx_IN3.ConfNb=3
SH.ADCx_IN6.0=ADC1_IN6,IN6
SH.ADCx_IN6.1=ADC2_IN6,IN6
SH.ADCx_IN6.ConfNb=2
SH.ADCx_IN8.0=ADC1_IN8,IN8
SH.ADCx_IN8.1=ADC2_IN8,IN8
SH.ADCx_IN8.ConfNb=2
SH.ADCx_IN9.0=ADC1_IN9,IN9
SH.ADCx_IN9.1=ADC2_IN9,IN9
SH.ADCx_IN9.ConfNb=2
SH.COMP_DAC1_group.0=DAC_OUT1,DAC_OUT1
SH.COMP_DAC1_group.ConfNb=1
SH.COMP_DAC2_group.0=DAC_OUT2,DAC_OUT2
SH.COMP_DAC2_group.ConfNb=1
SH.S_TIM10_CH1.0=TIM10_CH1,Input_Capture1_from_TI1
SH.S_TIM10_CH1.ConfNb=1
SH.S_TIM11_CH1.0=TIM11_CH1,Input_Capture1_from_TI1
SH.S_TIM11_CH1.ConfNb=1
SH.S_TIM1_CH1.0=TIM1_CH1,PWM Generation1 CH1
SH.S_TIM1_CH1.ConfNb=1
SH.S_TIM1_CH2.0=TIM1_CH2,PWM Generation2 CH2
SH.S_TIM1_CH2.ConfNb=1
SH.S_TIM1_CH3.0=TIM1_CH3,Output Compare3 CH3
SH.S_TIM1_CH3.ConfNb=1
SH.S_TIM1_CH4.0=TIM1_CH4,Output Compare4 CH4
SH.S_TIM1_CH4.ConfNb=1
SH.S_TIM3_CH1.0=TIM3_CH1,PWM Generation1 CH1
SH.S_TIM3_CH1.ConfNb=1
SH.S_TIM3_CH3.0=TIM3_CH3,PWM Generation3 CH3
SH.S_TIM3_CH3.ConfNb=1
SH.S_TIM4_CH1.0=TIM4_CH1,PWM Generation1 CH1
SH.S_TIM4_CH1.ConfNb=1
SH.S_TIM4_CH2.0=TIM4_CH2,PWM Generation2 CH2
SH.S_TIM4_CH2.ConfNb=1
SH.S_TIM4_CH3.0=TIM4_CH3,PWM Generation3 CH3
SH.S_TIM4_CH3.ConfNb=1
SH.S_TIM4_CH4.0=TIM4_CH4,PWM Generation4 CH4
SH.S_TIM4_CH4.ConfNb=1
SH.S_TIM9_CH1.0=TIM9_CH1,PWM Generation1 CH1
SH.S_TIM9_CH1.ConfNb=1
SH.S_TIM9_CH2.0=TIM9_CH2,PWM Generation2 CH2
SH.S_TIM9_CH2.ConfNb=1
SPI1.CalculateBaudRate=8.0 MBits/s
SPI1.Direction=SPI_DIRECTION_2LINES
SPI1.IPParameters=VirtualType,Mode,Direction,CalculateBaudRate
SPI1.Mode=SPI_MODE_MASTER
SPI1.VirtualType=VM_MASTER
TIM1.Channel-Output\ Compare3\ CH3=TIM_CHANNEL_3
TIM1.Channel-Output\ Compare4\ CH4=TIM_CHANNEL_4
TIM1.Channel-PWM\ Generation1\ CH1=TIM_CHANNEL_1
TIM1.Channel-PWM\ Generation2\ CH2=TIM_CHANNEL_2
TIM1.IPParameters=Channel-PWM Generation1 CH1,Channel-PWM Generation2 CH2,Channel-Output Compare3 CH3,Channel-Output Compare4 CH4
TIM10.Channel=TIM_CHANNEL_1
TIM10.IPParameters=Channel
TIM11.Channel=TIM_CHANNEL_1
TIM11.IPParameters=Channel
TIM3.Channel-PWM\ Generation1\ CH1=TIM_CHANNEL_1
TIM3.Channel-PWM\ Generation3\ CH3=TIM_CHANNEL_3
TIM3.IPParameters=Channel-PWM Generation1 CH1,Channel-PWM Generation3 CH3
TIM4.Channel-PWM\ Generation1\ CH1=TIM_CHANNEL_1
TIM4.Channel-PWM\ Generation2\ CH2=TIM_CHANNEL_2
TIM4.Channel-PWM\ Generation3\ CH3=TIM_CHANNEL_3
TIM4.Channel-PWM\ Generation4\ CH4=TIM_CHANNEL_4
TIM4.IPParameters=Channel-PWM Generation1 CH1,Channel-PWM Generation2 CH2,Channel-PWM Generation3 CH3,Channel-PWM Generation4 CH4
TIM9.Channel-PWM\ Generation1\ CH1=TIM_CHANNEL_1
TIM9.Channel-PWM\ Generation2\ CH2=TIM_CHANNEL_2
TIM9.IPParameters=Channel-PWM Generation1 CH1,Channel-PWM Generation2 CH2
USART1.IPParameters=VirtualMode
USART1.VirtualMode=VM_ASYNC
USART2.IPParameters=VirtualMode
USART2.VirtualMode=VM_ASYNC
USART3.IPParameters=VirtualMode
USART3.VirtualMode=VM_ASYNC
USB_OTG_HS.IPParameters=VirtualMode-Device_Only_FS
USB_OTG_HS.VirtualMode-Device_Only_FS=Device_Only_FS
VP_RNG_VS_RNG.Mode=RNG_Activate
VP_RNG_VS_RNG.Signal=RNG_VS_RNG
VP_SYS_VS_Systick.Mode=SysTick
VP_SYS_VS_Systick.Signal=SYS_VS_Systick
VP_TIM10_VS_ClockSourceINT.Mode=Enable_Timer
VP_TIM10_VS_ClockSourceINT.Signal=TIM10_VS_ClockSourceINT
VP_TIM11_VS_ClockSourceINT.Mode=Enable_Timer
VP_TIM11_VS_ClockSourceINT.Signal=TIM11_VS_ClockSourceINT
