
Microsoft Visual Studio Solution File, Format Version 12.00
# Visual Studio 15
VisualStudioVersion = 15.0.27130.2036
MinimumVisualStudioVersion = 10.0.40219.1
Project("{2150E333-8FDC-42A3-9474-1A3956D46DE8}") = "API", "API", "{335A5F3C-34CA-4274-88E2-40BCD6431F12}"
EndProject
Project("{9A19103F-16F7-4668-BE54-9A1E7A4F7556}") = "Treehopper", "API\Treehopper\Treehopper.csproj", "{68AFEB72-218C-4004-AABA-DB5D3744AA55}"
EndProject
Project("{FAE04EC0-301F-11D3-BF4B-00C04F79EFBC}") = "Treehopper.Android", "API\Treehopper.Android\Treehopper.Android.csproj", "{9AF8807A-4F09-4B31-B7FF-5C4AC813E5B3}"
EndProject
Project("{9A19103F-16F7-4668-BE54-9A1E7A4F7556}") = "Treehopper.Desktop", "API\Treehopper.Desktop\Treehopper.Desktop.csproj", "{67A41024-7FC5-4726-B806-27D876A4CCE5}"
EndProject
Project("{FAE04EC0-301F-11D3-BF4B-00C04F79EFBC}") = "Treehopper.Firmware", "API\Treehopper.Firmware\Treehopper.Firmware.csproj", "{1CDA2DDB-4E6E-4ACC-BC8A-0D9F00C1F348}"
EndProject
Project("{9A19103F-16F7-4668-BE54-9A1E7A4F7556}") = "Treehopper.Libraries", "API\Treehopper.Libraries\Treehopper.Libraries.csproj", "{4E34DB1B-9D52-4F0B-9F18-D88282B70D1D}"
EndProject
Project("{FAE04EC0-301F-11D3-BF4B-00C04F79EFBC}") = "Treehopper.Uwp", "API\Treehopper.Uwp\Treehopper.Uwp.csproj", "{F85FFD61-CEC5-420E-A521-31C475580CAD}"
EndProject
Project("{2150E333-8FDC-42A3-9474-1A3956D46DE8}") = "Apps", "Apps", "{0732EAC4-CE73-4E08-8D99-81C4701F111E}"
EndProject
Project("{2150E333-8FDC-42A3-9474-1A3956D46DE8}") = "TreehopperApp", "TreehopperApp", "{77120237-85FB-4E3C-8DA3-712F1024D2BC}"
EndProject
Project("{FAE04EC0-301F-11D3-BF4B-00C04F79EFBC}") = "TreehopperApp.Android", "Apps\TreehopperApp\TreehopperApp.Android\TreehopperApp.Android.csproj", "{0FFBCAE9-86D0-4F5C-9249-01FE391BA1D8}"
EndProject
Project("{D954291E-2A0B-460D-934E-DC6B0785DB48}") = "TreehopperApp", "Apps\TreehopperApp\TreehopperApp\TreehopperApp.shproj", "{6CA094FF-F8DC-4AFA-827B-1319C3053D96}"
EndProject
Project("{FAE04EC0-301F-11D3-BF4B-00C04F79EFBC}") = "TreehopperApp.Gtk", "Apps\TreehopperApp\TreehopperApp.Gtk\TreehopperApp.Gtk.csproj", "{823C3249-3BA0-457C-9A88-A6ED9891E9D3}"
EndProject
Project("{FAE04EC0-301F-11D3-BF4B-00C04F79EFBC}") = "TreehopperApp.Mac", "Apps\TreehopperApp\TreehopperApp.Mac\TreehopperApp.Mac.csproj", "{0C457AD6-8EE0-4E4B-8E38-E47D1DB69C28}"
EndProject
Project("{FAE04EC0-301F-11D3-BF4B-00C04F79EFBC}") = "TreehopperApp.Wpf", "Apps\TreehopperApp\TreehopperApp.Wpf\TreehopperApp.Wpf.csproj", "{7A589E90-71E6-4B62-ABA0-D40EB57CF213}"
EndProject
Project("{FAE04EC0-301F-11D3-BF4B-00C04F79EFBC}") = "TreehopperApp.Uwp", "Apps\TreehopperApp\TreehopperApp.Uwp\TreehopperApp.Uwp.csproj", "{BB271FB3-AFB9-4998-8557-ED9613102E38}"
EndProject
Project("{FAE04EC0-301F-11D3-BF4B-00C04F79EFBC}") = "Sandbox", "Apps\Sandbox\Sandbox.csproj", "{4994EDF6-D505-4D66-80F0-9C7E7759C8E2}"
EndProject
Project("{2150E333-8FDC-42A3-9474-1A3956D46DE8}") = "Demos", "Demos", "{9FD02A5E-F9B2-491A-B859-30216A506C8A}"
EndProject
Project("{2150E333-8FDC-42A3-9474-1A3956D46DE8}") = "Android", "Android", "{7B984067-D2A2-40AE-8C2F-9985D4DB0DDF}"
EndProject
Project("{2150E333-8FDC-42A3-9474-1A3956D46DE8}") = "Console", "Console", "{2575A962-5EB5-4DD6-9A91-E8E541259C01}"
EndProject
Project("{2150E333-8FDC-42A3-9474-1A3956D46DE8}") = "Libraries", "Libraries", "{3ABD9AB4-53FD-4F39-9226-4F778695FD91}"
EndProject
Project("{2150E333-8FDC-42A3-9474-1A3956D46DE8}") = "UWP", "UWP", "{C3C74B5C-BA8F-4458-8FF9-6FDFDFC9F270}"
EndProject
Project("{2150E333-8FDC-42A3-9474-1A3956D46DE8}") = "WPF", "WPF", "{3299A2A6-A61C-486E-A642-E177DA0FC754}"
EndProject
Project("{FAE04EC0-301F-11D3-BF4B-00C04F79EFBC}") = "Blink", "Demos\Android\Blink\Blink.csproj", "{AF2B66D8-A580-4B87-9B1F-5B2CE99AFC25}"
EndProject
Project("{FAE04EC0-301F-11D3-BF4B-00C04F79EFBC}") = "AnalogRead", "Demos\Console\AnalogRead\AnalogRead.csproj", "{B1618CC5-A581-42BB-ADBB-C6245FC91664}"
EndProject
Project("{FAE04EC0-301F-11D3-BF4B-00C04F79EFBC}") = "Blink", "Demos\Console\Blink\Blink.csproj", "{0B31B46E-F378-42D6-9BD2-2D288E3EE7F4}"
EndProject
Project("{9A19103F-16F7-4668-BE54-9A1E7A4F7556}") = "BlinkCore", "Demos\Console\BlinkCore\BlinkCore.csproj", "{06A55C2C-DBE9-4CFA-8FA1-D05EB0D5582E}"
EndProject
Project("{FAE04EC0-301F-11D3-BF4B-00C04F79EFBC}") = "DigitalRead", "Demos\Console\DigitalRead\DigitalRead.csproj", "{64B351F2-AE9A-4CEE-804A-DD1B601DD5EB}"
EndProject
Project("{FAE04EC0-301F-11D3-BF4B-00C04F79EFBC}") = "FirmwareUpdate", "Demos\Console\FirmwareUpdate\FirmwareUpdate.csproj", "{253B9C1D-861C-4BC8-A923-0E46309BF0B2}"
EndProject
Project("{FAE04EC0-301F-11D3-BF4B-00C04F79EFBC}") = "I2cDeviceScanner", "Demos\Console\I2cDeviceScanner\I2cDeviceScanner.csproj", "{5E55266B-29C7-402B-B5A0-538825248264}"
EndProject
Project("{FAE04EC0-301F-11D3-BF4B-00C04F79EFBC}") = "OneWireScan", "Demos\Console\OneWire\OneWireScan.csproj", "{EE48BD42-08AE-435B-8F16-913A4334FE94}"
EndProject
Project("{FAE04EC0-301F-11D3-BF4B-00C04F79EFBC}") = "Pwm", "Demos\Console\PwmFade\Pwm.csproj", "{A9DAA73D-FE45-4DD0-9CB7-B7892A3DB024}"
EndProject
Project("{FAE04EC0-301F-11D3-BF4B-00C04F79EFBC}") = "SoftPwm", "Demos\Console\SoftPwm\SoftPwm.csproj", "{3F2FE187-564C-452F-A3B5-55DAC3A0937F}"
EndProject
Project("{2150E333-8FDC-42A3-9474-1A3956D46DE8}") = "ArduinoShim", "ArduinoShim", "{AE7C5D0D-DCC6-4D06-9906-922ACB3B09AF}"
EndProject
Project("{2150E333-8FDC-42A3-9474-1A3956D46DE8}") = "Displays", "Displays", "{AB0BE2FA-2F73-4E0E-9DFC-8FA70A6303C4}"
EndProject
Project("{2150E333-8FDC-42A3-9474-1A3956D46DE8}") = "Input", "Input", "{98AB5D6C-CDA3-427D-A895-93C448F62E37}"
EndProject
Project("{2150E333-8FDC-42A3-9474-1A3956D46DE8}") = "Interface", "Interface", "{EAFCF7B1-119E-4FAC-8B16-855F72A28262}"
EndProject
Project("{2150E333-8FDC-42A3-9474-1A3956D46DE8}") = "Motors", "Motors", "{50CCA2EB-00A6-4A80-BF6F-9581B444A778}"
EndProject
Project("{2150E333-8FDC-42A3-9474-1A3956D46DE8}") = "Sensors", "Sensors", "{EA3C9176-FDAC-445F-ABE8-D2648A007DEF}"
EndProject
Project("{FAE04EC0-301F-11D3-BF4B-00C04F79EFBC}") = "Blink", "Demos\Libraries\ArduinoShim\Blink\Blink.csproj", "{3CF4EF7E-34BD-415F-ACD4-091405132084}"
EndProject
Project("{FAE04EC0-301F-11D3-BF4B-00C04F79EFBC}") = "Apa102Demo", "Demos\Libraries\Displays\Apa102Demo\Apa102Demo.csproj", "{2EF85215-74EA-40D9-BDB2-59AC50B8AA3B}"
EndProject
Project("{FAE04EC0-301F-11D3-BF4B-00C04F79EFBC}") = "CharacterLcd16x2Gpio", "Demos\Libraries\Displays\CharacterLcd16x2Gpio\CharacterLcd16x2Gpio.csproj", "{BD266EB4-BF49-407C-956F-0E4EF94491AA}"
EndProject
Project("{FAE04EC0-301F-11D3-BF4B-00C04F79EFBC}") = "CharacterLcd20x4Pcf8574", "Demos\Libraries\Displays\CharacterLcd16x2Pcf8574\CharacterLcd20x4Pcf8574.csproj", "{A3534D51-572C-4811-868E-ED4DC7D91738}"
EndProject
Project("{FAE04EC0-301F-11D3-BF4B-00C04F79EFBC}") = "Dm632", "Demos\Libraries\Displays\Dm632\Dm632.csproj", "{60520FE8-9C3E-4F13-819B-9721068C1F95}"
EndProject
Project("{FAE04EC0-301F-11D3-BF4B-00C04F79EFBC}") = "Ht16k33Demo", "Demos\Libraries\Displays\Ht16k33Demo\Ht16k33Demo.csproj", "{FF194CD7-12E6-4669-8A4A-8C235D8BB7A7}"
EndProject
Project("{FAE04EC0-301F-11D3-BF4B-00C04F79EFBC}") = "Is31Fl3218", "Demos\Libraries\Displays\Is31Fl3218\Is31Fl3218.csproj", "{0D0CAAD4-AFE7-4A46-9E21-9AA06FF9DA25}"
EndProject
Project("{FAE04EC0-301F-11D3-BF4B-00C04F79EFBC}") = "LedShiftRegister", "Demos\Libraries\Displays\LedShiftRegister\LedShiftRegister.csproj", "{03119C98-BF14-4085-AE37-E7FF08241A99}"
EndProject
Project("{FAE04EC0-301F-11D3-BF4B-00C04F79EFBC}") = "Max7219PixelDisplay", "Demos\Libraries\Displays\Max7219PixelDisplay\Max7219PixelDisplay.csproj", "{212927A9-AA19-4400-A506-B012451220C3}"
EndProject
Project("{FAE04EC0-301F-11D3-BF4B-00C04F79EFBC}") = "Max7219SevenSeg", "Demos\Libraries\Displays\Max7219SevenSeg\Max7219SevenSeg.csproj", "{CEBEA7B8-D59A-472A-8971-7F89A2DA61A5}"
EndProject
Project("{FAE04EC0-301F-11D3-BF4B-00C04F79EFBC}") = "Ssd1306Oled128x32", "Demos\Libraries\Displays\Ssd1306Oled128x32\Ssd1306Oled128x32.csproj", "{F3DAB45D-1224-4799-9F6C-2A14B4F4A2B5}"
EndProject
Project("{FAE04EC0-301F-11D3-BF4B-00C04F79EFBC}") = "Tm1650SevenSeg", "Demos\Libraries\Displays\Tm1650SevenSeg\Tm1650SevenSeg.csproj", "{310A7C1C-ABB9-4433-9A58-7D5FBB841B22}"
EndProject
Project("{FAE04EC0-301F-11D3-BF4B-00C04F79EFBC}") = "RotaryEncoder", "Demos\Libraries\Input\RotaryEncoder\RotaryEncoder.csproj", "{A82D4BBD-179F-4A5F-8C9B-23EB5D73492B}"
EndProject
Project("{FAE04EC0-301F-11D3-BF4B-00C04F79EFBC}") = "SuperNesDemo", "Demos\Libraries\Input\SuperNesDemo\SuperNesDemo.csproj", "{5CF61D17-D5A3-4E55-BA85-6FA8A68105BD}"
EndProject
Project("{FAE04EC0-301F-11D3-BF4B-00C04F79EFBC}") = "WiiNunchukDemo", "Demos\Libraries\Input\WiiNunchukDemo\WiiNunchukDemo.csproj", "{7C3302BE-6A99-487E-9781-670CD9AD9F47}"
EndProject
Project("{FAE04EC0-301F-11D3-BF4B-00C04F79EFBC}") = "AdcDemo", "Demos\Libraries\Interface\AdcDemo\AdcDemo.csproj", "{B9312C5B-BD69-4843-81CB-5784EC29EEF3}"
EndProject
Project("{FAE04EC0-301F-11D3-BF4B-00C04F79EFBC}") = "DacDemo", "Demos\Libraries\Interface\DacDemo\DacDemo.csproj", "{70D5F590-CBC5-4056-99FD-DD31B69C99C2}"
EndProject
Project("{FAE04EC0-301F-11D3-BF4B-00C04F79EFBC}") = "I2cAnalogMux", "Demos\Libraries\Interface\I2cAnalogMux\I2cAnalogMux.csproj", "{4EC6AA2D-DA54-46E2-AEAC-0D1B16BE3797}"
EndProject
Project("{FAE04EC0-301F-11D3-BF4B-00C04F79EFBC}") = "Ltc2305", "Demos\Libraries\Interface\Ltc2305\Ltc2305.csproj", "{CA133D2A-0B6A-4FE5-A38A-5BCFDE5051D2}"
EndProject
Project("{FAE04EC0-301F-11D3-BF4B-00C04F79EFBC}") = "Mcp23008Demo", "Demos\Libraries\Interface\Mcp23008Demo\Mcp23008Demo.csproj", "{D155A077-3D5A-4043-B5D4-BA678F8233AC}"
EndProject
Project("{FAE04EC0-301F-11D3-BF4B-00C04F79EFBC}") = "Pca9685", "Demos\Libraries\Interface\Pca9685\Pca9685.csproj", "{882A1D8E-4A67-440B-A104-5FA7C2FB2D60}"
EndProject
Project("{FAE04EC0-301F-11D3-BF4B-00C04F79EFBC}") = "Sn74hc166", "Demos\Libraries\Interface\Sn74hc166\Sn74hc166.csproj", "{CF72BD07-5FF9-4304-B3B5-64A8D1A8A65B}"
EndProject
Project("{FAE04EC0-301F-11D3-BF4B-00C04F79EFBC}") = "Sn74hc595", "Demos\Libraries\Interface\Sn74Hc595\Sn74hc595.csproj", "{29384192-2466-4DA6-B3E2-666DE97FFF28}"
EndProject
Project("{FAE04EC0-301F-11D3-BF4B-00C04F79EFBC}") = "Amis30624", "Demos\Libraries\Motors\Amis30624\Amis30624.csproj", "{85736044-7A89-499D-96FD-33FE07D7755E}"
EndProject
Project("{FAE04EC0-301F-11D3-BF4B-00C04F79EFBC}") = "HobbyServo", "Demos\Libraries\Motors\HobbyServo\HobbyServo.csproj", "{7F7EA1C8-0342-4371-93AF-5EE075BCC049}"
EndProject
Project("{FAE04EC0-301F-11D3-BF4B-00C04F79EFBC}") = "MotorizedFader", "Demos\Libraries\Motors\MotorizedFader\MotorizedFader.csproj", "{57E2B989-5433-4DEE-9181-70B97671D2DD}"
EndProject
Project("{FAE04EC0-301F-11D3-BF4B-00C04F79EFBC}") = "BarometricPressure", "Demos\Libraries\Sensors\BarometricPressure\BarometricPressure.csproj", "{D5C29F91-DBC0-438A-96E4-D4E5DB76F226}"
EndProject
Project("{FAE04EC0-301F-11D3-BF4B-00C04F79EFBC}") = "Ds18b20", "Demos\Libraries\Sensors\Ds18b20\Ds18b20.csproj", "{EA319B7D-54DF-4D13-BA9A-87849A3EF4A5}"
EndProject
Project("{FAE04EC0-301F-11D3-BF4B-00C04F79EFBC}") = "HMC5883Demo", "Demos\Libraries\Sensors\HMC5883Demo\HMC5883Demo.csproj", "{BD95B176-20FE-4580-B246-2F7BF989E15F}"
EndProject
Project("{FAE04EC0-301F-11D3-BF4B-00C04F79EFBC}") = "ImuVisualizer", "Demos\Libraries\Sensors\ImuVisualizer\ImuVisualizer.csproj", "{F4F7C1DD-FA18-4A62-8E72-9907C7DF547A}"
EndProject
Project("{FAE04EC0-301F-11D3-BF4B-00C04F79EFBC}") = "Mlx90615", "Demos\Libraries\Sensors\Mlx90615\Mlx90615.csproj", "{1EB2BFC4-A438-43BD-AC7D-674836DAF41D}"
EndProject
Project("{FAE04EC0-301F-11D3-BF4B-00C04F79EFBC}") = "Mpu9250", "Demos\Libraries\Sensors\Mpu9250\Mpu9250.csproj", "{284216E1-A28E-4A95-B649-F82D9E6511B4}"
EndProject
Project("{FAE04EC0-301F-11D3-BF4B-00C04F79EFBC}") = "Temperature", "Demos\Libraries\Sensors\Temperature\Temperature.csproj", "{8A2085F5-6F95-4666-81E8-E4DBFF02EFB2}"
EndProject
Project("{2150E333-8FDC-42A3-9474-1A3956D46DE8}") = "FirmwareUpdater", "FirmwareUpdater", "{FDE7B38D-0336-4868-9DBA-06E267E0F703}"
EndProject
Project("{D954291E-2A0B-460D-934E-DC6B0785DB48}") = "FirmwareUpdater", "Apps\FirmwareUpdater\FirmwareUpdater\FirmwareUpdater.shproj", "{5D6E649A-65D5-4C74-B808-1873136C48A8}"
EndProject
Project("{FAE04EC0-301F-11D3-BF4B-00C04F79EFBC}") = "FirmwareUpdater.Wpf", "Apps\FirmwareUpdater\FirmwareUpdater.Wpf\FirmwareUpdater.Wpf.csproj", "{6D0F850E-6586-4D7F-9DAE-CE205C27F256}"
EndProject
Global
	GlobalSection(SharedMSBuildProjectFiles) = preSolution
		Apps\TreehopperApp\TreehopperApp\TreehopperApp.projitems*{0c457ad6-8ee0-4e4b-8e38-e47d1db69c28}*SharedItemsImports = 4
		Apps\TreehopperApp\TreehopperApp\TreehopperApp.projitems*{0ffbcae9-86d0-4f5c-9249-01fe391ba1d8}*SharedItemsImports = 4
		Apps\FirmwareUpdater\FirmwareUpdater\FirmwareUpdater.projitems*{5d6e649a-65d5-4c74-b808-1873136c48a8}*SharedItemsImports = 13
		Apps\TreehopperApp\TreehopperApp\TreehopperApp.projitems*{6ca094ff-f8dc-4afa-827b-1319c3053d96}*SharedItemsImports = 13
		Apps\TreehopperApp\TreehopperApp\TreehopperApp.projitems*{7a589e90-71e6-4b62-aba0-d40eb57cf213}*SharedItemsImports = 4
		Apps\TreehopperApp\TreehopperApp\TreehopperApp.projitems*{823c3249-3ba0-457c-9a88-a6ed9891e9d3}*SharedItemsImports = 4
		Apps\TreehopperApp\TreehopperApp\TreehopperApp.projitems*{bb271fb3-afb9-4998-8557-ed9613102e38}*SharedItemsImports = 4
	EndGlobalSection
	GlobalSection(SolutionConfigurationPlatforms) = preSolution
		Debug|Any CPU = Debug|Any CPU
		Debug|ARM = Debug|ARM
		Debug|x64 = Debug|x64
		Debug|x86 = Debug|x86
		Release|Any CPU = Release|Any CPU
		Release|ARM = Release|ARM
		Release|x64 = Release|x64
		Release|x86 = Release|x86
	EndGlobalSection
	GlobalSection(ProjectConfigurationPlatforms) = postSolution
		{68AFEB72-218C-4004-AABA-DB5D3744AA55}.Debug|Any CPU.ActiveCfg = Debug|Any CPU
		{68AFEB72-218C-4004-AABA-DB5D3744AA55}.Debug|Any CPU.Build.0 = Debug|Any CPU
		{68AFEB72-218C-4004-AABA-DB5D3744AA55}.Debug|ARM.ActiveCfg = Debug|Any CPU
		{68AFEB72-218C-4004-AABA-DB5D3744AA55}.Debug|ARM.Build.0 = Debug|Any CPU
		{68AFEB72-218C-4004-AABA-DB5D3744AA55}.Debug|x64.ActiveCfg = Debug|Any CPU
		{68AFEB72-218C-4004-AABA-DB5D3744AA55}.Debug|x64.Build.0 = Debug|Any CPU
		{68AFEB72-218C-4004-AABA-DB5D3744AA55}.Debug|x86.ActiveCfg = Debug|Any CPU
		{68AFEB72-218C-4004-AABA-DB5D3744AA55}.Debug|x86.Build.0 = Debug|Any CPU
		{68AFEB72-218C-4004-AABA-DB5D3744AA55}.Release|Any CPU.ActiveCfg = Release|Any CPU
		{68AFEB72-218C-4004-AABA-DB5D3744AA55}.Release|Any CPU.Build.0 = Release|Any CPU
		{68AFEB72-218C-4004-AABA-DB5D3744AA55}.Release|ARM.ActiveCfg = Release|Any CPU
		{68AFEB72-218C-4004-AABA-DB5D3744AA55}.Release|ARM.Build.0 = Release|Any CPU
		{68AFEB72-218C-4004-AABA-DB5D3744AA55}.Release|x64.ActiveCfg = Release|Any CPU
		{68AFEB72-218C-4004-AABA-DB5D3744AA55}.Release|x64.Build.0 = Release|Any CPU
		{68AFEB72-218C-4004-AABA-DB5D3744AA55}.Release|x86.ActiveCfg = Release|Any CPU
		{68AFEB72-218C-4004-AABA-DB5D3744AA55}.Release|x86.Build.0 = Release|Any CPU
		{9AF8807A-4F09-4B31-B7FF-5C4AC813E5B3}.Debug|Any CPU.ActiveCfg = Debug|Any CPU
		{9AF8807A-4F09-4B31-B7FF-5C4AC813E5B3}.Debug|Any CPU.Build.0 = Debug|Any CPU
		{9AF8807A-4F09-4B31-B7FF-5C4AC813E5B3}.Debug|ARM.ActiveCfg = Debug|Any CPU
		{9AF8807A-4F09-4B31-B7FF-5C4AC813E5B3}.Debug|ARM.Build.0 = Debug|Any CPU
		{9AF8807A-4F09-4B31-B7FF-5C4AC813E5B3}.Debug|x64.ActiveCfg = Debug|Any CPU
		{9AF8807A-4F09-4B31-B7FF-5C4AC813E5B3}.Debug|x64.Build.0 = Debug|Any CPU
		{9AF8807A-4F09-4B31-B7FF-5C4AC813E5B3}.Debug|x86.ActiveCfg = Debug|Any CPU
		{9AF8807A-4F09-4B31-B7FF-5C4AC813E5B3}.Debug|x86.Build.0 = Debug|Any CPU
		{9AF8807A-4F09-4B31-B7FF-5C4AC813E5B3}.Release|Any CPU.ActiveCfg = Release|Any CPU
		{9AF8807A-4F09-4B31-B7FF-5C4AC813E5B3}.Release|Any CPU.Build.0 = Release|Any CPU
		{9AF8807A-4F09-4B31-B7FF-5C4AC813E5B3}.Release|ARM.ActiveCfg = Release|Any CPU
		{9AF8807A-4F09-4B31-B7FF-5C4AC813E5B3}.Release|ARM.Build.0 = Release|Any CPU
		{9AF8807A-4F09-4B31-B7FF-5C4AC813E5B3}.Release|x64.ActiveCfg = Release|Any CPU
		{9AF8807A-4F09-4B31-B7FF-5C4AC813E5B3}.Release|x64.Build.0 = Release|Any CPU
		{9AF8807A-4F09-4B31-B7FF-5C4AC813E5B3}.Release|x86.ActiveCfg = Release|Any CPU
		{9AF8807A-4F09-4B31-B7FF-5C4AC813E5B3}.Release|x86.Build.0 = Release|Any CPU
		{67A41024-7FC5-4726-B806-27D876A4CCE5}.Debug|Any CPU.ActiveCfg = Debug|Any CPU
		{67A41024-7FC5-4726-B806-27D876A4CCE5}.Debug|Any CPU.Build.0 = Debug|Any CPU
		{67A41024-7FC5-4726-B806-27D876A4CCE5}.Debug|ARM.ActiveCfg = Debug|Any CPU
		{67A41024-7FC5-4726-B806-27D876A4CCE5}.Debug|ARM.Build.0 = Debug|Any CPU
		{67A41024-7FC5-4726-B806-27D876A4CCE5}.Debug|x64.ActiveCfg = Debug|Any CPU
		{67A41024-7FC5-4726-B806-27D876A4CCE5}.Debug|x64.Build.0 = Debug|Any CPU
		{67A41024-7FC5-4726-B806-27D876A4CCE5}.Debug|x86.ActiveCfg = Debug|Any CPU
		{67A41024-7FC5-4726-B806-27D876A4CCE5}.Debug|x86.Build.0 = Debug|Any CPU
		{67A41024-7FC5-4726-B806-27D876A4CCE5}.Release|Any CPU.ActiveCfg = Release|Any CPU
		{67A41024-7FC5-4726-B806-27D876A4CCE5}.Release|Any CPU.Build.0 = Release|Any CPU
		{67A41024-7FC5-4726-B806-27D876A4CCE5}.Release|ARM.ActiveCfg = Release|Any CPU
		{67A41024-7FC5-4726-B806-27D876A4CCE5}.Release|ARM.Build.0 = Release|Any CPU
		{67A41024-7FC5-4726-B806-27D876A4CCE5}.Release|x64.ActiveCfg = Release|Any CPU
		{67A41024-7FC5-4726-B806-27D876A4CCE5}.Release|x64.Build.0 = Release|Any CPU
		{67A41024-7FC5-4726-B806-27D876A4CCE5}.Release|x86.ActiveCfg = Release|Any CPU
		{67A41024-7FC5-4726-B806-27D876A4CCE5}.Release|x86.Build.0 = Release|Any CPU
		{1CDA2DDB-4E6E-4ACC-BC8A-0D9F00C1F348}.Debug|Any CPU.ActiveCfg = Debug|Any CPU
		{1CDA2DDB-4E6E-4ACC-BC8A-0D9F00C1F348}.Debug|Any CPU.Build.0 = Debug|Any CPU
		{1CDA2DDB-4E6E-4ACC-BC8A-0D9F00C1F348}.Debug|ARM.ActiveCfg = Debug|Any CPU
		{1CDA2DDB-4E6E-4ACC-BC8A-0D9F00C1F348}.Debug|ARM.Build.0 = Debug|Any CPU
		{1CDA2DDB-4E6E-4ACC-BC8A-0D9F00C1F348}.Debug|x64.ActiveCfg = Debug|Any CPU
		{1CDA2DDB-4E6E-4ACC-BC8A-0D9F00C1F348}.Debug|x64.Build.0 = Debug|Any CPU
		{1CDA2DDB-4E6E-4ACC-BC8A-0D9F00C1F348}.Debug|x86.ActiveCfg = Debug|Any CPU
		{1CDA2DDB-4E6E-4ACC-BC8A-0D9F00C1F348}.Debug|x86.Build.0 = Debug|Any CPU
		{1CDA2DDB-4E6E-4ACC-BC8A-0D9F00C1F348}.Release|Any CPU.ActiveCfg = Release|Any CPU
		{1CDA2DDB-4E6E-4ACC-BC8A-0D9F00C1F348}.Release|Any CPU.Build.0 = Release|Any CPU
		{1CDA2DDB-4E6E-4ACC-BC8A-0D9F00C1F348}.Release|ARM.ActiveCfg = Release|Any CPU
		{1CDA2DDB-4E6E-4ACC-BC8A-0D9F00C1F348}.Release|ARM.Build.0 = Release|Any CPU
		{1CDA2DDB-4E6E-4ACC-BC8A-0D9F00C1F348}.Release|x64.ActiveCfg = Release|Any CPU
		{1CDA2DDB-4E6E-4ACC-BC8A-0D9F00C1F348}.Release|x64.Build.0 = Release|Any CPU
		{1CDA2DDB-4E6E-4ACC-BC8A-0D9F00C1F348}.Release|x86.ActiveCfg = Release|Any CPU
		{1CDA2DDB-4E6E-4ACC-BC8A-0D9F00C1F348}.Release|x86.Build.0 = Release|Any CPU
		{4E34DB1B-9D52-4F0B-9F18-D88282B70D1D}.Debug|Any CPU.ActiveCfg = Debug|Any CPU
		{4E34DB1B-9D52-4F0B-9F18-D88282B70D1D}.Debug|Any CPU.Build.0 = Debug|Any CPU
		{4E34DB1B-9D52-4F0B-9F18-D88282B70D1D}.Debug|ARM.ActiveCfg = Debug|Any CPU
		{4E34DB1B-9D52-4F0B-9F18-D88282B70D1D}.Debug|ARM.Build.0 = Debug|Any CPU
		{4E34DB1B-9D52-4F0B-9F18-D88282B70D1D}.Debug|x64.ActiveCfg = Debug|Any CPU
		{4E34DB1B-9D52-4F0B-9F18-D88282B70D1D}.Debug|x64.Build.0 = Debug|Any CPU
		{4E34DB1B-9D52-4F0B-9F18-D88282B70D1D}.Debug|x86.ActiveCfg = Debug|Any CPU
		{4E34DB1B-9D52-4F0B-9F18-D88282B70D1D}.Debug|x86.Build.0 = Debug|Any CPU
		{4E34DB1B-9D52-4F0B-9F18-D88282B70D1D}.Release|Any CPU.ActiveCfg = Release|Any CPU
		{4E34DB1B-9D52-4F0B-9F18-D88282B70D1D}.Release|Any CPU.Build.0 = Release|Any CPU
		{4E34DB1B-9D52-4F0B-9F18-D88282B70D1D}.Release|ARM.ActiveCfg = Release|Any CPU
		{4E34DB1B-9D52-4F0B-9F18-D88282B70D1D}.Release|ARM.Build.0 = Release|Any CPU
		{4E34DB1B-9D52-4F0B-9F18-D88282B70D1D}.Release|x64.ActiveCfg = Release|Any CPU
		{4E34DB1B-9D52-4F0B-9F18-D88282B70D1D}.Release|x64.Build.0 = Release|Any CPU
		{4E34DB1B-9D52-4F0B-9F18-D88282B70D1D}.Release|x86.ActiveCfg = Release|Any CPU
		{4E34DB1B-9D52-4F0B-9F18-D88282B70D1D}.Release|x86.Build.0 = Release|Any CPU
		{F85FFD61-CEC5-420E-A521-31C475580CAD}.Debug|Any CPU.ActiveCfg = Debug|Any CPU
		{F85FFD61-CEC5-420E-A521-31C475580CAD}.Debug|Any CPU.Build.0 = Debug|Any CPU
		{F85FFD61-CEC5-420E-A521-31C475580CAD}.Debug|ARM.ActiveCfg = Debug|ARM
		{F85FFD61-CEC5-420E-A521-31C475580CAD}.Debug|ARM.Build.0 = Debug|ARM
		{F85FFD61-CEC5-420E-A521-31C475580CAD}.Debug|x64.ActiveCfg = Debug|x64
		{F85FFD61-CEC5-420E-A521-31C475580CAD}.Debug|x64.Build.0 = Debug|x64
		{F85FFD61-CEC5-420E-A521-31C475580CAD}.Debug|x86.ActiveCfg = Debug|x86
		{F85FFD61-CEC5-420E-A521-31C475580CAD}.Debug|x86.Build.0 = Debug|x86
		{F85FFD61-CEC5-420E-A521-31C475580CAD}.Release|Any CPU.ActiveCfg = Release|Any CPU
		{F85FFD61-CEC5-420E-A521-31C475580CAD}.Release|Any CPU.Build.0 = Release|Any CPU
		{F85FFD61-CEC5-420E-A521-31C475580CAD}.Release|ARM.ActiveCfg = Release|ARM
		{F85FFD61-CEC5-420E-A521-31C475580CAD}.Release|ARM.Build.0 = Release|ARM
		{F85FFD61-CEC5-420E-A521-31C475580CAD}.Release|x64.ActiveCfg = Release|x64
		{F85FFD61-CEC5-420E-A521-31C475580CAD}.Release|x64.Build.0 = Release|x64
		{F85FFD61-CEC5-420E-A521-31C475580CAD}.Release|x86.ActiveCfg = Release|x86
		{F85FFD61-CEC5-420E-A521-31C475580CAD}.Release|x86.Build.0 = Release|x86
		{0FFBCAE9-86D0-4F5C-9249-01FE391BA1D8}.Debug|Any CPU.ActiveCfg = Debug|Any CPU
		{0FFBCAE9-86D0-4F5C-9249-01FE391BA1D8}.Debug|Any CPU.Build.0 = Debug|Any CPU
		{0FFBCAE9-86D0-4F5C-9249-01FE391BA1D8}.Debug|Any CPU.Deploy.0 = Debug|Any CPU
		{0FFBCAE9-86D0-4F5C-9249-01FE391BA1D8}.Debug|ARM.ActiveCfg = Debug|Any CPU
		{0FFBCAE9-86D0-4F5C-9249-01FE391BA1D8}.Debug|ARM.Build.0 = Debug|Any CPU
		{0FFBCAE9-86D0-4F5C-9249-01FE391BA1D8}.Debug|ARM.Deploy.0 = Debug|Any CPU
		{0FFBCAE9-86D0-4F5C-9249-01FE391BA1D8}.Debug|x64.ActiveCfg = Debug|Any CPU
		{0FFBCAE9-86D0-4F5C-9249-01FE391BA1D8}.Debug|x64.Build.0 = Debug|Any CPU
		{0FFBCAE9-86D0-4F5C-9249-01FE391BA1D8}.Debug|x64.Deploy.0 = Debug|Any CPU
		{0FFBCAE9-86D0-4F5C-9249-01FE391BA1D8}.Debug|x86.ActiveCfg = Debug|Any CPU
		{0FFBCAE9-86D0-4F5C-9249-01FE391BA1D8}.Debug|x86.Build.0 = Debug|Any CPU
		{0FFBCAE9-86D0-4F5C-9249-01FE391BA1D8}.Debug|x86.Deploy.0 = Debug|Any CPU
		{0FFBCAE9-86D0-4F5C-9249-01FE391BA1D8}.Release|Any CPU.ActiveCfg = Release|Any CPU
		{0FFBCAE9-86D0-4F5C-9249-01FE391BA1D8}.Release|Any CPU.Build.0 = Release|Any CPU
		{0FFBCAE9-86D0-4F5C-9249-01FE391BA1D8}.Release|Any CPU.Deploy.0 = Release|Any CPU
		{0FFBCAE9-86D0-4F5C-9249-01FE391BA1D8}.Release|ARM.ActiveCfg = Release|Any CPU
		{0FFBCAE9-86D0-4F5C-9249-01FE391BA1D8}.Release|ARM.Build.0 = Release|Any CPU
		{0FFBCAE9-86D0-4F5C-9249-01FE391BA1D8}.Release|ARM.Deploy.0 = Release|Any CPU
		{0FFBCAE9-86D0-4F5C-9249-01FE391BA1D8}.Release|x64.ActiveCfg = Release|Any CPU
		{0FFBCAE9-86D0-4F5C-9249-01FE391BA1D8}.Release|x64.Build.0 = Release|Any CPU
		{0FFBCAE9-86D0-4F5C-9249-01FE391BA1D8}.Release|x64.Deploy.0 = Release|Any CPU
		{0FFBCAE9-86D0-4F5C-9249-01FE391BA1D8}.Release|x86.ActiveCfg = Release|Any CPU
		{0FFBCAE9-86D0-4F5C-9249-01FE391BA1D8}.Release|x86.Build.0 = Release|Any CPU
		{0FFBCAE9-86D0-4F5C-9249-01FE391BA1D8}.Release|x86.Deploy.0 = Release|Any CPU
		{823C3249-3BA0-457C-9A88-A6ED9891E9D3}.Debug|Any CPU.ActiveCfg = Debug|Any CPU
		{823C3249-3BA0-457C-9A88-A6ED9891E9D3}.Debug|Any CPU.Build.0 = Debug|Any CPU
		{823C3249-3BA0-457C-9A88-A6ED9891E9D3}.Debug|ARM.ActiveCfg = Debug|Any CPU
		{823C3249-3BA0-457C-9A88-A6ED9891E9D3}.Debug|ARM.Build.0 = Debug|Any CPU
		{823C3249-3BA0-457C-9A88-A6ED9891E9D3}.Debug|x64.ActiveCfg = Debug|Any CPU
		{823C3249-3BA0-457C-9A88-A6ED9891E9D3}.Debug|x64.Build.0 = Debug|Any CPU
		{823C3249-3BA0-457C-9A88-A6ED9891E9D3}.Debug|x86.ActiveCfg = Debug|Any CPU
		{823C3249-3BA0-457C-9A88-A6ED9891E9D3}.Debug|x86.Build.0 = Debug|Any CPU
		{823C3249-3BA0-457C-9A88-A6ED9891E9D3}.Release|Any CPU.ActiveCfg = Release|Any CPU
		{823C3249-3BA0-457C-9A88-A6ED9891E9D3}.Release|Any CPU.Build.0 = Release|Any CPU
		{823C3249-3BA0-457C-9A88-A6ED9891E9D3}.Release|ARM.ActiveCfg = Release|Any CPU
		{823C3249-3BA0-457C-9A88-A6ED9891E9D3}.Release|ARM.Build.0 = Release|Any CPU
		{823C3249-3BA0-457C-9A88-A6ED9891E9D3}.Release|x64.ActiveCfg = Release|Any CPU
		{823C3249-3BA0-457C-9A88-A6ED9891E9D3}.Release|x64.Build.0 = Release|Any CPU
		{823C3249-3BA0-457C-9A88-A6ED9891E9D3}.Release|x86.ActiveCfg = Release|Any CPU
		{823C3249-3BA0-457C-9A88-A6ED9891E9D3}.Release|x86.Build.0 = Release|Any CPU
		{0C457AD6-8EE0-4E4B-8E38-E47D1DB69C28}.Debug|Any CPU.ActiveCfg = Debug|Any CPU
		{0C457AD6-8EE0-4E4B-8E38-E47D1DB69C28}.Debug|Any CPU.Build.0 = Debug|Any CPU
		{0C457AD6-8EE0-4E4B-8E38-E47D1DB69C28}.Debug|ARM.ActiveCfg = Debug|Any CPU
		{0C457AD6-8EE0-4E4B-8E38-E47D1DB69C28}.Debug|ARM.Build.0 = Debug|Any CPU
		{0C457AD6-8EE0-4E4B-8E38-E47D1DB69C28}.Debug|x64.ActiveCfg = Debug|Any CPU
		{0C457AD6-8EE0-4E4B-8E38-E47D1DB69C28}.Debug|x64.Build.0 = Debug|Any CPU
		{0C457AD6-8EE0-4E4B-8E38-E47D1DB69C28}.Debug|x86.ActiveCfg = Debug|Any CPU
		{0C457AD6-8EE0-4E4B-8E38-E47D1DB69C28}.Debug|x86.Build.0 = Debug|Any CPU
		{0C457AD6-8EE0-4E4B-8E38-E47D1DB69C28}.Release|Any CPU.ActiveCfg = Release|Any CPU
		{0C457AD6-8EE0-4E4B-8E38-E47D1DB69C28}.Release|Any CPU.Build.0 = Release|Any CPU
		{0C457AD6-8EE0-4E4B-8E38-E47D1DB69C28}.Release|ARM.ActiveCfg = Release|Any CPU
		{0C457AD6-8EE0-4E4B-8E38-E47D1DB69C28}.Release|ARM.Build.0 = Release|Any CPU
		{0C457AD6-8EE0-4E4B-8E38-E47D1DB69C28}.Release|x64.ActiveCfg = Release|Any CPU
		{0C457AD6-8EE0-4E4B-8E38-E47D1DB69C28}.Release|x64.Build.0 = Release|Any CPU
		{0C457AD6-8EE0-4E4B-8E38-E47D1DB69C28}.Release|x86.ActiveCfg = Release|Any CPU
		{0C457AD6-8EE0-4E4B-8E38-E47D1DB69C28}.Release|x86.Build.0 = Release|Any CPU
		{7A589E90-71E6-4B62-ABA0-D40EB57CF213}.Debug|Any CPU.ActiveCfg = Debug|Any CPU
		{7A589E90-71E6-4B62-ABA0-D40EB57CF213}.Debug|Any CPU.Build.0 = Debug|Any CPU
		{7A589E90-71E6-4B62-ABA0-D40EB57CF213}.Debug|ARM.ActiveCfg = Debug|Any CPU
		{7A589E90-71E6-4B62-ABA0-D40EB57CF213}.Debug|ARM.Build.0 = Debug|Any CPU
		{7A589E90-71E6-4B62-ABA0-D40EB57CF213}.Debug|x64.ActiveCfg = Debug|Any CPU
		{7A589E90-71E6-4B62-ABA0-D40EB57CF213}.Debug|x64.Build.0 = Debug|Any CPU
		{7A589E90-71E6-4B62-ABA0-D40EB57CF213}.Debug|x86.ActiveCfg = Debug|Any CPU
		{7A589E90-71E6-4B62-ABA0-D40EB57CF213}.Debug|x86.Build.0 = Debug|Any CPU
		{7A589E90-71E6-4B62-ABA0-D40EB57CF213}.Release|Any CPU.ActiveCfg = Release|Any CPU
		{7A589E90-71E6-4B62-ABA0-D40EB57CF213}.Release|Any CPU.Build.0 = Release|Any CPU
		{7A589E90-71E6-4B62-ABA0-D40EB57CF213}.Release|ARM.ActiveCfg = Release|Any CPU
		{7A589E90-71E6-4B62-ABA0-D40EB57CF213}.Release|ARM.Build.0 = Release|Any CPU
		{7A589E90-71E6-4B62-ABA0-D40EB57CF213}.Release|x64.ActiveCfg = Release|Any CPU
		{7A589E90-71E6-4B62-ABA0-D40EB57CF213}.Release|x64.Build.0 = Release|Any CPU
		{7A589E90-71E6-4B62-ABA0-D40EB57CF213}.Release|x86.ActiveCfg = Release|Any CPU
		{7A589E90-71E6-4B62-ABA0-D40EB57CF213}.Release|x86.Build.0 = Release|Any CPU
		{BB271FB3-AFB9-4998-8557-ED9613102E38}.Debug|Any CPU.ActiveCfg = Debug|x86
		{BB271FB3-AFB9-4998-8557-ED9613102E38}.Debug|ARM.ActiveCfg = Debug|ARM
		{BB271FB3-AFB9-4998-8557-ED9613102E38}.Debug|ARM.Build.0 = Debug|ARM
		{BB271FB3-AFB9-4998-8557-ED9613102E38}.Debug|ARM.Deploy.0 = Debug|ARM
		{BB271FB3-AFB9-4998-8557-ED9613102E38}.Debug|x64.ActiveCfg = Debug|x64
		{BB271FB3-AFB9-4998-8557-ED9613102E38}.Debug|x64.Build.0 = Debug|x64
		{BB271FB3-AFB9-4998-8557-ED9613102E38}.Debug|x64.Deploy.0 = Debug|x64
		{BB271FB3-AFB9-4998-8557-ED9613102E38}.Debug|x86.ActiveCfg = Debug|x86
		{BB271FB3-AFB9-4998-8557-ED9613102E38}.Debug|x86.Build.0 = Debug|x86
		{BB271FB3-AFB9-4998-8557-ED9613102E38}.Debug|x86.Deploy.0 = Debug|x86
		{BB271FB3-AFB9-4998-8557-ED9613102E38}.Release|Any CPU.ActiveCfg = Release|x86
		{BB271FB3-AFB9-4998-8557-ED9613102E38}.Release|ARM.ActiveCfg = Release|ARM
		{BB271FB3-AFB9-4998-8557-ED9613102E38}.Release|ARM.Build.0 = Release|ARM
		{BB271FB3-AFB9-4998-8557-ED9613102E38}.Release|ARM.Deploy.0 = Release|ARM
		{BB271FB3-AFB9-4998-8557-ED9613102E38}.Release|x64.ActiveCfg = Release|x64
		{BB271FB3-AFB9-4998-8557-ED9613102E38}.Release|x64.Build.0 = Release|x64
		{BB271FB3-AFB9-4998-8557-ED9613102E38}.Release|x64.Deploy.0 = Release|x64
		{BB271FB3-AFB9-4998-8557-ED9613102E38}.Release|x86.ActiveCfg = Release|x86
		{BB271FB3-AFB9-4998-8557-ED9613102E38}.Release|x86.Build.0 = Release|x86
		{BB271FB3-AFB9-4998-8557-ED9613102E38}.Release|x86.Deploy.0 = Release|x86
		{4994EDF6-D505-4D66-80F0-9C7E7759C8E2}.Debug|Any CPU.ActiveCfg = Debug|Any CPU
		{4994EDF6-D505-4D66-80F0-9C7E7759C8E2}.Debug|Any CPU.Build.0 = Debug|Any CPU
		{4994EDF6-D505-4D66-80F0-9C7E7759C8E2}.Debug|ARM.ActiveCfg = Debug|Any CPU
		{4994EDF6-D505-4D66-80F0-9C7E7759C8E2}.Debug|ARM.Build.0 = Debug|Any CPU
		{4994EDF6-D505-4D66-80F0-9C7E7759C8E2}.Debug|x64.ActiveCfg = Debug|Any CPU
		{4994EDF6-D505-4D66-80F0-9C7E7759C8E2}.Debug|x64.Build.0 = Debug|Any CPU
		{4994EDF6-D505-4D66-80F0-9C7E7759C8E2}.Debug|x86.ActiveCfg = Debug|Any CPU
		{4994EDF6-D505-4D66-80F0-9C7E7759C8E2}.Debug|x86.Build.0 = Debug|Any CPU
		{4994EDF6-D505-4D66-80F0-9C7E7759C8E2}.Release|Any CPU.ActiveCfg = Release|Any CPU
		{4994EDF6-D505-4D66-80F0-9C7E7759C8E2}.Release|Any CPU.Build.0 = Release|Any CPU
		{4994EDF6-D505-4D66-80F0-9C7E7759C8E2}.Release|ARM.ActiveCfg = Release|Any CPU
		{4994EDF6-D505-4D66-80F0-9C7E7759C8E2}.Release|ARM.Build.0 = Release|Any CPU
		{4994EDF6-D505-4D66-80F0-9C7E7759C8E2}.Release|x64.ActiveCfg = Release|Any CPU
		{4994EDF6-D505-4D66-80F0-9C7E7759C8E2}.Release|x64.Build.0 = Release|Any CPU
		{4994EDF6-D505-4D66-80F0-9C7E7759C8E2}.Release|x86.ActiveCfg = Release|Any CPU
		{4994EDF6-D505-4D66-80F0-9C7E7759C8E2}.Release|x86.Build.0 = Release|Any CPU
		{AF2B66D8-A580-4B87-9B1F-5B2CE99AFC25}.Debug|Any CPU.ActiveCfg = Debug|Any CPU
		{AF2B66D8-A580-4B87-9B1F-5B2CE99AFC25}.Debug|Any CPU.Build.0 = Debug|Any CPU
		{AF2B66D8-A580-4B87-9B1F-5B2CE99AFC25}.Debug|Any CPU.Deploy.0 = Debug|Any CPU
		{AF2B66D8-A580-4B87-9B1F-5B2CE99AFC25}.Debug|ARM.ActiveCfg = Debug|Any CPU
		{AF2B66D8-A580-4B87-9B1F-5B2CE99AFC25}.Debug|ARM.Build.0 = Debug|Any CPU
		{AF2B66D8-A580-4B87-9B1F-5B2CE99AFC25}.Debug|ARM.Deploy.0 = Debug|Any CPU
		{AF2B66D8-A580-4B87-9B1F-5B2CE99AFC25}.Debug|x64.ActiveCfg = Debug|Any CPU
		{AF2B66D8-A580-4B87-9B1F-5B2CE99AFC25}.Debug|x64.Build.0 = Debug|Any CPU
		{AF2B66D8-A580-4B87-9B1F-5B2CE99AFC25}.Debug|x64.Deploy.0 = Debug|Any CPU
		{AF2B66D8-A580-4B87-9B1F-5B2CE99AFC25}.Debug|x86.ActiveCfg = Debug|Any CPU
		{AF2B66D8-A580-4B87-9B1F-5B2CE99AFC25}.Debug|x86.Build.0 = Debug|Any CPU
		{AF2B66D8-A580-4B87-9B1F-5B2CE99AFC25}.Debug|x86.Deploy.0 = Debug|Any CPU
		{AF2B66D8-A580-4B87-9B1F-5B2CE99AFC25}.Release|Any CPU.ActiveCfg = Release|Any CPU
		{AF2B66D8-A580-4B87-9B1F-5B2CE99AFC25}.Release|Any CPU.Build.0 = Release|Any CPU
		{AF2B66D8-A580-4B87-9B1F-5B2CE99AFC25}.Release|Any CPU.Deploy.0 = Release|Any CPU
		{AF2B66D8-A580-4B87-9B1F-5B2CE99AFC25}.Release|ARM.ActiveCfg = Release|Any CPU
		{AF2B66D8-A580-4B87-9B1F-5B2CE99AFC25}.Release|ARM.Build.0 = Release|Any CPU
		{AF2B66D8-A580-4B87-9B1F-5B2CE99AFC25}.Release|ARM.Deploy.0 = Release|Any CPU
		{AF2B66D8-A580-4B87-9B1F-5B2CE99AFC25}.Release|x64.ActiveCfg = Release|Any CPU
		{AF2B66D8-A580-4B87-9B1F-5B2CE99AFC25}.Release|x64.Build.0 = Release|Any CPU
		{AF2B66D8-A580-4B87-9B1F-5B2CE99AFC25}.Release|x64.Deploy.0 = Release|Any CPU
		{AF2B66D8-A580-4B87-9B1F-5B2CE99AFC25}.Release|x86.ActiveCfg = Release|Any CPU
		{AF2B66D8-A580-4B87-9B1F-5B2CE99AFC25}.Release|x86.Build.0 = Release|Any CPU
		{AF2B66D8-A580-4B87-9B1F-5B2CE99AFC25}.Release|x86.Deploy.0 = Release|Any CPU
		{B1618CC5-A581-42BB-ADBB-C6245FC91664}.Debug|Any CPU.ActiveCfg = Debug|Any CPU
		{B1618CC5-A581-42BB-ADBB-C6245FC91664}.Debug|Any CPU.Build.0 = Debug|Any CPU
		{B1618CC5-A581-42BB-ADBB-C6245FC91664}.Debug|ARM.ActiveCfg = Debug|Any CPU
		{B1618CC5-A581-42BB-ADBB-C6245FC91664}.Debug|ARM.Build.0 = Debug|Any CPU
		{B1618CC5-A581-42BB-ADBB-C6245FC91664}.Debug|x64.ActiveCfg = Debug|Any CPU
		{B1618CC5-A581-42BB-ADBB-C6245FC91664}.Debug|x64.Build.0 = Debug|Any CPU
		{B1618CC5-A581-42BB-ADBB-C6245FC91664}.Debug|x86.ActiveCfg = Debug|Any CPU
		{B1618CC5-A581-42BB-ADBB-C6245FC91664}.Debug|x86.Build.0 = Debug|Any CPU
		{B1618CC5-A581-42BB-ADBB-C6245FC91664}.Release|Any CPU.ActiveCfg = Release|Any CPU
		{B1618CC5-A581-42BB-ADBB-C6245FC91664}.Release|Any CPU.Build.0 = Release|Any CPU
		{B1618CC5-A581-42BB-ADBB-C6245FC91664}.Release|ARM.ActiveCfg = Release|Any CPU
		{B1618CC5-A581-42BB-ADBB-C6245FC91664}.Release|ARM.Build.0 = Release|Any CPU
		{B1618CC5-A581-42BB-ADBB-C6245FC91664}.Release|x64.ActiveCfg = Release|Any CPU
		{B1618CC5-A581-42BB-ADBB-C6245FC91664}.Release|x64.Build.0 = Release|Any CPU
		{B1618CC5-A581-42BB-ADBB-C6245FC91664}.Release|x86.ActiveCfg = Release|Any CPU
		{B1618CC5-A581-42BB-ADBB-C6245FC91664}.Release|x86.Build.0 = Release|Any CPU
		{0B31B46E-F378-42D6-9BD2-2D288E3EE7F4}.Debug|Any CPU.ActiveCfg = Debug|Any CPU
		{0B31B46E-F378-42D6-9BD2-2D288E3EE7F4}.Debug|Any CPU.Build.0 = Debug|Any CPU
		{0B31B46E-F378-42D6-9BD2-2D288E3EE7F4}.Debug|ARM.ActiveCfg = Debug|Any CPU
		{0B31B46E-F378-42D6-9BD2-2D288E3EE7F4}.Debug|ARM.Build.0 = Debug|Any CPU
		{0B31B46E-F378-42D6-9BD2-2D288E3EE7F4}.Debug|x64.ActiveCfg = Debug|Any CPU
		{0B31B46E-F378-42D6-9BD2-2D288E3EE7F4}.Debug|x64.Build.0 = Debug|Any CPU
		{0B31B46E-F378-42D6-9BD2-2D288E3EE7F4}.Debug|x86.ActiveCfg = Debug|Any CPU
		{0B31B46E-F378-42D6-9BD2-2D288E3EE7F4}.Debug|x86.Build.0 = Debug|Any CPU
		{0B31B46E-F378-42D6-9BD2-2D288E3EE7F4}.Release|Any CPU.ActiveCfg = Release|Any CPU
		{0B31B46E-F378-42D6-9BD2-2D288E3EE7F4}.Release|Any CPU.Build.0 = Release|Any CPU
		{0B31B46E-F378-42D6-9BD2-2D288E3EE7F4}.Release|ARM.ActiveCfg = Release|Any CPU
		{0B31B46E-F378-42D6-9BD2-2D288E3EE7F4}.Release|ARM.Build.0 = Release|Any CPU
		{0B31B46E-F378-42D6-9BD2-2D288E3EE7F4}.Release|x64.ActiveCfg = Release|Any CPU
		{0B31B46E-F378-42D6-9BD2-2D288E3EE7F4}.Release|x64.Build.0 = Release|Any CPU
		{0B31B46E-F378-42D6-9BD2-2D288E3EE7F4}.Release|x86.ActiveCfg = Release|Any CPU
		{0B31B46E-F378-42D6-9BD2-2D288E3EE7F4}.Release|x86.Build.0 = Release|Any CPU
		{06A55C2C-DBE9-4CFA-8FA1-D05EB0D5582E}.Debug|Any CPU.ActiveCfg = Debug|Any CPU
		{06A55C2C-DBE9-4CFA-8FA1-D05EB0D5582E}.Debug|Any CPU.Build.0 = Debug|Any CPU
		{06A55C2C-DBE9-4CFA-8FA1-D05EB0D5582E}.Debug|ARM.ActiveCfg = Debug|Any CPU
		{06A55C2C-DBE9-4CFA-8FA1-D05EB0D5582E}.Debug|ARM.Build.0 = Debug|Any CPU
		{06A55C2C-DBE9-4CFA-8FA1-D05EB0D5582E}.Debug|x64.ActiveCfg = Debug|Any CPU
		{06A55C2C-DBE9-4CFA-8FA1-D05EB0D5582E}.Debug|x64.Build.0 = Debug|Any CPU
		{06A55C2C-DBE9-4CFA-8FA1-D05EB0D5582E}.Debug|x86.ActiveCfg = Debug|Any CPU
		{06A55C2C-DBE9-4CFA-8FA1-D05EB0D5582E}.Debug|x86.Build.0 = Debug|Any CPU
		{06A55C2C-DBE9-4CFA-8FA1-D05EB0D5582E}.Release|Any CPU.ActiveCfg = Release|Any CPU
		{06A55C2C-DBE9-4CFA-8FA1-D05EB0D5582E}.Release|Any CPU.Build.0 = Release|Any CPU
		{06A55C2C-DBE9-4CFA-8FA1-D05EB0D5582E}.Release|ARM.ActiveCfg = Release|Any CPU
		{06A55C2C-DBE9-4CFA-8FA1-D05EB0D5582E}.Release|ARM.Build.0 = Release|Any CPU
		{06A55C2C-DBE9-4CFA-8FA1-D05EB0D5582E}.Release|x64.ActiveCfg = Release|Any CPU
		{06A55C2C-DBE9-4CFA-8FA1-D05EB0D5582E}.Release|x64.Build.0 = Release|Any CPU
		{06A55C2C-DBE9-4CFA-8FA1-D05EB0D5582E}.Release|x86.ActiveCfg = Release|Any CPU
		{06A55C2C-DBE9-4CFA-8FA1-D05EB0D5582E}.Release|x86.Build.0 = Release|Any CPU
		{64B351F2-AE9A-4CEE-804A-DD1B601DD5EB}.Debug|Any CPU.ActiveCfg = Debug|Any CPU
		{64B351F2-AE9A-4CEE-804A-DD1B601DD5EB}.Debug|Any CPU.Build.0 = Debug|Any CPU
		{64B351F2-AE9A-4CEE-804A-DD1B601DD5EB}.Debug|ARM.ActiveCfg = Debug|Any CPU
		{64B351F2-AE9A-4CEE-804A-DD1B601DD5EB}.Debug|ARM.Build.0 = Debug|Any CPU
		{64B351F2-AE9A-4CEE-804A-DD1B601DD5EB}.Debug|x64.ActiveCfg = Debug|Any CPU
		{64B351F2-AE9A-4CEE-804A-DD1B601DD5EB}.Debug|x64.Build.0 = Debug|Any CPU
		{64B351F2-AE9A-4CEE-804A-DD1B601DD5EB}.Debug|x86.ActiveCfg = Debug|Any CPU
		{64B351F2-AE9A-4CEE-804A-DD1B601DD5EB}.Debug|x86.Build.0 = Debug|Any CPU
		{64B351F2-AE9A-4CEE-804A-DD1B601DD5EB}.Release|Any CPU.ActiveCfg = Release|Any CPU
		{64B351F2-AE9A-4CEE-804A-DD1B601DD5EB}.Release|Any CPU.Build.0 = Release|Any CPU
		{64B351F2-AE9A-4CEE-804A-DD1B601DD5EB}.Release|ARM.ActiveCfg = Release|Any CPU
		{64B351F2-AE9A-4CEE-804A-DD1B601DD5EB}.Release|ARM.Build.0 = Release|Any CPU
		{64B351F2-AE9A-4CEE-804A-DD1B601DD5EB}.Release|x64.ActiveCfg = Release|Any CPU
		{64B351F2-AE9A-4CEE-804A-DD1B601DD5EB}.Release|x64.Build.0 = Release|Any CPU
		{64B351F2-AE9A-4CEE-804A-DD1B601DD5EB}.Release|x86.ActiveCfg = Release|Any CPU
		{64B351F2-AE9A-4CEE-804A-DD1B601DD5EB}.Release|x86.Build.0 = Release|Any CPU
		{253B9C1D-861C-4BC8-A923-0E46309BF0B2}.Debug|Any CPU.ActiveCfg = Debug|Any CPU
		{253B9C1D-861C-4BC8-A923-0E46309BF0B2}.Debug|Any CPU.Build.0 = Debug|Any CPU
		{253B9C1D-861C-4BC8-A923-0E46309BF0B2}.Debug|ARM.ActiveCfg = Debug|Any CPU
		{253B9C1D-861C-4BC8-A923-0E46309BF0B2}.Debug|ARM.Build.0 = Debug|Any CPU
		{253B9C1D-861C-4BC8-A923-0E46309BF0B2}.Debug|x64.ActiveCfg = Debug|Any CPU
		{253B9C1D-861C-4BC8-A923-0E46309BF0B2}.Debug|x64.Build.0 = Debug|Any CPU
		{253B9C1D-861C-4BC8-A923-0E46309BF0B2}.Debug|x86.ActiveCfg = Debug|Any CPU
		{253B9C1D-861C-4BC8-A923-0E46309BF0B2}.Debug|x86.Build.0 = Debug|Any CPU
		{253B9C1D-861C-4BC8-A923-0E46309BF0B2}.Release|Any CPU.ActiveCfg = Release|Any CPU
		{253B9C1D-861C-4BC8-A923-0E46309BF0B2}.Release|Any CPU.Build.0 = Release|Any CPU
		{253B9C1D-861C-4BC8-A923-0E46309BF0B2}.Release|ARM.ActiveCfg = Release|Any CPU
		{253B9C1D-861C-4BC8-A923-0E46309BF0B2}.Release|ARM.Build.0 = Release|Any CPU
		{253B9C1D-861C-4BC8-A923-0E46309BF0B2}.Release|x64.ActiveCfg = Release|Any CPU
		{253B9C1D-861C-4BC8-A923-0E46309BF0B2}.Release|x64.Build.0 = Release|Any CPU
		{253B9C1D-861C-4BC8-A923-0E46309BF0B2}.Release|x86.ActiveCfg = Release|Any CPU
		{253B9C1D-861C-4BC8-A923-0E46309BF0B2}.Release|x86.Build.0 = Release|Any CPU
		{5E55266B-29C7-402B-B5A0-538825248264}.Debug|Any CPU.ActiveCfg = Debug|Any CPU
		{5E55266B-29C7-402B-B5A0-538825248264}.Debug|Any CPU.Build.0 = Debug|Any CPU
		{5E55266B-29C7-402B-B5A0-538825248264}.Debug|ARM.ActiveCfg = Debug|Any CPU
		{5E55266B-29C7-402B-B5A0-538825248264}.Debug|ARM.Build.0 = Debug|Any CPU
		{5E55266B-29C7-402B-B5A0-538825248264}.Debug|x64.ActiveCfg = Debug|Any CPU
		{5E55266B-29C7-402B-B5A0-538825248264}.Debug|x64.Build.0 = Debug|Any CPU
		{5E55266B-29C7-402B-B5A0-538825248264}.Debug|x86.ActiveCfg = Debug|Any CPU
		{5E55266B-29C7-402B-B5A0-538825248264}.Debug|x86.Build.0 = Debug|Any CPU
		{5E55266B-29C7-402B-B5A0-538825248264}.Release|Any CPU.ActiveCfg = Release|Any CPU
		{5E55266B-29C7-402B-B5A0-538825248264}.Release|Any CPU.Build.0 = Release|Any CPU
		{5E55266B-29C7-402B-B5A0-538825248264}.Release|ARM.ActiveCfg = Release|Any CPU
		{5E55266B-29C7-402B-B5A0-538825248264}.Release|ARM.Build.0 = Release|Any CPU
		{5E55266B-29C7-402B-B5A0-538825248264}.Release|x64.ActiveCfg = Release|Any CPU
		{5E55266B-29C7-402B-B5A0-538825248264}.Release|x64.Build.0 = Release|Any CPU
		{5E55266B-29C7-402B-B5A0-538825248264}.Release|x86.ActiveCfg = Release|Any CPU
		{5E55266B-29C7-402B-B5A0-538825248264}.Release|x86.Build.0 = Release|Any CPU
		{EE48BD42-08AE-435B-8F16-913A4334FE94}.Debug|Any CPU.ActiveCfg = Debug|Any CPU
		{EE48BD42-08AE-435B-8F16-913A4334FE94}.Debug|Any CPU.Build.0 = Debug|Any CPU
		{EE48BD42-08AE-435B-8F16-913A4334FE94}.Debug|ARM.ActiveCfg = Debug|Any CPU
		{EE48BD42-08AE-435B-8F16-913A4334FE94}.Debug|ARM.Build.0 = Debug|Any CPU
		{EE48BD42-08AE-435B-8F16-913A4334FE94}.Debug|x64.ActiveCfg = Debug|Any CPU
		{EE48BD42-08AE-435B-8F16-913A4334FE94}.Debug|x64.Build.0 = Debug|Any CPU
		{EE48BD42-08AE-435B-8F16-913A4334FE94}.Debug|x86.ActiveCfg = Debug|Any CPU
		{EE48BD42-08AE-435B-8F16-913A4334FE94}.Debug|x86.Build.0 = Debug|Any CPU
		{EE48BD42-08AE-435B-8F16-913A4334FE94}.Release|Any CPU.ActiveCfg = Release|Any CPU
		{EE48BD42-08AE-435B-8F16-913A4334FE94}.Release|Any CPU.Build.0 = Release|Any CPU
		{EE48BD42-08AE-435B-8F16-913A4334FE94}.Release|ARM.ActiveCfg = Release|Any CPU
		{EE48BD42-08AE-435B-8F16-913A4334FE94}.Release|ARM.Build.0 = Release|Any CPU
		{EE48BD42-08AE-435B-8F16-913A4334FE94}.Release|x64.ActiveCfg = Release|Any CPU
		{EE48BD42-08AE-435B-8F16-913A4334FE94}.Release|x64.Build.0 = Release|Any CPU
		{EE48BD42-08AE-435B-8F16-913A4334FE94}.Release|x86.ActiveCfg = Release|Any CPU
		{EE48BD42-08AE-435B-8F16-913A4334FE94}.Release|x86.Build.0 = Release|Any CPU
		{A9DAA73D-FE45-4DD0-9CB7-B7892A3DB024}.Debug|Any CPU.ActiveCfg = Debug|Any CPU
		{A9DAA73D-FE45-4DD0-9CB7-B7892A3DB024}.Debug|Any CPU.Build.0 = Debug|Any CPU
		{A9DAA73D-FE45-4DD0-9CB7-B7892A3DB024}.Debug|ARM.ActiveCfg = Debug|Any CPU
		{A9DAA73D-FE45-4DD0-9CB7-B7892A3DB024}.Debug|ARM.Build.0 = Debug|Any CPU
		{A9DAA73D-FE45-4DD0-9CB7-B7892A3DB024}.Debug|x64.ActiveCfg = Debug|Any CPU
		{A9DAA73D-FE45-4DD0-9CB7-B7892A3DB024}.Debug|x64.Build.0 = Debug|Any CPU
		{A9DAA73D-FE45-4DD0-9CB7-B7892A3DB024}.Debug|x86.ActiveCfg = Debug|Any CPU
		{A9DAA73D-FE45-4DD0-9CB7-B7892A3DB024}.Debug|x86.Build.0 = Debug|Any CPU
		{A9DAA73D-FE45-4DD0-9CB7-B7892A3DB024}.Release|Any CPU.ActiveCfg = Release|Any CPU
		{A9DAA73D-FE45-4DD0-9CB7-B7892A3DB024}.Release|Any CPU.Build.0 = Release|Any CPU
		{A9DAA73D-FE45-4DD0-9CB7-B7892A3DB024}.Release|ARM.ActiveCfg = Release|Any CPU
		{A9DAA73D-FE45-4DD0-9CB7-B7892A3DB024}.Release|ARM.Build.0 = Release|Any CPU
		{A9DAA73D-FE45-4DD0-9CB7-B7892A3DB024}.Release|x64.ActiveCfg = Release|Any CPU
		{A9DAA73D-FE45-4DD0-9CB7-B7892A3DB024}.Release|x64.Build.0 = Release|Any CPU
		{A9DAA73D-FE45-4DD0-9CB7-B7892A3DB024}.Release|x86.ActiveCfg = Release|Any CPU
		{A9DAA73D-FE45-4DD0-9CB7-B7892A3DB024}.Release|x86.Build.0 = Release|Any CPU
		{3F2FE187-564C-452F-A3B5-55DAC3A0937F}.Debug|Any CPU.ActiveCfg = Debug|Any CPU
		{3F2FE187-564C-452F-A3B5-55DAC3A0937F}.Debug|Any CPU.Build.0 = Debug|Any CPU
		{3F2FE187-564C-452F-A3B5-55DAC3A0937F}.Debug|ARM.ActiveCfg = Debug|Any CPU
		{3F2FE187-564C-452F-A3B5-55DAC3A0937F}.Debug|ARM.Build.0 = Debug|Any CPU
		{3F2FE187-564C-452F-A3B5-55DAC3A0937F}.Debug|x64.ActiveCfg = Debug|Any CPU
		{3F2FE187-564C-452F-A3B5-55DAC3A0937F}.Debug|x64.Build.0 = Debug|Any CPU
		{3F2FE187-564C-452F-A3B5-55DAC3A0937F}.Debug|x86.ActiveCfg = Debug|Any CPU
		{3F2FE187-564C-452F-A3B5-55DAC3A0937F}.Debug|x86.Build.0 = Debug|Any CPU
		{3F2FE187-564C-452F-A3B5-55DAC3A0937F}.Release|Any CPU.ActiveCfg = Release|Any CPU
		{3F2FE187-564C-452F-A3B5-55DAC3A0937F}.Release|Any CPU.Build.0 = Release|Any CPU
		{3F2FE187-564C-452F-A3B5-55DAC3A0937F}.Release|ARM.ActiveCfg = Release|Any CPU
		{3F2FE187-564C-452F-A3B5-55DAC3A0937F}.Release|ARM.Build.0 = Release|Any CPU
		{3F2FE187-564C-452F-A3B5-55DAC3A0937F}.Release|x64.ActiveCfg = Release|Any CPU
		{3F2FE187-564C-452F-A3B5-55DAC3A0937F}.Release|x64.Build.0 = Release|Any CPU
		{3F2FE187-564C-452F-A3B5-55DAC3A0937F}.Release|x86.ActiveCfg = Release|Any CPU
		{3F2FE187-564C-452F-A3B5-55DAC3A0937F}.Release|x86.Build.0 = Release|Any CPU
		{3CF4EF7E-34BD-415F-ACD4-091405132084}.Debug|Any CPU.ActiveCfg = Debug|Any CPU
		{3CF4EF7E-34BD-415F-ACD4-091405132084}.Debug|Any CPU.Build.0 = Debug|Any CPU
		{3CF4EF7E-34BD-415F-ACD4-091405132084}.Debug|ARM.ActiveCfg = Debug|Any CPU
		{3CF4EF7E-34BD-415F-ACD4-091405132084}.Debug|ARM.Build.0 = Debug|Any CPU
		{3CF4EF7E-34BD-415F-ACD4-091405132084}.Debug|x64.ActiveCfg = Debug|Any CPU
		{3CF4EF7E-34BD-415F-ACD4-091405132084}.Debug|x64.Build.0 = Debug|Any CPU
		{3CF4EF7E-34BD-415F-ACD4-091405132084}.Debug|x86.ActiveCfg = Debug|Any CPU
		{3CF4EF7E-34BD-415F-ACD4-091405132084}.Debug|x86.Build.0 = Debug|Any CPU
		{3CF4EF7E-34BD-415F-ACD4-091405132084}.Release|Any CPU.ActiveCfg = Release|Any CPU
		{3CF4EF7E-34BD-415F-ACD4-091405132084}.Release|Any CPU.Build.0 = Release|Any CPU
		{3CF4EF7E-34BD-415F-ACD4-091405132084}.Release|ARM.ActiveCfg = Release|Any CPU
		{3CF4EF7E-34BD-415F-ACD4-091405132084}.Release|ARM.Build.0 = Release|Any CPU
		{3CF4EF7E-34BD-415F-ACD4-091405132084}.Release|x64.ActiveCfg = Release|Any CPU
		{3CF4EF7E-34BD-415F-ACD4-091405132084}.Release|x64.Build.0 = Release|Any CPU
		{3CF4EF7E-34BD-415F-ACD4-091405132084}.Release|x86.ActiveCfg = Release|Any CPU
		{3CF4EF7E-34BD-415F-ACD4-091405132084}.Release|x86.Build.0 = Release|Any CPU
		{2EF85215-74EA-40D9-BDB2-59AC50B8AA3B}.Debug|Any CPU.ActiveCfg = Debug|Any CPU
		{2EF85215-74EA-40D9-BDB2-59AC50B8AA3B}.Debug|Any CPU.Build.0 = Debug|Any CPU
		{2EF85215-74EA-40D9-BDB2-59AC50B8AA3B}.Debug|ARM.ActiveCfg = Debug|Any CPU
		{2EF85215-74EA-40D9-BDB2-59AC50B8AA3B}.Debug|ARM.Build.0 = Debug|Any CPU
		{2EF85215-74EA-40D9-BDB2-59AC50B8AA3B}.Debug|x64.ActiveCfg = Debug|Any CPU
		{2EF85215-74EA-40D9-BDB2-59AC50B8AA3B}.Debug|x64.Build.0 = Debug|Any CPU
		{2EF85215-74EA-40D9-BDB2-59AC50B8AA3B}.Debug|x86.ActiveCfg = Debug|Any CPU
		{2EF85215-74EA-40D9-BDB2-59AC50B8AA3B}.Debug|x86.Build.0 = Debug|Any CPU
		{2EF85215-74EA-40D9-BDB2-59AC50B8AA3B}.Release|Any CPU.ActiveCfg = Release|Any CPU
		{2EF85215-74EA-40D9-BDB2-59AC50B8AA3B}.Release|Any CPU.Build.0 = Release|Any CPU
		{2EF85215-74EA-40D9-BDB2-59AC50B8AA3B}.Release|ARM.ActiveCfg = Release|Any CPU
		{2EF85215-74EA-40D9-BDB2-59AC50B8AA3B}.Release|ARM.Build.0 = Release|Any CPU
		{2EF85215-74EA-40D9-BDB2-59AC50B8AA3B}.Release|x64.ActiveCfg = Release|Any CPU
		{2EF85215-74EA-40D9-BDB2-59AC50B8AA3B}.Release|x64.Build.0 = Release|Any CPU
		{2EF85215-74EA-40D9-BDB2-59AC50B8AA3B}.Release|x86.ActiveCfg = Release|Any CPU
		{2EF85215-74EA-40D9-BDB2-59AC50B8AA3B}.Release|x86.Build.0 = Release|Any CPU
		{BD266EB4-BF49-407C-956F-0E4EF94491AA}.Debug|Any CPU.ActiveCfg = Debug|Any CPU
		{BD266EB4-BF49-407C-956F-0E4EF94491AA}.Debug|Any CPU.Build.0 = Debug|Any CPU
		{BD266EB4-BF49-407C-956F-0E4EF94491AA}.Debug|ARM.ActiveCfg = Debug|Any CPU
		{BD266EB4-BF49-407C-956F-0E4EF94491AA}.Debug|ARM.Build.0 = Debug|Any CPU
		{BD266EB4-BF49-407C-956F-0E4EF94491AA}.Debug|x64.ActiveCfg = Debug|Any CPU
		{BD266EB4-BF49-407C-956F-0E4EF94491AA}.Debug|x64.Build.0 = Debug|Any CPU
		{BD266EB4-BF49-407C-956F-0E4EF94491AA}.Debug|x86.ActiveCfg = Debug|Any CPU
		{BD266EB4-BF49-407C-956F-0E4EF94491AA}.Debug|x86.Build.0 = Debug|Any CPU
		{BD266EB4-BF49-407C-956F-0E4EF94491AA}.Release|Any CPU.ActiveCfg = Release|Any CPU
		{BD266EB4-BF49-407C-956F-0E4EF94491AA}.Release|Any CPU.Build.0 = Release|Any CPU
		{BD266EB4-BF49-407C-956F-0E4EF94491AA}.Release|ARM.ActiveCfg = Release|Any CPU
		{BD266EB4-BF49-407C-956F-0E4EF94491AA}.Release|ARM.Build.0 = Release|Any CPU
		{BD266EB4-BF49-407C-956F-0E4EF94491AA}.Release|x64.ActiveCfg = Release|Any CPU
		{BD266EB4-BF49-407C-956F-0E4EF94491AA}.Release|x64.Build.0 = Release|Any CPU
		{BD266EB4-BF49-407C-956F-0E4EF94491AA}.Release|x86.ActiveCfg = Release|Any CPU
		{BD266EB4-BF49-407C-956F-0E4EF94491AA}.Release|x86.Build.0 = Release|Any CPU
		{A3534D51-572C-4811-868E-ED4DC7D91738}.Debug|Any CPU.ActiveCfg = Debug|Any CPU
		{A3534D51-572C-4811-868E-ED4DC7D91738}.Debug|Any CPU.Build.0 = Debug|Any CPU
		{A3534D51-572C-4811-868E-ED4DC7D91738}.Debug|ARM.ActiveCfg = Debug|Any CPU
		{A3534D51-572C-4811-868E-ED4DC7D91738}.Debug|ARM.Build.0 = Debug|Any CPU
		{A3534D51-572C-4811-868E-ED4DC7D91738}.Debug|x64.ActiveCfg = Debug|Any CPU
		{A3534D51-572C-4811-868E-ED4DC7D91738}.Debug|x64.Build.0 = Debug|Any CPU
		{A3534D51-572C-4811-868E-ED4DC7D91738}.Debug|x86.ActiveCfg = Debug|Any CPU
		{A3534D51-572C-4811-868E-ED4DC7D91738}.Debug|x86.Build.0 = Debug|Any CPU
		{A3534D51-572C-4811-868E-ED4DC7D91738}.Release|Any CPU.ActiveCfg = Release|Any CPU
		{A3534D51-572C-4811-868E-ED4DC7D91738}.Release|Any CPU.Build.0 = Release|Any CPU
		{A3534D51-572C-4811-868E-ED4DC7D91738}.Release|ARM.ActiveCfg = Release|Any CPU
		{A3534D51-572C-4811-868E-ED4DC7D91738}.Release|ARM.Build.0 = Release|Any CPU
		{A3534D51-572C-4811-868E-ED4DC7D91738}.Release|x64.ActiveCfg = Release|Any CPU
		{A3534D51-572C-4811-868E-ED4DC7D91738}.Release|x64.Build.0 = Release|Any CPU
		{A3534D51-572C-4811-868E-ED4DC7D91738}.Release|x86.ActiveCfg = Release|Any CPU
		{A3534D51-572C-4811-868E-ED4DC7D91738}.Release|x86.Build.0 = Release|Any CPU
		{60520FE8-9C3E-4F13-819B-9721068C1F95}.Debug|Any CPU.ActiveCfg = Debug|Any CPU
		{60520FE8-9C3E-4F13-819B-9721068C1F95}.Debug|Any CPU.Build.0 = Debug|Any CPU
		{60520FE8-9C3E-4F13-819B-9721068C1F95}.Debug|ARM.ActiveCfg = Debug|Any CPU
		{60520FE8-9C3E-4F13-819B-9721068C1F95}.Debug|ARM.Build.0 = Debug|Any CPU
		{60520FE8-9C3E-4F13-819B-9721068C1F95}.Debug|x64.ActiveCfg = Debug|Any CPU
		{60520FE8-9C3E-4F13-819B-9721068C1F95}.Debug|x64.Build.0 = Debug|Any CPU
		{60520FE8-9C3E-4F13-819B-9721068C1F95}.Debug|x86.ActiveCfg = Debug|Any CPU
		{60520FE8-9C3E-4F13-819B-9721068C1F95}.Debug|x86.Build.0 = Debug|Any CPU
		{60520FE8-9C3E-4F13-819B-9721068C1F95}.Release|Any CPU.ActiveCfg = Release|Any CPU
		{60520FE8-9C3E-4F13-819B-9721068C1F95}.Release|Any CPU.Build.0 = Release|Any CPU
		{60520FE8-9C3E-4F13-819B-9721068C1F95}.Release|ARM.ActiveCfg = Release|Any CPU
		{60520FE8-9C3E-4F13-819B-9721068C1F95}.Release|ARM.Build.0 = Release|Any CPU
		{60520FE8-9C3E-4F13-819B-9721068C1F95}.Release|x64.ActiveCfg = Release|Any CPU
		{60520FE8-9C3E-4F13-819B-9721068C1F95}.Release|x64.Build.0 = Release|Any CPU
		{60520FE8-9C3E-4F13-819B-9721068C1F95}.Release|x86.ActiveCfg = Release|Any CPU
		{60520FE8-9C3E-4F13-819B-9721068C1F95}.Release|x86.Build.0 = Release|Any CPU
		{FF194CD7-12E6-4669-8A4A-8C235D8BB7A7}.Debug|Any CPU.ActiveCfg = Debug|Any CPU
		{FF194CD7-12E6-4669-8A4A-8C235D8BB7A7}.Debug|Any CPU.Build.0 = Debug|Any CPU
		{FF194CD7-12E6-4669-8A4A-8C235D8BB7A7}.Debug|ARM.ActiveCfg = Debug|Any CPU
		{FF194CD7-12E6-4669-8A4A-8C235D8BB7A7}.Debug|ARM.Build.0 = Debug|Any CPU
		{FF194CD7-12E6-4669-8A4A-8C235D8BB7A7}.Debug|x64.ActiveCfg = Debug|Any CPU
		{FF194CD7-12E6-4669-8A4A-8C235D8BB7A7}.Debug|x64.Build.0 = Debug|Any CPU
		{FF194CD7-12E6-4669-8A4A-8C235D8BB7A7}.Debug|x86.ActiveCfg = Debug|Any CPU
		{FF194CD7-12E6-4669-8A4A-8C235D8BB7A7}.Debug|x86.Build.0 = Debug|Any CPU
		{FF194CD7-12E6-4669-8A4A-8C235D8BB7A7}.Release|Any CPU.ActiveCfg = Release|Any CPU
		{FF194CD7-12E6-4669-8A4A-8C235D8BB7A7}.Release|Any CPU.Build.0 = Release|Any CPU
		{FF194CD7-12E6-4669-8A4A-8C235D8BB7A7}.Release|ARM.ActiveCfg = Release|Any CPU
		{FF194CD7-12E6-4669-8A4A-8C235D8BB7A7}.Release|ARM.Build.0 = Release|Any CPU
		{FF194CD7-12E6-4669-8A4A-8C235D8BB7A7}.Release|x64.ActiveCfg = Release|Any CPU
		{FF194CD7-12E6-4669-8A4A-8C235D8BB7A7}.Release|x64.Build.0 = Release|Any CPU
		{FF194CD7-12E6-4669-8A4A-8C235D8BB7A7}.Release|x86.ActiveCfg = Release|Any CPU
		{FF194CD7-12E6-4669-8A4A-8C235D8BB7A7}.Release|x86.Build.0 = Release|Any CPU
		{0D0CAAD4-AFE7-4A46-9E21-9AA06FF9DA25}.Debug|Any CPU.ActiveCfg = Debug|Any CPU
		{0D0CAAD4-AFE7-4A46-9E21-9AA06FF9DA25}.Debug|Any CPU.Build.0 = Debug|Any CPU
		{0D0CAAD4-AFE7-4A46-9E21-9AA06FF9DA25}.Debug|ARM.ActiveCfg = Debug|Any CPU
		{0D0CAAD4-AFE7-4A46-9E21-9AA06FF9DA25}.Debug|ARM.Build.0 = Debug|Any CPU
		{0D0CAAD4-AFE7-4A46-9E21-9AA06FF9DA25}.Debug|x64.ActiveCfg = Debug|Any CPU
		{0D0CAAD4-AFE7-4A46-9E21-9AA06FF9DA25}.Debug|x64.Build.0 = Debug|Any CPU
		{0D0CAAD4-AFE7-4A46-9E21-9AA06FF9DA25}.Debug|x86.ActiveCfg = Debug|Any CPU
		{0D0CAAD4-AFE7-4A46-9E21-9AA06FF9DA25}.Debug|x86.Build.0 = Debug|Any CPU
		{0D0CAAD4-AFE7-4A46-9E21-9AA06FF9DA25}.Release|Any CPU.ActiveCfg = Release|Any CPU
		{0D0CAAD4-AFE7-4A46-9E21-9AA06FF9DA25}.Release|Any CPU.Build.0 = Release|Any CPU
		{0D0CAAD4-AFE7-4A46-9E21-9AA06FF9DA25}.Release|ARM.ActiveCfg = Release|Any CPU
		{0D0CAAD4-AFE7-4A46-9E21-9AA06FF9DA25}.Release|ARM.Build.0 = Release|Any CPU
		{0D0CAAD4-AFE7-4A46-9E21-9AA06FF9DA25}.Release|x64.ActiveCfg = Release|Any CPU
		{0D0CAAD4-AFE7-4A46-9E21-9AA06FF9DA25}.Release|x64.Build.0 = Release|Any CPU
		{0D0CAAD4-AFE7-4A46-9E21-9AA06FF9DA25}.Release|x86.ActiveCfg = Release|Any CPU
		{0D0CAAD4-AFE7-4A46-9E21-9AA06FF9DA25}.Release|x86.Build.0 = Release|Any CPU
		{03119C98-BF14-4085-AE37-E7FF08241A99}.Debug|Any CPU.ActiveCfg = Debug|Any CPU
		{03119C98-BF14-4085-AE37-E7FF08241A99}.Debug|Any CPU.Build.0 = Debug|Any CPU
		{03119C98-BF14-4085-AE37-E7FF08241A99}.Debug|ARM.ActiveCfg = Debug|Any CPU
		{03119C98-BF14-4085-AE37-E7FF08241A99}.Debug|ARM.Build.0 = Debug|Any CPU
		{03119C98-BF14-4085-AE37-E7FF08241A99}.Debug|x64.ActiveCfg = Debug|Any CPU
		{03119C98-BF14-4085-AE37-E7FF08241A99}.Debug|x64.Build.0 = Debug|Any CPU
		{03119C98-BF14-4085-AE37-E7FF08241A99}.Debug|x86.ActiveCfg = Debug|Any CPU
		{03119C98-BF14-4085-AE37-E7FF08241A99}.Debug|x86.Build.0 = Debug|Any CPU
		{03119C98-BF14-4085-AE37-E7FF08241A99}.Release|Any CPU.ActiveCfg = Release|Any CPU
		{03119C98-BF14-4085-AE37-E7FF08241A99}.Release|Any CPU.Build.0 = Release|Any CPU
		{03119C98-BF14-4085-AE37-E7FF08241A99}.Release|ARM.ActiveCfg = Release|Any CPU
		{03119C98-BF14-4085-AE37-E7FF08241A99}.Release|ARM.Build.0 = Release|Any CPU
		{03119C98-BF14-4085-AE37-E7FF08241A99}.Release|x64.ActiveCfg = Release|Any CPU
		{03119C98-BF14-4085-AE37-E7FF08241A99}.Release|x64.Build.0 = Release|Any CPU
		{03119C98-BF14-4085-AE37-E7FF08241A99}.Release|x86.ActiveCfg = Release|Any CPU
		{03119C98-BF14-4085-AE37-E7FF08241A99}.Release|x86.Build.0 = Release|Any CPU
		{212927A9-AA19-4400-A506-B012451220C3}.Debug|Any CPU.ActiveCfg = Debug|Any CPU
		{212927A9-AA19-4400-A506-B012451220C3}.Debug|Any CPU.Build.0 = Debug|Any CPU
		{212927A9-AA19-4400-A506-B012451220C3}.Debug|ARM.ActiveCfg = Debug|Any CPU
		{212927A9-AA19-4400-A506-B012451220C3}.Debug|ARM.Build.0 = Debug|Any CPU
		{212927A9-AA19-4400-A506-B012451220C3}.Debug|x64.ActiveCfg = Debug|Any CPU
		{212927A9-AA19-4400-A506-B012451220C3}.Debug|x64.Build.0 = Debug|Any CPU
		{212927A9-AA19-4400-A506-B012451220C3}.Debug|x86.ActiveCfg = Debug|Any CPU
		{212927A9-AA19-4400-A506-B012451220C3}.Debug|x86.Build.0 = Debug|Any CPU
		{212927A9-AA19-4400-A506-B012451220C3}.Release|Any CPU.ActiveCfg = Release|Any CPU
		{212927A9-AA19-4400-A506-B012451220C3}.Release|Any CPU.Build.0 = Release|Any CPU
		{212927A9-AA19-4400-A506-B012451220C3}.Release|ARM.ActiveCfg = Release|Any CPU
		{212927A9-AA19-4400-A506-B012451220C3}.Release|ARM.Build.0 = Release|Any CPU
		{212927A9-AA19-4400-A506-B012451220C3}.Release|x64.ActiveCfg = Release|Any CPU
		{212927A9-AA19-4400-A506-B012451220C3}.Release|x64.Build.0 = Release|Any CPU
		{212927A9-AA19-4400-A506-B012451220C3}.Release|x86.ActiveCfg = Release|Any CPU
		{212927A9-AA19-4400-A506-B012451220C3}.Release|x86.Build.0 = Release|Any CPU
		{CEBEA7B8-D59A-472A-8971-7F89A2DA61A5}.Debug|Any CPU.ActiveCfg = Debug|Any CPU
		{CEBEA7B8-D59A-472A-8971-7F89A2DA61A5}.Debug|Any CPU.Build.0 = Debug|Any CPU
		{CEBEA7B8-D59A-472A-8971-7F89A2DA61A5}.Debug|ARM.ActiveCfg = Debug|Any CPU
		{CEBEA7B8-D59A-472A-8971-7F89A2DA61A5}.Debug|ARM.Build.0 = Debug|Any CPU
		{CEBEA7B8-D59A-472A-8971-7F89A2DA61A5}.Debug|x64.ActiveCfg = Debug|Any CPU
		{CEBEA7B8-D59A-472A-8971-7F89A2DA61A5}.Debug|x64.Build.0 = Debug|Any CPU
		{CEBEA7B8-D59A-472A-8971-7F89A2DA61A5}.Debug|x86.ActiveCfg = Debug|Any CPU
		{CEBEA7B8-D59A-472A-8971-7F89A2DA61A5}.Debug|x86.Build.0 = Debug|Any CPU
		{CEBEA7B8-D59A-472A-8971-7F89A2DA61A5}.Release|Any CPU.ActiveCfg = Release|Any CPU
		{CEBEA7B8-D59A-472A-8971-7F89A2DA61A5}.Release|Any CPU.Build.0 = Release|Any CPU
		{CEBEA7B8-D59A-472A-8971-7F89A2DA61A5}.Release|ARM.ActiveCfg = Release|Any CPU
		{CEBEA7B8-D59A-472A-8971-7F89A2DA61A5}.Release|ARM.Build.0 = Release|Any CPU
		{CEBEA7B8-D59A-472A-8971-7F89A2DA61A5}.Release|x64.ActiveCfg = Release|Any CPU
		{CEBEA7B8-D59A-472A-8971-7F89A2DA61A5}.Release|x64.Build.0 = Release|Any CPU
		{CEBEA7B8-D59A-472A-8971-7F89A2DA61A5}.Release|x86.ActiveCfg = Release|Any CPU
		{CEBEA7B8-D59A-472A-8971-7F89A2DA61A5}.Release|x86.Build.0 = Release|Any CPU
		{F3DAB45D-1224-4799-9F6C-2A14B4F4A2B5}.Debug|Any CPU.ActiveCfg = Debug|Any CPU
		{F3DAB45D-1224-4799-9F6C-2A14B4F4A2B5}.Debug|Any CPU.Build.0 = Debug|Any CPU
		{F3DAB45D-1224-4799-9F6C-2A14B4F4A2B5}.Debug|ARM.ActiveCfg = Debug|Any CPU
		{F3DAB45D-1224-4799-9F6C-2A14B4F4A2B5}.Debug|ARM.Build.0 = Debug|Any CPU
		{F3DAB45D-1224-4799-9F6C-2A14B4F4A2B5}.Debug|x64.ActiveCfg = Debug|Any CPU
		{F3DAB45D-1224-4799-9F6C-2A14B4F4A2B5}.Debug|x64.Build.0 = Debug|Any CPU
		{F3DAB45D-1224-4799-9F6C-2A14B4F4A2B5}.Debug|x86.ActiveCfg = Debug|Any CPU
		{F3DAB45D-1224-4799-9F6C-2A14B4F4A2B5}.Debug|x86.Build.0 = Debug|Any CPU
		{F3DAB45D-1224-4799-9F6C-2A14B4F4A2B5}.Release|Any CPU.ActiveCfg = Release|Any CPU
		{F3DAB45D-1224-4799-9F6C-2A14B4F4A2B5}.Release|Any CPU.Build.0 = Release|Any CPU
		{F3DAB45D-1224-4799-9F6C-2A14B4F4A2B5}.Release|ARM.ActiveCfg = Release|Any CPU
		{F3DAB45D-1224-4799-9F6C-2A14B4F4A2B5}.Release|ARM.Build.0 = Release|Any CPU
		{F3DAB45D-1224-4799-9F6C-2A14B4F4A2B5}.Release|x64.ActiveCfg = Release|Any CPU
		{F3DAB45D-1224-4799-9F6C-2A14B4F4A2B5}.Release|x64.Build.0 = Release|Any CPU
		{F3DAB45D-1224-4799-9F6C-2A14B4F4A2B5}.Release|x86.ActiveCfg = Release|Any CPU
		{F3DAB45D-1224-4799-9F6C-2A14B4F4A2B5}.Release|x86.Build.0 = Release|Any CPU
		{310A7C1C-ABB9-4433-9A58-7D5FBB841B22}.Debug|Any CPU.ActiveCfg = Debug|Any CPU
		{310A7C1C-ABB9-4433-9A58-7D5FBB841B22}.Debug|Any CPU.Build.0 = Debug|Any CPU
		{310A7C1C-ABB9-4433-9A58-7D5FBB841B22}.Debug|ARM.ActiveCfg = Debug|Any CPU
		{310A7C1C-ABB9-4433-9A58-7D5FBB841B22}.Debug|ARM.Build.0 = Debug|Any CPU
		{310A7C1C-ABB9-4433-9A58-7D5FBB841B22}.Debug|x64.ActiveCfg = Debug|Any CPU
		{310A7C1C-ABB9-4433-9A58-7D5FBB841B22}.Debug|x64.Build.0 = Debug|Any CPU
		{310A7C1C-ABB9-4433-9A58-7D5FBB841B22}.Debug|x86.ActiveCfg = Debug|Any CPU
		{310A7C1C-ABB9-4433-9A58-7D5FBB841B22}.Debug|x86.Build.0 = Debug|Any CPU
		{310A7C1C-ABB9-4433-9A58-7D5FBB841B22}.Release|Any CPU.ActiveCfg = Release|Any CPU
		{310A7C1C-ABB9-4433-9A58-7D5FBB841B22}.Release|Any CPU.Build.0 = Release|Any CPU
		{310A7C1C-ABB9-4433-9A58-7D5FBB841B22}.Release|ARM.ActiveCfg = Release|Any CPU
		{310A7C1C-ABB9-4433-9A58-7D5FBB841B22}.Release|ARM.Build.0 = Release|Any CPU
		{310A7C1C-ABB9-4433-9A58-7D5FBB841B22}.Release|x64.ActiveCfg = Release|Any CPU
		{310A7C1C-ABB9-4433-9A58-7D5FBB841B22}.Release|x64.Build.0 = Release|Any CPU
		{310A7C1C-ABB9-4433-9A58-7D5FBB841B22}.Release|x86.ActiveCfg = Release|Any CPU
		{310A7C1C-ABB9-4433-9A58-7D5FBB841B22}.Release|x86.Build.0 = Release|Any CPU
		{A82D4BBD-179F-4A5F-8C9B-23EB5D73492B}.Debug|Any CPU.ActiveCfg = Debug|Any CPU
		{A82D4BBD-179F-4A5F-8C9B-23EB5D73492B}.Debug|Any CPU.Build.0 = Debug|Any CPU
		{A82D4BBD-179F-4A5F-8C9B-23EB5D73492B}.Debug|ARM.ActiveCfg = Debug|Any CPU
		{A82D4BBD-179F-4A5F-8C9B-23EB5D73492B}.Debug|ARM.Build.0 = Debug|Any CPU
		{A82D4BBD-179F-4A5F-8C9B-23EB5D73492B}.Debug|x64.ActiveCfg = Debug|Any CPU
		{A82D4BBD-179F-4A5F-8C9B-23EB5D73492B}.Debug|x64.Build.0 = Debug|Any CPU
		{A82D4BBD-179F-4A5F-8C9B-23EB5D73492B}.Debug|x86.ActiveCfg = Debug|Any CPU
		{A82D4BBD-179F-4A5F-8C9B-23EB5D73492B}.Debug|x86.Build.0 = Debug|Any CPU
		{A82D4BBD-179F-4A5F-8C9B-23EB5D73492B}.Release|Any CPU.ActiveCfg = Release|Any CPU
		{A82D4BBD-179F-4A5F-8C9B-23EB5D73492B}.Release|Any CPU.Build.0 = Release|Any CPU
		{A82D4BBD-179F-4A5F-8C9B-23EB5D73492B}.Release|ARM.ActiveCfg = Release|Any CPU
		{A82D4BBD-179F-4A5F-8C9B-23EB5D73492B}.Release|ARM.Build.0 = Release|Any CPU
		{A82D4BBD-179F-4A5F-8C9B-23EB5D73492B}.Release|x64.ActiveCfg = Release|Any CPU
		{A82D4BBD-179F-4A5F-8C9B-23EB5D73492B}.Release|x64.Build.0 = Release|Any CPU
		{A82D4BBD-179F-4A5F-8C9B-23EB5D73492B}.Release|x86.ActiveCfg = Release|Any CPU
		{A82D4BBD-179F-4A5F-8C9B-23EB5D73492B}.Release|x86.Build.0 = Release|Any CPU
		{5CF61D17-D5A3-4E55-BA85-6FA8A68105BD}.Debug|Any CPU.ActiveCfg = Debug|Any CPU
		{5CF61D17-D5A3-4E55-BA85-6FA8A68105BD}.Debug|Any CPU.Build.0 = Debug|Any CPU
		{5CF61D17-D5A3-4E55-BA85-6FA8A68105BD}.Debug|ARM.ActiveCfg = Debug|Any CPU
		{5CF61D17-D5A3-4E55-BA85-6FA8A68105BD}.Debug|ARM.Build.0 = Debug|Any CPU
		{5CF61D17-D5A3-4E55-BA85-6FA8A68105BD}.Debug|x64.ActiveCfg = Debug|Any CPU
		{5CF61D17-D5A3-4E55-BA85-6FA8A68105BD}.Debug|x64.Build.0 = Debug|Any CPU
		{5CF61D17-D5A3-4E55-BA85-6FA8A68105BD}.Debug|x86.ActiveCfg = Debug|Any CPU
		{5CF61D17-D5A3-4E55-BA85-6FA8A68105BD}.Debug|x86.Build.0 = Debug|Any CPU
		{5CF61D17-D5A3-4E55-BA85-6FA8A68105BD}.Release|Any CPU.ActiveCfg = Release|Any CPU
		{5CF61D17-D5A3-4E55-BA85-6FA8A68105BD}.Release|Any CPU.Build.0 = Release|Any CPU
		{5CF61D17-D5A3-4E55-BA85-6FA8A68105BD}.Release|ARM.ActiveCfg = Release|Any CPU
		{5CF61D17-D5A3-4E55-BA85-6FA8A68105BD}.Release|ARM.Build.0 = Release|Any CPU
		{5CF61D17-D5A3-4E55-BA85-6FA8A68105BD}.Release|x64.ActiveCfg = Release|Any CPU
		{5CF61D17-D5A3-4E55-BA85-6FA8A68105BD}.Release|x64.Build.0 = Release|Any CPU
		{5CF61D17-D5A3-4E55-BA85-6FA8A68105BD}.Release|x86.ActiveCfg = Release|Any CPU
		{5CF61D17-D5A3-4E55-BA85-6FA8A68105BD}.Release|x86.Build.0 = Release|Any CPU
		{7C3302BE-6A99-487E-9781-670CD9AD9F47}.Debug|Any CPU.ActiveCfg = Debug|Any CPU
		{7C3302BE-6A99-487E-9781-670CD9AD9F47}.Debug|Any CPU.Build.0 = Debug|Any CPU
		{7C3302BE-6A99-487E-9781-670CD9AD9F47}.Debug|ARM.ActiveCfg = Debug|Any CPU
		{7C3302BE-6A99-487E-9781-670CD9AD9F47}.Debug|ARM.Build.0 = Debug|Any CPU
		{7C3302BE-6A99-487E-9781-670CD9AD9F47}.Debug|x64.ActiveCfg = Debug|Any CPU
		{7C3302BE-6A99-487E-9781-670CD9AD9F47}.Debug|x64.Build.0 = Debug|Any CPU
		{7C3302BE-6A99-487E-9781-670CD9AD9F47}.Debug|x86.ActiveCfg = Debug|Any CPU
		{7C3302BE-6A99-487E-9781-670CD9AD9F47}.Debug|x86.Build.0 = Debug|Any CPU
		{7C3302BE-6A99-487E-9781-670CD9AD9F47}.Release|Any CPU.ActiveCfg = Release|Any CPU
		{7C3302BE-6A99-487E-9781-670CD9AD9F47}.Release|Any CPU.Build.0 = Release|Any CPU
		{7C3302BE-6A99-487E-9781-670CD9AD9F47}.Release|ARM.ActiveCfg = Release|Any CPU
		{7C3302BE-6A99-487E-9781-670CD9AD9F47}.Release|ARM.Build.0 = Release|Any CPU
		{7C3302BE-6A99-487E-9781-670CD9AD9F47}.Release|x64.ActiveCfg = Release|Any CPU
		{7C3302BE-6A99-487E-9781-670CD9AD9F47}.Release|x64.Build.0 = Release|Any CPU
		{7C3302BE-6A99-487E-9781-670CD9AD9F47}.Release|x86.ActiveCfg = Release|Any CPU
		{7C3302BE-6A99-487E-9781-670CD9AD9F47}.Release|x86.Build.0 = Release|Any CPU
		{B9312C5B-BD69-4843-81CB-5784EC29EEF3}.Debug|Any CPU.ActiveCfg = Debug|Any CPU
		{B9312C5B-BD69-4843-81CB-5784EC29EEF3}.Debug|Any CPU.Build.0 = Debug|Any CPU
		{B9312C5B-BD69-4843-81CB-5784EC29EEF3}.Debug|ARM.ActiveCfg = Debug|Any CPU
		{B9312C5B-BD69-4843-81CB-5784EC29EEF3}.Debug|ARM.Build.0 = Debug|Any CPU
		{B9312C5B-BD69-4843-81CB-5784EC29EEF3}.Debug|x64.ActiveCfg = Debug|Any CPU
		{B9312C5B-BD69-4843-81CB-5784EC29EEF3}.Debug|x64.Build.0 = Debug|Any CPU
		{B9312C5B-BD69-4843-81CB-5784EC29EEF3}.Debug|x86.ActiveCfg = Debug|Any CPU
		{B9312C5B-BD69-4843-81CB-5784EC29EEF3}.Debug|x86.Build.0 = Debug|Any CPU
		{B9312C5B-BD69-4843-81CB-5784EC29EEF3}.Release|Any CPU.ActiveCfg = Release|Any CPU
		{B9312C5B-BD69-4843-81CB-5784EC29EEF3}.Release|Any CPU.Build.0 = Release|Any CPU
		{B9312C5B-BD69-4843-81CB-5784EC29EEF3}.Release|ARM.ActiveCfg = Release|Any CPU
		{B9312C5B-BD69-4843-81CB-5784EC29EEF3}.Release|ARM.Build.0 = Release|Any CPU
		{B9312C5B-BD69-4843-81CB-5784EC29EEF3}.Release|x64.ActiveCfg = Release|Any CPU
		{B9312C5B-BD69-4843-81CB-5784EC29EEF3}.Release|x64.Build.0 = Release|Any CPU
		{B9312C5B-BD69-4843-81CB-5784EC29EEF3}.Release|x86.ActiveCfg = Release|Any CPU
		{B9312C5B-BD69-4843-81CB-5784EC29EEF3}.Release|x86.Build.0 = Release|Any CPU
		{70D5F590-CBC5-4056-99FD-DD31B69C99C2}.Debug|Any CPU.ActiveCfg = Debug|Any CPU
		{70D5F590-CBC5-4056-99FD-DD31B69C99C2}.Debug|Any CPU.Build.0 = Debug|Any CPU
		{70D5F590-CBC5-4056-99FD-DD31B69C99C2}.Debug|ARM.ActiveCfg = Debug|Any CPU
		{70D5F590-CBC5-4056-99FD-DD31B69C99C2}.Debug|ARM.Build.0 = Debug|Any CPU
		{70D5F590-CBC5-4056-99FD-DD31B69C99C2}.Debug|x64.ActiveCfg = Debug|Any CPU
		{70D5F590-CBC5-4056-99FD-DD31B69C99C2}.Debug|x64.Build.0 = Debug|Any CPU
		{70D5F590-CBC5-4056-99FD-DD31B69C99C2}.Debug|x86.ActiveCfg = Debug|Any CPU
		{70D5F590-CBC5-4056-99FD-DD31B69C99C2}.Debug|x86.Build.0 = Debug|Any CPU
		{70D5F590-CBC5-4056-99FD-DD31B69C99C2}.Release|Any CPU.ActiveCfg = Release|Any CPU
		{70D5F590-CBC5-4056-99FD-DD31B69C99C2}.Release|Any CPU.Build.0 = Release|Any CPU
		{70D5F590-CBC5-4056-99FD-DD31B69C99C2}.Release|ARM.ActiveCfg = Release|Any CPU
		{70D5F590-CBC5-4056-99FD-DD31B69C99C2}.Release|ARM.Build.0 = Release|Any CPU
		{70D5F590-CBC5-4056-99FD-DD31B69C99C2}.Release|x64.ActiveCfg = Release|Any CPU
		{70D5F590-CBC5-4056-99FD-DD31B69C99C2}.Release|x64.Build.0 = Release|Any CPU
		{70D5F590-CBC5-4056-99FD-DD31B69C99C2}.Release|x86.ActiveCfg = Release|Any CPU
		{70D5F590-CBC5-4056-99FD-DD31B69C99C2}.Release|x86.Build.0 = Release|Any CPU
		{4EC6AA2D-DA54-46E2-AEAC-0D1B16BE3797}.Debug|Any CPU.ActiveCfg = Debug|Any CPU
		{4EC6AA2D-DA54-46E2-AEAC-0D1B16BE3797}.Debug|Any CPU.Build.0 = Debug|Any CPU
		{4EC6AA2D-DA54-46E2-AEAC-0D1B16BE3797}.Debug|ARM.ActiveCfg = Debug|Any CPU
		{4EC6AA2D-DA54-46E2-AEAC-0D1B16BE3797}.Debug|ARM.Build.0 = Debug|Any CPU
		{4EC6AA2D-DA54-46E2-AEAC-0D1B16BE3797}.Debug|x64.ActiveCfg = Debug|Any CPU
		{4EC6AA2D-DA54-46E2-AEAC-0D1B16BE3797}.Debug|x64.Build.0 = Debug|Any CPU
		{4EC6AA2D-DA54-46E2-AEAC-0D1B16BE3797}.Debug|x86.ActiveCfg = Debug|Any CPU
		{4EC6AA2D-DA54-46E2-AEAC-0D1B16BE3797}.Debug|x86.Build.0 = Debug|Any CPU
		{4EC6AA2D-DA54-46E2-AEAC-0D1B16BE3797}.Release|Any CPU.ActiveCfg = Release|Any CPU
		{4EC6AA2D-DA54-46E2-AEAC-0D1B16BE3797}.Release|Any CPU.Build.0 = Release|Any CPU
		{4EC6AA2D-DA54-46E2-AEAC-0D1B16BE3797}.Release|ARM.ActiveCfg = Release|Any CPU
		{4EC6AA2D-DA54-46E2-AEAC-0D1B16BE3797}.Release|ARM.Build.0 = Release|Any CPU
		{4EC6AA2D-DA54-46E2-AEAC-0D1B16BE3797}.Release|x64.ActiveCfg = Release|Any CPU
		{4EC6AA2D-DA54-46E2-AEAC-0D1B16BE3797}.Release|x64.Build.0 = Release|Any CPU
		{4EC6AA2D-DA54-46E2-AEAC-0D1B16BE3797}.Release|x86.ActiveCfg = Release|Any CPU
		{4EC6AA2D-DA54-46E2-AEAC-0D1B16BE3797}.Release|x86.Build.0 = Release|Any CPU
		{CA133D2A-0B6A-4FE5-A38A-5BCFDE5051D2}.Debug|Any CPU.ActiveCfg = Debug|Any CPU
		{CA133D2A-0B6A-4FE5-A38A-5BCFDE5051D2}.Debug|Any CPU.Build.0 = Debug|Any CPU
		{CA133D2A-0B6A-4FE5-A38A-5BCFDE5051D2}.Debug|ARM.ActiveCfg = Debug|Any CPU
		{CA133D2A-0B6A-4FE5-A38A-5BCFDE5051D2}.Debug|ARM.Build.0 = Debug|Any CPU
		{CA133D2A-0B6A-4FE5-A38A-5BCFDE5051D2}.Debug|x64.ActiveCfg = Debug|Any CPU
		{CA133D2A-0B6A-4FE5-A38A-5BCFDE5051D2}.Debug|x64.Build.0 = Debug|Any CPU
		{CA133D2A-0B6A-4FE5-A38A-5BCFDE5051D2}.Debug|x86.ActiveCfg = Debug|Any CPU
		{CA133D2A-0B6A-4FE5-A38A-5BCFDE5051D2}.Debug|x86.Build.0 = Debug|Any CPU
		{CA133D2A-0B6A-4FE5-A38A-5BCFDE5051D2}.Release|Any CPU.ActiveCfg = Release|Any CPU
		{CA133D2A-0B6A-4FE5-A38A-5BCFDE5051D2}.Release|Any CPU.Build.0 = Release|Any CPU
		{CA133D2A-0B6A-4FE5-A38A-5BCFDE5051D2}.Release|ARM.ActiveCfg = Release|Any CPU
		{CA133D2A-0B6A-4FE5-A38A-5BCFDE5051D2}.Release|ARM.Build.0 = Release|Any CPU
		{CA133D2A-0B6A-4FE5-A38A-5BCFDE5051D2}.Release|x64.ActiveCfg = Release|Any CPU
		{CA133D2A-0B6A-4FE5-A38A-5BCFDE5051D2}.Release|x64.Build.0 = Release|Any CPU
		{CA133D2A-0B6A-4FE5-A38A-5BCFDE5051D2}.Release|x86.ActiveCfg = Release|Any CPU
		{CA133D2A-0B6A-4FE5-A38A-5BCFDE5051D2}.Release|x86.Build.0 = Release|Any CPU
		{D155A077-3D5A-4043-B5D4-BA678F8233AC}.Debug|Any CPU.ActiveCfg = Debug|Any CPU
		{D155A077-3D5A-4043-B5D4-BA678F8233AC}.Debug|Any CPU.Build.0 = Debug|Any CPU
		{D155A077-3D5A-4043-B5D4-BA678F8233AC}.Debug|ARM.ActiveCfg = Debug|Any CPU
		{D155A077-3D5A-4043-B5D4-BA678F8233AC}.Debug|ARM.Build.0 = Debug|Any CPU
		{D155A077-3D5A-4043-B5D4-BA678F8233AC}.Debug|x64.ActiveCfg = Debug|Any CPU
		{D155A077-3D5A-4043-B5D4-BA678F8233AC}.Debug|x64.Build.0 = Debug|Any CPU
		{D155A077-3D5A-4043-B5D4-BA678F8233AC}.Debug|x86.ActiveCfg = Debug|Any CPU
		{D155A077-3D5A-4043-B5D4-BA678F8233AC}.Debug|x86.Build.0 = Debug|Any CPU
		{D155A077-3D5A-4043-B5D4-BA678F8233AC}.Release|Any CPU.ActiveCfg = Release|Any CPU
		{D155A077-3D5A-4043-B5D4-BA678F8233AC}.Release|Any CPU.Build.0 = Release|Any CPU
		{D155A077-3D5A-4043-B5D4-BA678F8233AC}.Release|ARM.ActiveCfg = Release|Any CPU
		{D155A077-3D5A-4043-B5D4-BA678F8233AC}.Release|ARM.Build.0 = Release|Any CPU
		{D155A077-3D5A-4043-B5D4-BA678F8233AC}.Release|x64.ActiveCfg = Release|Any CPU
		{D155A077-3D5A-4043-B5D4-BA678F8233AC}.Release|x64.Build.0 = Release|Any CPU
		{D155A077-3D5A-4043-B5D4-BA678F8233AC}.Release|x86.ActiveCfg = Release|Any CPU
		{D155A077-3D5A-4043-B5D4-BA678F8233AC}.Release|x86.Build.0 = Release|Any CPU
		{882A1D8E-4A67-440B-A104-5FA7C2FB2D60}.Debug|Any CPU.ActiveCfg = Debug|Any CPU
		{882A1D8E-4A67-440B-A104-5FA7C2FB2D60}.Debug|Any CPU.Build.0 = Debug|Any CPU
		{882A1D8E-4A67-440B-A104-5FA7C2FB2D60}.Debug|ARM.ActiveCfg = Debug|Any CPU
		{882A1D8E-4A67-440B-A104-5FA7C2FB2D60}.Debug|ARM.Build.0 = Debug|Any CPU
		{882A1D8E-4A67-440B-A104-5FA7C2FB2D60}.Debug|x64.ActiveCfg = Debug|Any CPU
		{882A1D8E-4A67-440B-A104-5FA7C2FB2D60}.Debug|x64.Build.0 = Debug|Any CPU
		{882A1D8E-4A67-440B-A104-5FA7C2FB2D60}.Debug|x86.ActiveCfg = Debug|Any CPU
		{882A1D8E-4A67-440B-A104-5FA7C2FB2D60}.Debug|x86.Build.0 = Debug|Any CPU
		{882A1D8E-4A67-440B-A104-5FA7C2FB2D60}.Release|Any CPU.ActiveCfg = Release|Any CPU
		{882A1D8E-4A67-440B-A104-5FA7C2FB2D60}.Release|Any CPU.Build.0 = Release|Any CPU
		{882A1D8E-4A67-440B-A104-5FA7C2FB2D60}.Release|ARM.ActiveCfg = Release|Any CPU
		{882A1D8E-4A67-440B-A104-5FA7C2FB2D60}.Release|ARM.Build.0 = Release|Any CPU
		{882A1D8E-4A67-440B-A104-5FA7C2FB2D60}.Release|x64.ActiveCfg = Release|Any CPU
		{882A1D8E-4A67-440B-A104-5FA7C2FB2D60}.Release|x64.Build.0 = Release|Any CPU
		{882A1D8E-4A67-440B-A104-5FA7C2FB2D60}.Release|x86.ActiveCfg = Release|Any CPU
		{882A1D8E-4A67-440B-A104-5FA7C2FB2D60}.Release|x86.Build.0 = Release|Any CPU
		{CF72BD07-5FF9-4304-B3B5-64A8D1A8A65B}.Debug|Any CPU.ActiveCfg = Debug|Any CPU
		{CF72BD07-5FF9-4304-B3B5-64A8D1A8A65B}.Debug|Any CPU.Build.0 = Debug|Any CPU
		{CF72BD07-5FF9-4304-B3B5-64A8D1A8A65B}.Debug|ARM.ActiveCfg = Debug|Any CPU
		{CF72BD07-5FF9-4304-B3B5-64A8D1A8A65B}.Debug|ARM.Build.0 = Debug|Any CPU
		{CF72BD07-5FF9-4304-B3B5-64A8D1A8A65B}.Debug|x64.ActiveCfg = Debug|Any CPU
		{CF72BD07-5FF9-4304-B3B5-64A8D1A8A65B}.Debug|x64.Build.0 = Debug|Any CPU
		{CF72BD07-5FF9-4304-B3B5-64A8D1A8A65B}.Debug|x86.ActiveCfg = Debug|Any CPU
		{CF72BD07-5FF9-4304-B3B5-64A8D1A8A65B}.Debug|x86.Build.0 = Debug|Any CPU
		{CF72BD07-5FF9-4304-B3B5-64A8D1A8A65B}.Release|Any CPU.ActiveCfg = Release|Any CPU
		{CF72BD07-5FF9-4304-B3B5-64A8D1A8A65B}.Release|Any CPU.Build.0 = Release|Any CPU
		{CF72BD07-5FF9-4304-B3B5-64A8D1A8A65B}.Release|ARM.ActiveCfg = Release|Any CPU
		{CF72BD07-5FF9-4304-B3B5-64A8D1A8A65B}.Release|ARM.Build.0 = Release|Any CPU
		{CF72BD07-5FF9-4304-B3B5-64A8D1A8A65B}.Release|x64.ActiveCfg = Release|Any CPU
		{CF72BD07-5FF9-4304-B3B5-64A8D1A8A65B}.Release|x64.Build.0 = Release|Any CPU
		{CF72BD07-5FF9-4304-B3B5-64A8D1A8A65B}.Release|x86.ActiveCfg = Release|Any CPU
		{CF72BD07-5FF9-4304-B3B5-64A8D1A8A65B}.Release|x86.Build.0 = Release|Any CPU
		{29384192-2466-4DA6-B3E2-666DE97FFF28}.Debug|Any CPU.ActiveCfg = Debug|Any CPU
		{29384192-2466-4DA6-B3E2-666DE97FFF28}.Debug|Any CPU.Build.0 = Debug|Any CPU
		{29384192-2466-4DA6-B3E2-666DE97FFF28}.Debug|ARM.ActiveCfg = Debug|Any CPU
		{29384192-2466-4DA6-B3E2-666DE97FFF28}.Debug|ARM.Build.0 = Debug|Any CPU
		{29384192-2466-4DA6-B3E2-666DE97FFF28}.Debug|x64.ActiveCfg = Debug|Any CPU
		{29384192-2466-4DA6-B3E2-666DE97FFF28}.Debug|x64.Build.0 = Debug|Any CPU
		{29384192-2466-4DA6-B3E2-666DE97FFF28}.Debug|x86.ActiveCfg = Debug|Any CPU
		{29384192-2466-4DA6-B3E2-666DE97FFF28}.Debug|x86.Build.0 = Debug|Any CPU
		{29384192-2466-4DA6-B3E2-666DE97FFF28}.Release|Any CPU.ActiveCfg = Release|Any CPU
		{29384192-2466-4DA6-B3E2-666DE97FFF28}.Release|Any CPU.Build.0 = Release|Any CPU
		{29384192-2466-4DA6-B3E2-666DE97FFF28}.Release|ARM.ActiveCfg = Release|Any CPU
		{29384192-2466-4DA6-B3E2-666DE97FFF28}.Release|ARM.Build.0 = Release|Any CPU
		{29384192-2466-4DA6-B3E2-666DE97FFF28}.Release|x64.ActiveCfg = Release|Any CPU
		{29384192-2466-4DA6-B3E2-666DE97FFF28}.Release|x64.Build.0 = Release|Any CPU
		{29384192-2466-4DA6-B3E2-666DE97FFF28}.Release|x86.ActiveCfg = Release|Any CPU
		{29384192-2466-4DA6-B3E2-666DE97FFF28}.Release|x86.Build.0 = Release|Any CPU
		{85736044-7A89-499D-96FD-33FE07D7755E}.Debug|Any CPU.ActiveCfg = Debug|Any CPU
		{85736044-7A89-499D-96FD-33FE07D7755E}.Debug|Any CPU.Build.0 = Debug|Any CPU
		{85736044-7A89-499D-96FD-33FE07D7755E}.Debug|ARM.ActiveCfg = Debug|Any CPU
		{85736044-7A89-499D-96FD-33FE07D7755E}.Debug|ARM.Build.0 = Debug|Any CPU
		{85736044-7A89-499D-96FD-33FE07D7755E}.Debug|x64.ActiveCfg = Debug|Any CPU
		{85736044-7A89-499D-96FD-33FE07D7755E}.Debug|x64.Build.0 = Debug|Any CPU
		{85736044-7A89-499D-96FD-33FE07D7755E}.Debug|x86.ActiveCfg = Debug|Any CPU
		{85736044-7A89-499D-96FD-33FE07D7755E}.Debug|x86.Build.0 = Debug|Any CPU
		{85736044-7A89-499D-96FD-33FE07D7755E}.Release|Any CPU.ActiveCfg = Release|Any CPU
		{85736044-7A89-499D-96FD-33FE07D7755E}.Release|Any CPU.Build.0 = Release|Any CPU
		{85736044-7A89-499D-96FD-33FE07D7755E}.Release|ARM.ActiveCfg = Release|Any CPU
		{85736044-7A89-499D-96FD-33FE07D7755E}.Release|ARM.Build.0 = Release|Any CPU
		{85736044-7A89-499D-96FD-33FE07D7755E}.Release|x64.ActiveCfg = Release|Any CPU
		{85736044-7A89-499D-96FD-33FE07D7755E}.Release|x64.Build.0 = Release|Any CPU
		{85736044-7A89-499D-96FD-33FE07D7755E}.Release|x86.ActiveCfg = Release|Any CPU
		{85736044-7A89-499D-96FD-33FE07D7755E}.Release|x86.Build.0 = Release|Any CPU
		{7F7EA1C8-0342-4371-93AF-5EE075BCC049}.Debug|Any CPU.ActiveCfg = Debug|Any CPU
		{7F7EA1C8-0342-4371-93AF-5EE075BCC049}.Debug|Any CPU.Build.0 = Debug|Any CPU
		{7F7EA1C8-0342-4371-93AF-5EE075BCC049}.Debug|ARM.ActiveCfg = Debug|Any CPU
		{7F7EA1C8-0342-4371-93AF-5EE075BCC049}.Debug|ARM.Build.0 = Debug|Any CPU
		{7F7EA1C8-0342-4371-93AF-5EE075BCC049}.Debug|x64.ActiveCfg = Debug|Any CPU
		{7F7EA1C8-0342-4371-93AF-5EE075BCC049}.Debug|x64.Build.0 = Debug|Any CPU
		{7F7EA1C8-0342-4371-93AF-5EE075BCC049}.Debug|x86.ActiveCfg = Debug|Any CPU
		{7F7EA1C8-0342-4371-93AF-5EE075BCC049}.Debug|x86.Build.0 = Debug|Any CPU
		{7F7EA1C8-0342-4371-93AF-5EE075BCC049}.Release|Any CPU.ActiveCfg = Release|Any CPU
		{7F7EA1C8-0342-4371-93AF-5EE075BCC049}.Release|Any CPU.Build.0 = Release|Any CPU
		{7F7EA1C8-0342-4371-93AF-5EE075BCC049}.Release|ARM.ActiveCfg = Release|Any CPU
		{7F7EA1C8-0342-4371-93AF-5EE075BCC049}.Release|ARM.Build.0 = Release|Any CPU
		{7F7EA1C8-0342-4371-93AF-5EE075BCC049}.Release|x64.ActiveCfg = Release|Any CPU
		{7F7EA1C8-0342-4371-93AF-5EE075BCC049}.Release|x64.Build.0 = Release|Any CPU
		{7F7EA1C8-0342-4371-93AF-5EE075BCC049}.Release|x86.ActiveCfg = Release|Any CPU
		{7F7EA1C8-0342-4371-93AF-5EE075BCC049}.Release|x86.Build.0 = Release|Any CPU
		{57E2B989-5433-4DEE-9181-70B97671D2DD}.Debug|Any CPU.ActiveCfg = Debug|Any CPU
		{57E2B989-5433-4DEE-9181-70B97671D2DD}.Debug|Any CPU.Build.0 = Debug|Any CPU
		{57E2B989-5433-4DEE-9181-70B97671D2DD}.Debug|ARM.ActiveCfg = Debug|Any CPU
		{57E2B989-5433-4DEE-9181-70B97671D2DD}.Debug|ARM.Build.0 = Debug|Any CPU
		{57E2B989-5433-4DEE-9181-70B97671D2DD}.Debug|x64.ActiveCfg = Debug|Any CPU
		{57E2B989-5433-4DEE-9181-70B97671D2DD}.Debug|x64.Build.0 = Debug|Any CPU
		{57E2B989-5433-4DEE-9181-70B97671D2DD}.Debug|x86.ActiveCfg = Debug|Any CPU
		{57E2B989-5433-4DEE-9181-70B97671D2DD}.Debug|x86.Build.0 = Debug|Any CPU
		{57E2B989-5433-4DEE-9181-70B97671D2DD}.Release|Any CPU.ActiveCfg = Release|Any CPU
		{57E2B989-5433-4DEE-9181-70B97671D2DD}.Release|Any CPU.Build.0 = Release|Any CPU
		{57E2B989-5433-4DEE-9181-70B97671D2DD}.Release|ARM.ActiveCfg = Release|Any CPU
		{57E2B989-5433-4DEE-9181-70B97671D2DD}.Release|ARM.Build.0 = Release|Any CPU
		{57E2B989-5433-4DEE-9181-70B97671D2DD}.Release|x64.ActiveCfg = Release|Any CPU
		{57E2B989-5433-4DEE-9181-70B97671D2DD}.Release|x64.Build.0 = Release|Any CPU
		{57E2B989-5433-4DEE-9181-70B97671D2DD}.Release|x86.ActiveCfg = Release|Any CPU
		{57E2B989-5433-4DEE-9181-70B97671D2DD}.Release|x86.Build.0 = Release|Any CPU
		{D5C29F91-DBC0-438A-96E4-D4E5DB76F226}.Debug|Any CPU.ActiveCfg = Debug|Any CPU
		{D5C29F91-DBC0-438A-96E4-D4E5DB76F226}.Debug|Any CPU.Build.0 = Debug|Any CPU
		{D5C29F91-DBC0-438A-96E4-D4E5DB76F226}.Debug|ARM.ActiveCfg = Debug|Any CPU
		{D5C29F91-DBC0-438A-96E4-D4E5DB76F226}.Debug|ARM.Build.0 = Debug|Any CPU
		{D5C29F91-DBC0-438A-96E4-D4E5DB76F226}.Debug|x64.ActiveCfg = Debug|Any CPU
		{D5C29F91-DBC0-438A-96E4-D4E5DB76F226}.Debug|x64.Build.0 = Debug|Any CPU
		{D5C29F91-DBC0-438A-96E4-D4E5DB76F226}.Debug|x86.ActiveCfg = Debug|Any CPU
		{D5C29F91-DBC0-438A-96E4-D4E5DB76F226}.Debug|x86.Build.0 = Debug|Any CPU
		{D5C29F91-DBC0-438A-96E4-D4E5DB76F226}.Release|Any CPU.ActiveCfg = Release|Any CPU
		{D5C29F91-DBC0-438A-96E4-D4E5DB76F226}.Release|Any CPU.Build.0 = Release|Any CPU
		{D5C29F91-DBC0-438A-96E4-D4E5DB76F226}.Release|ARM.ActiveCfg = Release|Any CPU
		{D5C29F91-DBC0-438A-96E4-D4E5DB76F226}.Release|ARM.Build.0 = Release|Any CPU
		{D5C29F91-DBC0-438A-96E4-D4E5DB76F226}.Release|x64.ActiveCfg = Release|Any CPU
		{D5C29F91-DBC0-438A-96E4-D4E5DB76F226}.Release|x64.Build.0 = Release|Any CPU
		{D5C29F91-DBC0-438A-96E4-D4E5DB76F226}.Release|x86.ActiveCfg = Release|Any CPU
		{D5C29F91-DBC0-438A-96E4-D4E5DB76F226}.Release|x86.Build.0 = Release|Any CPU
		{EA319B7D-54DF-4D13-BA9A-87849A3EF4A5}.Debug|Any CPU.ActiveCfg = Debug|Any CPU
		{EA319B7D-54DF-4D13-BA9A-87849A3EF4A5}.Debug|Any CPU.Build.0 = Debug|Any CPU
		{EA319B7D-54DF-4D13-BA9A-87849A3EF4A5}.Debug|ARM.ActiveCfg = Debug|Any CPU
		{EA319B7D-54DF-4D13-BA9A-87849A3EF4A5}.Debug|ARM.Build.0 = Debug|Any CPU
		{EA319B7D-54DF-4D13-BA9A-87849A3EF4A5}.Debug|x64.ActiveCfg = Debug|Any CPU
		{EA319B7D-54DF-4D13-BA9A-87849A3EF4A5}.Debug|x64.Build.0 = Debug|Any CPU
		{EA319B7D-54DF-4D13-BA9A-87849A3EF4A5}.Debug|x86.ActiveCfg = Debug|Any CPU
		{EA319B7D-54DF-4D13-BA9A-87849A3EF4A5}.Debug|x86.Build.0 = Debug|Any CPU
		{EA319B7D-54DF-4D13-BA9A-87849A3EF4A5}.Release|Any CPU.ActiveCfg = Release|Any CPU
		{EA319B7D-54DF-4D13-BA9A-87849A3EF4A5}.Release|Any CPU.Build.0 = Release|Any CPU
		{EA319B7D-54DF-4D13-BA9A-87849A3EF4A5}.Release|ARM.ActiveCfg = Release|Any CPU
		{EA319B7D-54DF-4D13-BA9A-87849A3EF4A5}.Release|ARM.Build.0 = Release|Any CPU
		{EA319B7D-54DF-4D13-BA9A-87849A3EF4A5}.Release|x64.ActiveCfg = Release|Any CPU
		{EA319B7D-54DF-4D13-BA9A-87849A3EF4A5}.Release|x64.Build.0 = Release|Any CPU
		{EA319B7D-54DF-4D13-BA9A-87849A3EF4A5}.Release|x86.ActiveCfg = Release|Any CPU
		{EA319B7D-54DF-4D13-BA9A-87849A3EF4A5}.Release|x86.Build.0 = Release|Any CPU
		{BD95B176-20FE-4580-B246-2F7BF989E15F}.Debug|Any CPU.ActiveCfg = Debug|Any CPU
		{BD95B176-20FE-4580-B246-2F7BF989E15F}.Debug|Any CPU.Build.0 = Debug|Any CPU
		{BD95B176-20FE-4580-B246-2F7BF989E15F}.Debug|ARM.ActiveCfg = Debug|Any CPU
		{BD95B176-20FE-4580-B246-2F7BF989E15F}.Debug|ARM.Build.0 = Debug|Any CPU
		{BD95B176-20FE-4580-B246-2F7BF989E15F}.Debug|x64.ActiveCfg = Debug|Any CPU
		{BD95B176-20FE-4580-B246-2F7BF989E15F}.Debug|x64.Build.0 = Debug|Any CPU
		{BD95B176-20FE-4580-B246-2F7BF989E15F}.Debug|x86.ActiveCfg = Debug|Any CPU
		{BD95B176-20FE-4580-B246-2F7BF989E15F}.Debug|x86.Build.0 = Debug|Any CPU
		{BD95B176-20FE-4580-B246-2F7BF989E15F}.Release|Any CPU.ActiveCfg = Release|Any CPU
		{BD95B176-20FE-4580-B246-2F7BF989E15F}.Release|Any CPU.Build.0 = Release|Any CPU
		{BD95B176-20FE-4580-B246-2F7BF989E15F}.Release|ARM.ActiveCfg = Release|Any CPU
		{BD95B176-20FE-4580-B246-2F7BF989E15F}.Release|ARM.Build.0 = Release|Any CPU
		{BD95B176-20FE-4580-B246-2F7BF989E15F}.Release|x64.ActiveCfg = Release|Any CPU
		{BD95B176-20FE-4580-B246-2F7BF989E15F}.Release|x64.Build.0 = Release|Any CPU
		{BD95B176-20FE-4580-B246-2F7BF989E15F}.Release|x86.ActiveCfg = Release|Any CPU
		{BD95B176-20FE-4580-B246-2F7BF989E15F}.Release|x86.Build.0 = Release|Any CPU
		{F4F7C1DD-FA18-4A62-8E72-9907C7DF547A}.Debug|Any CPU.ActiveCfg = Debug|Any CPU
		{F4F7C1DD-FA18-4A62-8E72-9907C7DF547A}.Debug|Any CPU.Build.0 = Debug|Any CPU
		{F4F7C1DD-FA18-4A62-8E72-9907C7DF547A}.Debug|ARM.ActiveCfg = Debug|Any CPU
		{F4F7C1DD-FA18-4A62-8E72-9907C7DF547A}.Debug|ARM.Build.0 = Debug|Any CPU
		{F4F7C1DD-FA18-4A62-8E72-9907C7DF547A}.Debug|x64.ActiveCfg = Debug|Any CPU
		{F4F7C1DD-FA18-4A62-8E72-9907C7DF547A}.Debug|x64.Build.0 = Debug|Any CPU
		{F4F7C1DD-FA18-4A62-8E72-9907C7DF547A}.Debug|x86.ActiveCfg = Debug|Any CPU
		{F4F7C1DD-FA18-4A62-8E72-9907C7DF547A}.Debug|x86.Build.0 = Debug|Any CPU
		{F4F7C1DD-FA18-4A62-8E72-9907C7DF547A}.Release|Any CPU.ActiveCfg = Release|Any CPU
		{F4F7C1DD-FA18-4A62-8E72-9907C7DF547A}.Release|Any CPU.Build.0 = Release|Any CPU
		{F4F7C1DD-FA18-4A62-8E72-9907C7DF547A}.Release|ARM.ActiveCfg = Release|Any CPU
		{F4F7C1DD-FA18-4A62-8E72-9907C7DF547A}.Release|ARM.Build.0 = Release|Any CPU
		{F4F7C1DD-FA18-4A62-8E72-9907C7DF547A}.Release|x64.ActiveCfg = Release|Any CPU
		{F4F7C1DD-FA18-4A62-8E72-9907C7DF547A}.Release|x64.Build.0 = Release|Any CPU
		{F4F7C1DD-FA18-4A62-8E72-9907C7DF547A}.Release|x86.ActiveCfg = Release|Any CPU
		{F4F7C1DD-FA18-4A62-8E72-9907C7DF547A}.Release|x86.Build.0 = Release|Any CPU
		{1EB2BFC4-A438-43BD-AC7D-674836DAF41D}.Debug|Any CPU.ActiveCfg = Debug|Any CPU
		{1EB2BFC4-A438-43BD-AC7D-674836DAF41D}.Debug|Any CPU.Build.0 = Debug|Any CPU
		{1EB2BFC4-A438-43BD-AC7D-674836DAF41D}.Debug|ARM.ActiveCfg = Debug|Any CPU
		{1EB2BFC4-A438-43BD-AC7D-674836DAF41D}.Debug|ARM.Build.0 = Debug|Any CPU
		{1EB2BFC4-A438-43BD-AC7D-674836DAF41D}.Debug|x64.ActiveCfg = Debug|Any CPU
		{1EB2BFC4-A438-43BD-AC7D-674836DAF41D}.Debug|x64.Build.0 = Debug|Any CPU
		{1EB2BFC4-A438-43BD-AC7D-674836DAF41D}.Debug|x86.ActiveCfg = Debug|Any CPU
		{1EB2BFC4-A438-43BD-AC7D-674836DAF41D}.Debug|x86.Build.0 = Debug|Any CPU
		{1EB2BFC4-A438-43BD-AC7D-674836DAF41D}.Release|Any CPU.ActiveCfg = Release|Any CPU
		{1EB2BFC4-A438-43BD-AC7D-674836DAF41D}.Release|Any CPU.Build.0 = Release|Any CPU
		{1EB2BFC4-A438-43BD-AC7D-674836DAF41D}.Release|ARM.ActiveCfg = Release|Any CPU
		{1EB2BFC4-A438-43BD-AC7D-674836DAF41D}.Release|ARM.Build.0 = Release|Any CPU
		{1EB2BFC4-A438-43BD-AC7D-674836DAF41D}.Release|x64.ActiveCfg = Release|Any CPU
		{1EB2BFC4-A438-43BD-AC7D-674836DAF41D}.Release|x64.Build.0 = Release|Any CPU
		{1EB2BFC4-A438-43BD-AC7D-674836DAF41D}.Release|x86.ActiveCfg = Release|Any CPU
		{1EB2BFC4-A438-43BD-AC7D-674836DAF41D}.Release|x86.Build.0 = Release|Any CPU
		{284216E1-A28E-4A95-B649-F82D9E6511B4}.Debug|Any CPU.ActiveCfg = Debug|Any CPU
		{284216E1-A28E-4A95-B649-F82D9E6511B4}.Debug|Any CPU.Build.0 = Debug|Any CPU
		{284216E1-A28E-4A95-B649-F82D9E6511B4}.Debug|ARM.ActiveCfg = Debug|Any CPU
		{284216E1-A28E-4A95-B649-F82D9E6511B4}.Debug|ARM.Build.0 = Debug|Any CPU
		{284216E1-A28E-4A95-B649-F82D9E6511B4}.Debug|x64.ActiveCfg = Debug|Any CPU
		{284216E1-A28E-4A95-B649-F82D9E6511B4}.Debug|x64.Build.0 = Debug|Any CPU
		{284216E1-A28E-4A95-B649-F82D9E6511B4}.Debug|x86.ActiveCfg = Debug|Any CPU
		{284216E1-A28E-4A95-B649-F82D9E6511B4}.Debug|x86.Build.0 = Debug|Any CPU
		{284216E1-A28E-4A95-B649-F82D9E6511B4}.Release|Any CPU.ActiveCfg = Release|Any CPU
		{284216E1-A28E-4A95-B649-F82D9E6511B4}.Release|Any CPU.Build.0 = Release|Any CPU
		{284216E1-A28E-4A95-B649-F82D9E6511B4}.Release|ARM.ActiveCfg = Release|Any CPU
		{284216E1-A28E-4A95-B649-F82D9E6511B4}.Release|ARM.Build.0 = Release|Any CPU
		{284216E1-A28E-4A95-B649-F82D9E6511B4}.Release|x64.ActiveCfg = Release|Any CPU
		{284216E1-A28E-4A95-B649-F82D9E6511B4}.Release|x64.Build.0 = Release|Any CPU
		{284216E1-A28E-4A95-B649-F82D9E6511B4}.Release|x86.ActiveCfg = Release|Any CPU
		{284216E1-A28E-4A95-B649-F82D9E6511B4}.Release|x86.Build.0 = Release|Any CPU
		{8A2085F5-6F95-4666-81E8-E4DBFF02EFB2}.Debug|Any CPU.ActiveCfg = Debug|Any CPU
		{8A2085F5-6F95-4666-81E8-E4DBFF02EFB2}.Debug|Any CPU.Build.0 = Debug|Any CPU
		{8A2085F5-6F95-4666-81E8-E4DBFF02EFB2}.Debug|ARM.ActiveCfg = Debug|Any CPU
		{8A2085F5-6F95-4666-81E8-E4DBFF02EFB2}.Debug|ARM.Build.0 = Debug|Any CPU
		{8A2085F5-6F95-4666-81E8-E4DBFF02EFB2}.Debug|x64.ActiveCfg = Debug|Any CPU
		{8A2085F5-6F95-4666-81E8-E4DBFF02EFB2}.Debug|x64.Build.0 = Debug|Any CPU
		{8A2085F5-6F95-4666-81E8-E4DBFF02EFB2}.Debug|x86.ActiveCfg = Debug|Any CPU
		{8A2085F5-6F95-4666-81E8-E4DBFF02EFB2}.Debug|x86.Build.0 = Debug|Any CPU
		{8A2085F5-6F95-4666-81E8-E4DBFF02EFB2}.Release|Any CPU.ActiveCfg = Release|Any CPU
		{8A2085F5-6F95-4666-81E8-E4DBFF02EFB2}.Release|Any CPU.Build.0 = Release|Any CPU
		{8A2085F5-6F95-4666-81E8-E4DBFF02EFB2}.Release|ARM.ActiveCfg = Release|Any CPU
		{8A2085F5-6F95-4666-81E8-E4DBFF02EFB2}.Release|ARM.Build.0 = Release|Any CPU
		{8A2085F5-6F95-4666-81E8-E4DBFF02EFB2}.Release|x64.ActiveCfg = Release|Any CPU
		{8A2085F5-6F95-4666-81E8-E4DBFF02EFB2}.Release|x64.Build.0 = Release|Any CPU
		{8A2085F5-6F95-4666-81E8-E4DBFF02EFB2}.Release|x86.ActiveCfg = Release|Any CPU
		{8A2085F5-6F95-4666-81E8-E4DBFF02EFB2}.Release|x86.Build.0 = Release|Any CPU
		{6D0F850E-6586-4D7F-9DAE-CE205C27F256}.Debug|Any CPU.ActiveCfg = Debug|Any CPU
		{6D0F850E-6586-4D7F-9DAE-CE205C27F256}.Debug|Any CPU.Build.0 = Debug|Any CPU
		{6D0F850E-6586-4D7F-9DAE-CE205C27F256}.Debug|ARM.ActiveCfg = Debug|Any CPU
		{6D0F850E-6586-4D7F-9DAE-CE205C27F256}.Debug|ARM.Build.0 = Debug|Any CPU
		{6D0F850E-6586-4D7F-9DAE-CE205C27F256}.Debug|x64.ActiveCfg = Debug|Any CPU
		{6D0F850E-6586-4D7F-9DAE-CE205C27F256}.Debug|x64.Build.0 = Debug|Any CPU
		{6D0F850E-6586-4D7F-9DAE-CE205C27F256}.Debug|x86.ActiveCfg = Debug|Any CPU
		{6D0F850E-6586-4D7F-9DAE-CE205C27F256}.Debug|x86.Build.0 = Debug|Any CPU
		{6D0F850E-6586-4D7F-9DAE-CE205C27F256}.Release|Any CPU.ActiveCfg = Release|Any CPU
		{6D0F850E-6586-4D7F-9DAE-CE205C27F256}.Release|Any CPU.Build.0 = Release|Any CPU
		{6D0F850E-6586-4D7F-9DAE-CE205C27F256}.Release|ARM.ActiveCfg = Release|Any CPU
		{6D0F850E-6586-4D7F-9DAE-CE205C27F256}.Release|ARM.Build.0 = Release|Any CPU
		{6D0F850E-6586-4D7F-9DAE-CE205C27F256}.Release|x64.ActiveCfg = Release|Any CPU
		{6D0F850E-6586-4D7F-9DAE-CE205C27F256}.Release|x64.Build.0 = Release|Any CPU
		{6D0F850E-6586-4D7F-9DAE-CE205C27F256}.Release|x86.ActiveCfg = Release|Any CPU
		{6D0F850E-6586-4D7F-9DAE-CE205C27F256}.Release|x86.Build.0 = Release|Any CPU
	EndGlobalSection
	GlobalSection(SolutionProperties) = preSolution
		HideSolutionNode = FALSE
	EndGlobalSection
	GlobalSection(NestedProjects) = preSolution
		{68AFEB72-218C-4004-AABA-DB5D3744AA55} = {335A5F3C-34CA-4274-88E2-40BCD6431F12}
		{9AF8807A-4F09-4B31-B7FF-5C4AC813E5B3} = {335A5F3C-34CA-4274-88E2-40BCD6431F12}
		{67A41024-7FC5-4726-B806-27D876A4CCE5} = {335A5F3C-34CA-4274-88E2-40BCD6431F12}
		{1CDA2DDB-4E6E-4ACC-BC8A-0D9F00C1F348} = {335A5F3C-34CA-4274-88E2-40BCD6431F12}
		{4E34DB1B-9D52-4F0B-9F18-D88282B70D1D} = {335A5F3C-34CA-4274-88E2-40BCD6431F12}
		{F85FFD61-CEC5-420E-A521-31C475580CAD} = {335A5F3C-34CA-4274-88E2-40BCD6431F12}
		{77120237-85FB-4E3C-8DA3-712F1024D2BC} = {0732EAC4-CE73-4E08-8D99-81C4701F111E}
		{0FFBCAE9-86D0-4F5C-9249-01FE391BA1D8} = {77120237-85FB-4E3C-8DA3-712F1024D2BC}
		{6CA094FF-F8DC-4AFA-827B-1319C3053D96} = {77120237-85FB-4E3C-8DA3-712F1024D2BC}
		{823C3249-3BA0-457C-9A88-A6ED9891E9D3} = {77120237-85FB-4E3C-8DA3-712F1024D2BC}
		{0C457AD6-8EE0-4E4B-8E38-E47D1DB69C28} = {77120237-85FB-4E3C-8DA3-712F1024D2BC}
		{7A589E90-71E6-4B62-ABA0-D40EB57CF213} = {77120237-85FB-4E3C-8DA3-712F1024D2BC}
		{BB271FB3-AFB9-4998-8557-ED9613102E38} = {77120237-85FB-4E3C-8DA3-712F1024D2BC}
		{4994EDF6-D505-4D66-80F0-9C7E7759C8E2} = {0732EAC4-CE73-4E08-8D99-81C4701F111E}
		{7B984067-D2A2-40AE-8C2F-9985D4DB0DDF} = {9FD02A5E-F9B2-491A-B859-30216A506C8A}
		{2575A962-5EB5-4DD6-9A91-E8E541259C01} = {9FD02A5E-F9B2-491A-B859-30216A506C8A}
		{3ABD9AB4-53FD-4F39-9226-4F778695FD91} = {9FD02A5E-F9B2-491A-B859-30216A506C8A}
		{C3C74B5C-BA8F-4458-8FF9-6FDFDFC9F270} = {9FD02A5E-F9B2-491A-B859-30216A506C8A}
		{3299A2A6-A61C-486E-A642-E177DA0FC754} = {9FD02A5E-F9B2-491A-B859-30216A506C8A}
		{AF2B66D8-A580-4B87-9B1F-5B2CE99AFC25} = {7B984067-D2A2-40AE-8C2F-9985D4DB0DDF}
		{B1618CC5-A581-42BB-ADBB-C6245FC91664} = {2575A962-5EB5-4DD6-9A91-E8E541259C01}
		{0B31B46E-F378-42D6-9BD2-2D288E3EE7F4} = {2575A962-5EB5-4DD6-9A91-E8E541259C01}
		{06A55C2C-DBE9-4CFA-8FA1-D05EB0D5582E} = {2575A962-5EB5-4DD6-9A91-E8E541259C01}
		{64B351F2-AE9A-4CEE-804A-DD1B601DD5EB} = {2575A962-5EB5-4DD6-9A91-E8E541259C01}
		{253B9C1D-861C-4BC8-A923-0E46309BF0B2} = {2575A962-5EB5-4DD6-9A91-E8E541259C01}
		{5E55266B-29C7-402B-B5A0-538825248264} = {2575A962-5EB5-4DD6-9A91-E8E541259C01}
		{EE48BD42-08AE-435B-8F16-913A4334FE94} = {2575A962-5EB5-4DD6-9A91-E8E541259C01}
		{A9DAA73D-FE45-4DD0-9CB7-B7892A3DB024} = {2575A962-5EB5-4DD6-9A91-E8E541259C01}
		{3F2FE187-564C-452F-A3B5-55DAC3A0937F} = {2575A962-5EB5-4DD6-9A91-E8E541259C01}
		{AE7C5D0D-DCC6-4D06-9906-922ACB3B09AF} = {3ABD9AB4-53FD-4F39-9226-4F778695FD91}
		{AB0BE2FA-2F73-4E0E-9DFC-8FA70A6303C4} = {3ABD9AB4-53FD-4F39-9226-4F778695FD91}
		{98AB5D6C-CDA3-427D-A895-93C448F62E37} = {3ABD9AB4-53FD-4F39-9226-4F778695FD91}
		{EAFCF7B1-119E-4FAC-8B16-855F72A28262} = {3ABD9AB4-53FD-4F39-9226-4F778695FD91}
		{50CCA2EB-00A6-4A80-BF6F-9581B444A778} = {3ABD9AB4-53FD-4F39-9226-4F778695FD91}
		{EA3C9176-FDAC-445F-ABE8-D2648A007DEF} = {3ABD9AB4-53FD-4F39-9226-4F778695FD91}
		{3CF4EF7E-34BD-415F-ACD4-091405132084} = {AE7C5D0D-DCC6-4D06-9906-922ACB3B09AF}
		{2EF85215-74EA-40D9-BDB2-59AC50B8AA3B} = {AB0BE2FA-2F73-4E0E-9DFC-8FA70A6303C4}
		{BD266EB4-BF49-407C-956F-0E4EF94491AA} = {AB0BE2FA-2F73-4E0E-9DFC-8FA70A6303C4}
		{A3534D51-572C-4811-868E-ED4DC7D91738} = {AB0BE2FA-2F73-4E0E-9DFC-8FA70A6303C4}
		{60520FE8-9C3E-4F13-819B-9721068C1F95} = {AB0BE2FA-2F73-4E0E-9DFC-8FA70A6303C4}
		{FF194CD7-12E6-4669-8A4A-8C235D8BB7A7} = {AB0BE2FA-2F73-4E0E-9DFC-8FA70A6303C4}
		{0D0CAAD4-AFE7-4A46-9E21-9AA06FF9DA25} = {AB0BE2FA-2F73-4E0E-9DFC-8FA70A6303C4}
		{03119C98-BF14-4085-AE37-E7FF08241A99} = {AB0BE2FA-2F73-4E0E-9DFC-8FA70A6303C4}
		{212927A9-AA19-4400-A506-B012451220C3} = {AB0BE2FA-2F73-4E0E-9DFC-8FA70A6303C4}
		{CEBEA7B8-D59A-472A-8971-7F89A2DA61A5} = {AB0BE2FA-2F73-4E0E-9DFC-8FA70A6303C4}
		{F3DAB45D-1224-4799-9F6C-2A14B4F4A2B5} = {AB0BE2FA-2F73-4E0E-9DFC-8FA70A6303C4}
		{310A7C1C-ABB9-4433-9A58-7D5FBB841B22} = {AB0BE2FA-2F73-4E0E-9DFC-8FA70A6303C4}
		{A82D4BBD-179F-4A5F-8C9B-23EB5D73492B} = {98AB5D6C-CDA3-427D-A895-93C448F62E37}
		{5CF61D17-D5A3-4E55-BA85-6FA8A68105BD} = {98AB5D6C-CDA3-427D-A895-93C448F62E37}
		{7C3302BE-6A99-487E-9781-670CD9AD9F47} = {98AB5D6C-CDA3-427D-A895-93C448F62E37}
		{B9312C5B-BD69-4843-81CB-5784EC29EEF3} = {EAFCF7B1-119E-4FAC-8B16-855F72A28262}
		{70D5F590-CBC5-4056-99FD-DD31B69C99C2} = {EAFCF7B1-119E-4FAC-8B16-855F72A28262}
		{4EC6AA2D-DA54-46E2-AEAC-0D1B16BE3797} = {EAFCF7B1-119E-4FAC-8B16-855F72A28262}
		{CA133D2A-0B6A-4FE5-A38A-5BCFDE5051D2} = {EAFCF7B1-119E-4FAC-8B16-855F72A28262}
		{D155A077-3D5A-4043-B5D4-BA678F8233AC} = {EAFCF7B1-119E-4FAC-8B16-855F72A28262}
		{882A1D8E-4A67-440B-A104-5FA7C2FB2D60} = {EAFCF7B1-119E-4FAC-8B16-855F72A28262}
		{CF72BD07-5FF9-4304-B3B5-64A8D1A8A65B} = {EAFCF7B1-119E-4FAC-8B16-855F72A28262}
		{29384192-2466-4DA6-B3E2-666DE97FFF28} = {EAFCF7B1-119E-4FAC-8B16-855F72A28262}
		{85736044-7A89-499D-96FD-33FE07D7755E} = {50CCA2EB-00A6-4A80-BF6F-9581B444A778}
		{7F7EA1C8-0342-4371-93AF-5EE075BCC049} = {50CCA2EB-00A6-4A80-BF6F-9581B444A778}
		{57E2B989-5433-4DEE-9181-70B97671D2DD} = {50CCA2EB-00A6-4A80-BF6F-9581B444A778}
		{D5C29F91-DBC0-438A-96E4-D4E5DB76F226} = {EA3C9176-FDAC-445F-ABE8-D2648A007DEF}
		{EA319B7D-54DF-4D13-BA9A-87849A3EF4A5} = {EA3C9176-FDAC-445F-ABE8-D2648A007DEF}
		{BD95B176-20FE-4580-B246-2F7BF989E15F} = {EA3C9176-FDAC-445F-ABE8-D2648A007DEF}
		{F4F7C1DD-FA18-4A62-8E72-9907C7DF547A} = {EA3C9176-FDAC-445F-ABE8-D2648A007DEF}
		{1EB2BFC4-A438-43BD-AC7D-674836DAF41D} = {EA3C9176-FDAC-445F-ABE8-D2648A007DEF}
		{284216E1-A28E-4A95-B649-F82D9E6511B4} = {EA3C9176-FDAC-445F-ABE8-D2648A007DEF}
		{8A2085F5-6F95-4666-81E8-E4DBFF02EFB2} = {EA3C9176-FDAC-445F-ABE8-D2648A007DEF}
		{FDE7B38D-0336-4868-9DBA-06E267E0F703} = {0732EAC4-CE73-4E08-8D99-81C4701F111E}
		{5D6E649A-65D5-4C74-B808-1873136C48A8} = {FDE7B38D-0336-4868-9DBA-06E267E0F703}
		{6D0F850E-6586-4D7F-9DAE-CE205C27F256} = {FDE7B38D-0336-4868-9DBA-06E267E0F703}
	EndGlobalSection
	GlobalSection(ExtensibilityGlobals) = postSolution
		SolutionGuid = {5057C2CE-5C8D-414F-9703-0699AAFFD2C1}
	EndGlobalSection
EndGlobal
