<Solution>
  <Configurations>
    <Platform Name="Any CPU" />
    <Platform Name="ARM" />
    <Platform Name="iPhone" />
    <Platform Name="iPhoneSimulator" />
    <Platform Name="x64" />
    <Platform Name="x86" />
  </Configurations>
  <Folder Name="/API/">
    <Project Path="API/Treehopper.Desktop/Treehopper.Desktop.csproj" />
    <Project Path="API/Treehopper.Firmware/Treehopper.Firmware.csproj" />
    <Project Path="API/Treehopper.Libraries/Treehopper.Libraries.csproj" />
    <Project Path="API/Treehopper/Treehopper.csproj" />
  </Folder>
  <Folder Name="/Apps/">
    <Project Path="Apps/FirmwareUpdate/FirmwareUpdate.csproj" />
    <Project Path="Apps/Sandbox/Sandbox.csproj" />
  </Folder>
  <Folder Name="/Demos/" />
  <Folder Name="/Demos/Console/">
    <Project Path="Demos/Console/Blink/Blink.csproj" />
    <Project Path="Demos/Console/AnalogRead/AnalogRead.csproj" />
    <Project Path="Demos/Console/DigitalRead/DigitalRead.csproj" />
    <Project Path="Demos/Console/I2cDeviceScanner/I2cDeviceScanner.csproj" />
    <Project Path="Demos/Console/OneWire/OneWireScan.csproj" />
    <Project Path="Demos/Console/PwmFade/Pwm.csproj" />
    <Project Path="Demos/Console/SoftPwm/SoftPwm.csproj" />
  </Folder>
  <Folder Name="/Demos/Libraries/" />
  <Folder Name="/Demos/Libraries/Displays/">
    <Project Path="Demos/Libraries/Displays/Apa102Demo/Apa102Demo.csproj" />
    <Project Path="Demos/Libraries/Displays/CharacterLcd16x2Gpio/CharacterLcd16x2Gpio.csproj" />
    <Project Path="Demos/Libraries/Displays/CharacterLcd16x2Pcf8574/CharacterLcd20x4Pcf8574.csproj" />
    <Project Path="Demos/Libraries/Displays/Dm632/Dm632.csproj" />
    <Project Path="Demos/Libraries/Displays/Ht16k33Demo/Ht16k33Demo.csproj" />
    <Project Path="Demos/Libraries/Displays/Is31Fl3218/Is31Fl3218.csproj" />
    <Project Path="Demos/Libraries/Displays/LedShiftRegister/LedShiftRegister.csproj" />
    <Project Path="Demos/Libraries/Displays/Max7219PixelDisplay/Max7219PixelDisplay.csproj" />
    <Project Path="Demos/Libraries/Displays/Max7219SevenSeg/Max7219SevenSeg.csproj" />
    <Project Path="Demos/Libraries/Displays/Ssd1306Oled128x32/Ssd1306Oled128x32.csproj" />
    <Project Path="Demos/Libraries/Displays/Tm1650SevenSeg/Tm1650SevenSeg.csproj" />
  </Folder>
  <Folder Name="/Demos/Libraries/Input/">
    <Project Path="Demos/Libraries/Input/RotaryEncoder/RotaryEncoder.csproj" />
    <Project Path="Demos/Libraries/Input/SuperNesDemo/SuperNesDemo.csproj" />
    <Project Path="Demos/Libraries/Input/WiiNunchukDemo/WiiNunchukDemo.csproj" />
  </Folder>
  <Folder Name="/Demos/Libraries/Interface/">
    <Project Path="Demos/Libraries/Interface/AdcDemo/AdcDemo.csproj" />
    <Project Path="Demos/Libraries/Interface/DacDemo/DacDemo.csproj" />
    <Project Path="Demos/Libraries/Interface/I2cAnalogMux/I2cAnalogMux.csproj" />
    <Project Path="Demos/Libraries/Interface/Ltc2305/Ltc2305.csproj" />
    <Project Path="Demos/Libraries/Interface/Mcp23008Demo/Mcp23008Demo.csproj" />
    <Project Path="Demos/Libraries/Interface/Pca9685/Pca9685.csproj" />
    <Project Path="Demos/Libraries/Interface/Sn74hc166/Sn74hc166.csproj" />
    <Project Path="Demos/Libraries/Interface/Sn74Hc595/Sn74hc595.csproj"/>
  </Folder>
  <Folder Name="/Demos/Libraries/Motors/">
    <Project Path="Demos/Libraries/Motors/Amis30624/Amis30624.csproj" />
    <Project Path="Demos/Libraries/Motors/HobbyServo/HobbyServo.csproj" />
    <Project Path="Demos/Libraries/Motors/MotorizedFader/MotorizedFader.csproj" />
  </Folder>
  <Folder Name="/Demos/Libraries/Sensors/">
    <Project Path="Demos/Libraries/Sensors/BarometricPressure/BarometricPressure.csproj" />
    <Project Path="Demos/Libraries/Sensors/Ds18b20/Ds18b20.csproj" />
    <Project Path="Demos/Libraries/Sensors/HMC5883Demo/HMC5883Demo.csproj" />
    <Project Path="Demos/Libraries/Sensors/ImuVisualizer/ImuVisualizer.csproj" />
    <Project Path="Demos/Libraries/Sensors/Mlx90615/Mlx90615.csproj" />
    <Project Path="Demos/Libraries/Sensors/Mpu9250/Mpu9250.csproj" />
    <Project Path="Demos/Libraries/Sensors/RgbColorSensor/RgbColorSensor.csproj" />
    <Project Path="Demos/Libraries/Sensors/Temperature/Temperature.csproj" />
  </Folder>
</Solution>
